{
  "version": 4,
  "terraform_version": "1.3.6",
  "serial": 1894,
  "lineage": "69d03b53-2014-e41d-48a1-827b5a5e2888",
  "outputs": {
    "ext_lb_url": {
      "value": "http://34.171.48.108",
      "type": "string"
    },
    "google_compute_zones": {
      "value": "us-central1-a",
      "type": "string"
    },
    "project_id": {
      "value": "tf-gcp-interview-373822",
      "type": "string"
    },
    "region": {
      "value": "us-central1",
      "type": "string"
    },
    "spoke_vm_image": {
      "value": "https://www.googleapis.com/compute/v1/projects/panw-gcp-team-testing/global/images/ubuntu-2004-lts-apache",
      "type": "string"
    },
    "spoke_vm_scopes": {
      "value": [
        "https://www.googleapis.com/auth/cloud.useraccounts.readonly",
        "https://www.googleapis.com/auth/devstorage.read_only",
        "https://www.googleapis.com/auth/logging.write",
        "https://www.googleapis.com/auth/monitoring.write"
      ],
      "type": [
        "list",
        "string"
      ]
    },
    "spoke_vm_type": {
      "value": "f1-micro",
      "type": "string"
    },
    "spoke_vm_user": {
      "value": "paloalto",
      "type": "string"
    },
    "ss_subnets_self_links0": {
      "value": "https://www.googleapis.com/compute/v1/projects/tf-gcp-interview-373822/regions/us-central1/subnetworks/us-central1-ss",
      "type": "string"
    },
    "ssh_to_spoke2": {
      "value": "ssh paloalto@35.184.33.200",
      "type": "string"
    },
    "vault_server_external": {
      "value": "http://104.154.173.151:8200",
      "type": "string"
    },
    "vmseries01_access": {
      "value": "130.211.114.78",
      "type": "string"
    },
    "vmseries02_access": {
      "value": "34.172.133.216",
      "type": "string"
    },
    "vpc_spoke1_network_id": {
      "value": "projects/tf-gcp-interview-373822/global/networks/spoke1-vpc",
      "type": "string"
    }
  },
  "resources": [
    {
      "mode": "data",
      "type": "google_client_config",
      "name": "main",
      "provider": "provider[\"registry.terraform.io/hashicorp/google\"]",
      "instances": [
        {
          "schema_version": 0,
          "attributes": {
            "access_token": "ya29.c.b0AT7lpjBY_Yh6f9T3DsO97ktfue8Sfy3zFng_xShqL1GMDPobRqd5OPZRwjR925n9-3FuIQlKHF-JXGhtTCBuuILiCzvHcCag7D7qbtHbNw4uFBIViz9wxKh1C0WK6_E3j7zOJptvZCYUgc_zhm4UHMKCi5LfAhXhAyTtRycRs9bEOhoba-qdCVDHuR1dud4Sa2ba-wXAmOrCRLsK8e4DwRwMPsvluEiXJrAKzqypkTc............................................................................................................................................................................................................................................................................................................................................................................................................................................................................................................................................................................................................................................................................................................................................................................................................",
            "id": "projects/tf-gcp-interview-373822/regions/us-central1/zones/",
            "project": "tf-gcp-interview-373822",
            "region": "us-central1",
            "zone": ""
          },
          "sensitive_attributes": []
        }
      ]
    },
    {
      "mode": "data",
      "type": "google_compute_zones",
      "name": "main",
      "provider": "provider[\"registry.terraform.io/hashicorp/google\"]",
      "instances": [
        {
          "schema_version": 0,
          "attributes": {
            "id": "projects/tf-gcp-interview-373822/regions/us-central1",
            "names": [
              "us-central1-a",
              "us-central1-b",
              "us-central1-c",
              "us-central1-f"
            ],
            "project": "tf-gcp-interview-373822",
            "region": "us-central1",
            "status": null
          },
          "sensitive_attributes": []
        }
      ]
    },
    {
      "mode": "managed",
      "type": "google_compute_address",
      "name": "vault_external_ip",
      "provider": "provider[\"registry.terraform.io/hashicorp/google\"]",
      "instances": [
        {
          "schema_version": 0,
          "attributes": {
            "address": "104.154.173.151",
            "address_type": "EXTERNAL",
            "creation_timestamp": "2023-01-11T08:53:51.689-08:00",
            "description": "",
            "id": "projects/tf-gcp-interview-373822/regions/us-central1/addresses/my-vault-static-ip-address",
            "name": "my-vault-static-ip-address",
            "network": "",
            "network_tier": "PREMIUM",
            "prefix_length": 0,
            "project": "tf-gcp-interview-373822",
            "purpose": "",
            "region": "us-central1",
            "self_link": "https://www.googleapis.com/compute/v1/projects/tf-gcp-interview-373822/regions/us-central1/addresses/my-vault-static-ip-address",
            "subnetwork": "",
            "timeouts": null,
            "users": [
              "https://www.googleapis.com/compute/v1/projects/tf-gcp-interview-373822/zones/us-central1-a/instances/vault-vm"
            ]
          },
          "sensitive_attributes": [],
          "private": "eyJlMmJmYjczMC1lY2FhLTExZTYtOGY4OC0zNDM2M2JjN2M0YzAiOnsiY3JlYXRlIjoyNDAwMDAwMDAwMDAsImRlbGV0ZSI6MjQwMDAwMDAwMDAwfX0="
        }
      ]
    },
    {
      "mode": "managed",
      "type": "google_compute_instance",
      "name": "vault_vm1",
      "provider": "provider[\"registry.terraform.io/hashicorp/google\"]",
      "instances": [
        {
          "schema_version": 6,
          "attributes": {
            "advanced_machine_features": [],
            "allow_stopping_for_update": true,
            "attached_disk": [],
            "boot_disk": [
              {
                "auto_delete": true,
                "device_name": "persistent-disk-0",
                "disk_encryption_key_raw": "",
                "disk_encryption_key_sha256": "",
                "initialize_params": [
                  {
                    "image": "https://www.googleapis.com/compute/v1/projects/panw-gcp-team-testing/global/images/ubuntu-2004-lts-apache",
                    "labels": {},
                    "size": 10,
                    "type": "pd-standard"
                  }
                ],
                "kms_key_self_link": "",
                "mode": "READ_WRITE",
                "source": "https://www.googleapis.com/compute/v1/projects/tf-gcp-interview-373822/zones/us-central1-a/disks/vault-vm"
              }
            ],
            "can_ip_forward": false,
            "confidential_instance_config": [],
            "cpu_platform": "Intel Haswell",
            "current_status": "RUNNING",
            "deletion_protection": false,
            "description": "",
            "desired_status": null,
            "enable_display": false,
            "guest_accelerator": [],
            "hostname": "",
            "id": "projects/tf-gcp-interview-373822/zones/us-central1-a/instances/vault-vm",
            "instance_id": "7522957653901006661",
            "label_fingerprint": "42WmSpB8rSM=",
            "labels": {},
            "machine_type": "f1-micro",
            "metadata": {
              "serial-port-enable": "true",
              "ssh-keys": "paloalto:ssh-rsa AAAAB3NzaC1yc2EAAAADAQABAAABgQDcZhZaIxYmbBWvkUWUW9UL1HpsXicUxHirmBtiRZPYlJMBqt1CPmAhZJPhnF1HBE+6IfdiKb4y0eXW/KmOL++VZ+GpCzEzLuW443NJoirTGH7tQSAH3X2puurdvhS1ySidYAetSPBkr3dfIh5FazB1WwztDBwdqy8ku3+jjf5D6BckeW6HyulTNf4ZbM517pc34Awe2N+Q1KsYoll3UbsAf1UB0okujxMnTZJ+rrfOCGnfhN1+0yxfruSY9Gt7ttU8/XCZzoCo0sPUSHjQYiPFn9GAeNmE1Hdw3kycTSO1Qyb54DEn3/1KEnjWxAb8spBzFkZ5oQIumlFUnRYsx+zyTfeE2of+rmVt4Vn5zB6SNpFz3ApNdngP4qLOmDiNwWN7Alqu5JmXi5tQTmwgkuWkxYZntst4vGpLGRm8yRxo7H2iBCP/TsN0vUHJMx2XL9hJVCtGNF62/5t+UwTAqqqhFvWCEqrT2CKBDT+hA+uOk2M+2y34KwZ+W1WiEl5H3t0= gcp-demo\n"
            },
            "metadata_fingerprint": "qGL1_rrtQ8c=",
            "metadata_startup_script": "#!/bin/bash\nlocal_ipv4=\"$(curl -s http://169.254.169.254/latest/meta-data/local-ipv4)\"\n\napt-get update -y\napt-get install -y docker.io\nsnap install vault\n\ncurl -L \"https://github.com/docker/compose/releases/download/1.24.1/docker-compose-$(uname -s)-$(uname -m)\" -o /usr/local/bin/docker-compose\nchmod +x /usr/local/bin/docker-compose\n\ncat \u003c\u003c EOF \u003e /etc/profile.d/vault.sh\nexport VAULT_ADDR=http://127.0.0.1:8200\nexport VAULT_TOKEN=root\nEOF\n\ncat \u003c\u003c-EOF \u003e /docker-compose.yml\nversion: '3'\nservices:\n  vault:\n    container_name: vault\n    network_mode: host\n    restart: always\n    image: vault\n    environment:\n      - VAULT_DEV_ROOT_TOKEN_ID=root\nEOF\n\n/usr/local/bin/docker-compose up -d\n\n",
            "min_cpu_platform": "",
            "name": "vault-vm",
            "network_interface": [
              {
                "access_config": [
                  {
                    "nat_ip": "104.154.173.151",
                    "network_tier": "PREMIUM",
                    "public_ptr_domain_name": ""
                  }
                ],
                "alias_ip_range": [],
                "ipv6_access_config": [],
                "ipv6_access_type": "",
                "name": "nic0",
                "network": "https://www.googleapis.com/compute/v1/projects/tf-gcp-interview-373822/global/networks/ss-vpc",
                "network_ip": "10.5.0.60",
                "nic_type": "",
                "stack_type": "IPV4_ONLY",
                "subnetwork": "https://www.googleapis.com/compute/v1/projects/tf-gcp-interview-373822/regions/us-central1/subnetworks/us-central1-ss",
                "subnetwork_project": "tf-gcp-interview-373822"
              }
            ],
            "project": "tf-gcp-interview-373822",
            "reservation_affinity": [],
            "resource_policies": [],
            "scheduling": [
              {
                "automatic_restart": true,
                "min_node_cpus": 0,
                "node_affinities": [],
                "on_host_maintenance": "MIGRATE",
                "preemptible": false
              }
            ],
            "scratch_disk": [],
            "self_link": "https://www.googleapis.com/compute/v1/projects/tf-gcp-interview-373822/zones/us-central1-a/instances/vault-vm",
            "service_account": [
              {
                "email": "999098630472-compute@developer.gserviceaccount.com",
                "scopes": [
                  "https://www.googleapis.com/auth/cloud.useraccounts.readonly",
                  "https://www.googleapis.com/auth/devstorage.read_only",
                  "https://www.googleapis.com/auth/logging.write",
                  "https://www.googleapis.com/auth/monitoring.write"
                ]
              }
            ],
            "shielded_instance_config": [
              {
                "enable_integrity_monitoring": true,
                "enable_secure_boot": false,
                "enable_vtpm": true
              }
            ],
            "tags": [],
            "tags_fingerprint": "42WmSpB8rSM=",
            "timeouts": null,
            "zone": "us-central1-a"
          },
          "sensitive_attributes": [],
          "private": "eyJlMmJmYjczMC1lY2FhLTExZTYtOGY4OC0zNDM2M2JjN2M0YzAiOnsiY3JlYXRlIjoxMjAwMDAwMDAwMDAwLCJkZWxldGUiOjEyMDAwMDAwMDAwMDAsInVwZGF0ZSI6MTIwMDAwMDAwMDAwMH0sInNjaGVtYV92ZXJzaW9uIjoiNiJ9",
          "dependencies": [
            "data.google_client_config.main",
            "data.google_compute_zones.main",
            "google_compute_address.vault_external_ip"
          ]
        }
      ]
    },
    {
      "mode": "managed",
      "type": "random_string",
      "name": "main",
      "provider": "provider[\"registry.terraform.io/hashicorp/random\"]",
      "instances": [
        {
          "schema_version": 2,
          "attributes": {
            "id": "unonk",
            "keepers": null,
            "length": 5,
            "lower": true,
            "min_lower": 5,
            "min_numeric": 0,
            "min_special": 0,
            "min_upper": 0,
            "number": true,
            "numeric": true,
            "override_special": null,
            "result": "unonk",
            "special": false,
            "upper": true
          },
          "sensitive_attributes": []
        }
      ]
    },
    {
      "module": "module.bootstrap",
      "mode": "data",
      "type": "google_compute_default_service_account",
      "name": "this",
      "provider": "provider[\"registry.terraform.io/hashicorp/google\"]",
      "instances": [
        {
          "schema_version": 0,
          "attributes": {
            "display_name": "Compute Engine default service account",
            "email": "999098630472-compute@developer.gserviceaccount.com",
            "id": "projects/tf-gcp-interview-373822/serviceAccounts/999098630472-compute@developer.gserviceaccount.com",
            "name": "projects/tf-gcp-interview-373822/serviceAccounts/999098630472-compute@developer.gserviceaccount.com",
            "project": "tf-gcp-interview-373822",
            "unique_id": "113654925152751660790"
          },
          "sensitive_attributes": []
        }
      ]
    },
    {
      "module": "module.bootstrap",
      "mode": "managed",
      "type": "google_storage_bucket",
      "name": "this",
      "provider": "provider[\"registry.terraform.io/hashicorp/google\"]",
      "instances": [
        {
          "schema_version": 0,
          "attributes": {
            "bucket_policy_only": true,
            "cors": [],
            "default_event_based_hold": false,
            "encryption": [],
            "force_destroy": true,
            "id": "paloaltonetworks-firewall-bootstrap-kchxiwzyov",
            "labels": {},
            "lifecycle_rule": [],
            "location": "US",
            "logging": [],
            "name": "paloaltonetworks-firewall-bootstrap-kchxiwzyov",
            "project": "tf-gcp-interview-373822",
            "requester_pays": false,
            "retention_policy": [],
            "self_link": "https://www.googleapis.com/storage/v1/b/paloaltonetworks-firewall-bootstrap-kchxiwzyov",
            "storage_class": "STANDARD",
            "uniform_bucket_level_access": true,
            "url": "gs://paloaltonetworks-firewall-bootstrap-kchxiwzyov",
            "versioning": [],
            "website": []
          },
          "sensitive_attributes": [],
          "private": "bnVsbA==",
          "dependencies": [
            "module.bootstrap.random_string.randomstring"
          ]
        }
      ]
    },
    {
      "module": "module.bootstrap",
      "mode": "managed",
      "type": "google_storage_bucket_iam_member",
      "name": "member",
      "provider": "provider[\"registry.terraform.io/hashicorp/google\"]",
      "instances": [
        {
          "schema_version": 0,
          "attributes": {
            "bucket": "b/paloaltonetworks-firewall-bootstrap-kchxiwzyov",
            "condition": [],
            "etag": "CAI=",
            "id": "b/paloaltonetworks-firewall-bootstrap-kchxiwzyov/roles/storage.objectViewer/serviceAccount:vmseries-sa@tf-gcp-interview-373822.iam.gserviceaccount.com",
            "member": "serviceAccount:vmseries-sa@tf-gcp-interview-373822.iam.gserviceaccount.com",
            "role": "roles/storage.objectViewer"
          },
          "sensitive_attributes": [],
          "private": "bnVsbA==",
          "dependencies": [
            "module.bootstrap.data.google_compute_default_service_account.this",
            "module.bootstrap.google_storage_bucket.this",
            "module.bootstrap.random_string.randomstring",
            "module.iam_service_account.google_service_account.this"
          ]
        }
      ]
    },
    {
      "module": "module.bootstrap",
      "mode": "managed",
      "type": "google_storage_bucket_object",
      "name": "content_empty",
      "provider": "provider[\"registry.terraform.io/hashicorp/google\"]",
      "instances": [
        {
          "index_key": 0,
          "schema_version": 0,
          "attributes": {
            "bucket": "paloaltonetworks-firewall-bootstrap-kchxiwzyov",
            "cache_control": "",
            "content": "content/",
            "content_disposition": "",
            "content_encoding": "",
            "content_language": "",
            "content_type": "text/plain; charset=utf-8",
            "crc32c": "DwH0mw==",
            "customer_encryption": [],
            "detect_md5hash": "nAaaIzbP1EZJbCUljoSJBA==",
            "event_based_hold": false,
            "id": "paloaltonetworks-firewall-bootstrap-kchxiwzyov-content/",
            "kms_key_name": "",
            "md5hash": "nAaaIzbP1EZJbCUljoSJBA==",
            "media_link": "https://storage.googleapis.com/download/storage/v1/b/paloaltonetworks-firewall-bootstrap-kchxiwzyov/o/content%2F?generation=1673453017089160\u0026alt=media",
            "metadata": {},
            "name": "content/",
            "output_name": "content/",
            "self_link": "https://www.googleapis.com/storage/v1/b/paloaltonetworks-firewall-bootstrap-kchxiwzyov/o/content%2F",
            "source": null,
            "storage_class": "STANDARD",
            "temporary_hold": false,
            "timeouts": null
          },
          "sensitive_attributes": [],
          "private": "eyJlMmJmYjczMC1lY2FhLTExZTYtOGY4OC0zNDM2M2JjN2M0YzAiOnsiY3JlYXRlIjoyNDAwMDAwMDAwMDAsImRlbGV0ZSI6MjQwMDAwMDAwMDAwLCJ1cGRhdGUiOjI0MDAwMDAwMDAwMH19",
          "dependencies": [
            "module.bootstrap.google_storage_bucket.this",
            "module.bootstrap.random_string.randomstring"
          ]
        }
      ]
    },
    {
      "module": "module.bootstrap",
      "mode": "managed",
      "type": "google_storage_bucket_object",
      "name": "file",
      "provider": "provider[\"registry.terraform.io/hashicorp/google\"]",
      "instances": [
        {
          "index_key": "./bootstrap_files/bootstrap.xml.sample",
          "schema_version": 0,
          "attributes": {
            "bucket": "paloaltonetworks-firewall-bootstrap-kchxiwzyov",
            "cache_control": "",
            "content": null,
            "content_disposition": "",
            "content_encoding": "",
            "content_language": "",
            "content_type": "text/xml; charset=utf-8",
            "crc32c": "lCCRKA==",
            "customer_encryption": [],
            "detect_md5hash": "KcQYc5p2MKWcW2jrDh/fsA==",
            "event_based_hold": false,
            "id": "paloaltonetworks-firewall-bootstrap-kchxiwzyov-config/bootstrap.xml",
            "kms_key_name": "",
            "md5hash": "KcQYc5p2MKWcW2jrDh/fsA==",
            "media_link": "https://storage.googleapis.com/download/storage/v1/b/paloaltonetworks-firewall-bootstrap-kchxiwzyov/o/config%2Fbootstrap.xml?generation=1673453017694247\u0026alt=media",
            "metadata": {},
            "name": "config/bootstrap.xml",
            "output_name": "config/bootstrap.xml",
            "self_link": "https://www.googleapis.com/storage/v1/b/paloaltonetworks-firewall-bootstrap-kchxiwzyov/o/config%2Fbootstrap.xml",
            "source": "./bootstrap_files/bootstrap.xml.sample",
            "storage_class": "STANDARD",
            "temporary_hold": false,
            "timeouts": null
          },
          "sensitive_attributes": [],
          "private": "eyJlMmJmYjczMC1lY2FhLTExZTYtOGY4OC0zNDM2M2JjN2M0YzAiOnsiY3JlYXRlIjoyNDAwMDAwMDAwMDAsImRlbGV0ZSI6MjQwMDAwMDAwMDAwLCJ1cGRhdGUiOjI0MDAwMDAwMDAwMH19",
          "dependencies": [
            "module.bootstrap.google_storage_bucket.this",
            "module.bootstrap.random_string.randomstring"
          ]
        },
        {
          "index_key": "./bootstrap_files/init-cfg.txt.sample",
          "schema_version": 0,
          "attributes": {
            "bucket": "paloaltonetworks-firewall-bootstrap-kchxiwzyov",
            "cache_control": "",
            "content": null,
            "content_disposition": "",
            "content_encoding": "",
            "content_language": "",
            "content_type": "text/plain; charset=utf-8",
            "crc32c": "xrPd3w==",
            "customer_encryption": [],
            "detect_md5hash": "EB4Eqevy3a96sI1laWFoqg==",
            "event_based_hold": false,
            "id": "paloaltonetworks-firewall-bootstrap-kchxiwzyov-config/init-cfg.txt",
            "kms_key_name": "",
            "md5hash": "EB4Eqevy3a96sI1laWFoqg==",
            "media_link": "https://storage.googleapis.com/download/storage/v1/b/paloaltonetworks-firewall-bootstrap-kchxiwzyov/o/config%2Finit-cfg.txt?generation=1673453017389685\u0026alt=media",
            "metadata": {},
            "name": "config/init-cfg.txt",
            "output_name": "config/init-cfg.txt",
            "self_link": "https://www.googleapis.com/storage/v1/b/paloaltonetworks-firewall-bootstrap-kchxiwzyov/o/config%2Finit-cfg.txt",
            "source": "./bootstrap_files/init-cfg.txt.sample",
            "storage_class": "STANDARD",
            "temporary_hold": false,
            "timeouts": null
          },
          "sensitive_attributes": [],
          "private": "eyJlMmJmYjczMC1lY2FhLTExZTYtOGY4OC0zNDM2M2JjN2M0YzAiOnsiY3JlYXRlIjoyNDAwMDAwMDAwMDAsImRlbGV0ZSI6MjQwMDAwMDAwMDAwLCJ1cGRhdGUiOjI0MDAwMDAwMDAwMH19",
          "dependencies": [
            "module.bootstrap.google_storage_bucket.this",
            "module.bootstrap.random_string.randomstring"
          ]
        }
      ]
    },
    {
      "module": "module.bootstrap",
      "mode": "managed",
      "type": "google_storage_bucket_object",
      "name": "license_empty",
      "provider": "provider[\"registry.terraform.io/hashicorp/google\"]",
      "instances": [
        {
          "index_key": 0,
          "schema_version": 0,
          "attributes": {
            "bucket": "paloaltonetworks-firewall-bootstrap-kchxiwzyov",
            "cache_control": "",
            "content": "license/",
            "content_disposition": "",
            "content_encoding": "",
            "content_language": "",
            "content_type": "text/plain; charset=utf-8",
            "crc32c": "gxjVCA==",
            "customer_encryption": [],
            "detect_md5hash": "4SefAws5eOno0XEEWmDisQ==",
            "event_based_hold": false,
            "id": "paloaltonetworks-firewall-bootstrap-kchxiwzyov-license/",
            "kms_key_name": "",
            "md5hash": "4SefAws5eOno0XEEWmDisQ==",
            "media_link": "https://storage.googleapis.com/download/storage/v1/b/paloaltonetworks-firewall-bootstrap-kchxiwzyov/o/license%2F?generation=1673453017300417\u0026alt=media",
            "metadata": {},
            "name": "license/",
            "output_name": "license/",
            "self_link": "https://www.googleapis.com/storage/v1/b/paloaltonetworks-firewall-bootstrap-kchxiwzyov/o/license%2F",
            "source": null,
            "storage_class": "STANDARD",
            "temporary_hold": false,
            "timeouts": null
          },
          "sensitive_attributes": [],
          "private": "eyJlMmJmYjczMC1lY2FhLTExZTYtOGY4OC0zNDM2M2JjN2M0YzAiOnsiY3JlYXRlIjoyNDAwMDAwMDAwMDAsImRlbGV0ZSI6MjQwMDAwMDAwMDAwLCJ1cGRhdGUiOjI0MDAwMDAwMDAwMH19",
          "dependencies": [
            "module.bootstrap.google_storage_bucket.this",
            "module.bootstrap.random_string.randomstring"
          ]
        }
      ]
    },
    {
      "module": "module.bootstrap",
      "mode": "managed",
      "type": "google_storage_bucket_object",
      "name": "software_empty",
      "provider": "provider[\"registry.terraform.io/hashicorp/google\"]",
      "instances": [
        {
          "index_key": 0,
          "schema_version": 0,
          "attributes": {
            "bucket": "paloaltonetworks-firewall-bootstrap-kchxiwzyov",
            "cache_control": "",
            "content": "software/",
            "content_disposition": "",
            "content_encoding": "",
            "content_language": "",
            "content_type": "text/plain; charset=utf-8",
            "crc32c": "mGh/HQ==",
            "customer_encryption": [],
            "detect_md5hash": "yPp22Nwbngb/iusxIWCLGw==",
            "event_based_hold": false,
            "id": "paloaltonetworks-firewall-bootstrap-kchxiwzyov-software/",
            "kms_key_name": "",
            "md5hash": "yPp22Nwbngb/iusxIWCLGw==",
            "media_link": "https://storage.googleapis.com/download/storage/v1/b/paloaltonetworks-firewall-bootstrap-kchxiwzyov/o/software%2F?generation=1673453017390982\u0026alt=media",
            "metadata": {},
            "name": "software/",
            "output_name": "software/",
            "self_link": "https://www.googleapis.com/storage/v1/b/paloaltonetworks-firewall-bootstrap-kchxiwzyov/o/software%2F",
            "source": null,
            "storage_class": "STANDARD",
            "temporary_hold": false,
            "timeouts": null
          },
          "sensitive_attributes": [],
          "private": "eyJlMmJmYjczMC1lY2FhLTExZTYtOGY4OC0zNDM2M2JjN2M0YzAiOnsiY3JlYXRlIjoyNDAwMDAwMDAwMDAsImRlbGV0ZSI6MjQwMDAwMDAwMDAwLCJ1cGRhdGUiOjI0MDAwMDAwMDAwMH19",
          "dependencies": [
            "module.bootstrap.google_storage_bucket.this",
            "module.bootstrap.random_string.randomstring"
          ]
        }
      ]
    },
    {
      "module": "module.bootstrap",
      "mode": "managed",
      "type": "random_string",
      "name": "randomstring",
      "provider": "provider[\"registry.terraform.io/hashicorp/random\"]",
      "instances": [
        {
          "schema_version": 2,
          "attributes": {
            "id": "kchxiwzyov",
            "keepers": null,
            "length": 10,
            "lower": true,
            "min_lower": 10,
            "min_numeric": 0,
            "min_special": 0,
            "min_upper": 0,
            "number": true,
            "numeric": true,
            "override_special": null,
            "result": "kchxiwzyov",
            "special": false,
            "upper": true
          },
          "sensitive_attributes": []
        }
      ]
    },
    {
      "module": "module.iam_service_account",
      "mode": "managed",
      "type": "google_project_iam_member",
      "name": "this",
      "provider": "provider[\"registry.terraform.io/hashicorp/google\"]",
      "instances": [
        {
          "index_key": "roles/compute.networkViewer",
          "schema_version": 0,
          "attributes": {
            "condition": [],
            "etag": "BwXx/yTUU/s=",
            "id": "tf-gcp-interview-373822/roles/compute.networkViewer/serviceAccount:vmseries-sa@tf-gcp-interview-373822.iam.gserviceaccount.com",
            "member": "serviceAccount:vmseries-sa@tf-gcp-interview-373822.iam.gserviceaccount.com",
            "project": "tf-gcp-interview-373822",
            "role": "roles/compute.networkViewer"
          },
          "sensitive_attributes": [],
          "private": "bnVsbA==",
          "dependencies": [
            "module.iam_service_account.google_service_account.this"
          ]
        },
        {
          "index_key": "roles/logging.logWriter",
          "schema_version": 0,
          "attributes": {
            "condition": [],
            "etag": "BwXx/yTUU/s=",
            "id": "tf-gcp-interview-373822/roles/logging.logWriter/serviceAccount:vmseries-sa@tf-gcp-interview-373822.iam.gserviceaccount.com",
            "member": "serviceAccount:vmseries-sa@tf-gcp-interview-373822.iam.gserviceaccount.com",
            "project": "tf-gcp-interview-373822",
            "role": "roles/logging.logWriter"
          },
          "sensitive_attributes": [],
          "private": "bnVsbA==",
          "dependencies": [
            "module.iam_service_account.google_service_account.this"
          ]
        },
        {
          "index_key": "roles/monitoring.metricWriter",
          "schema_version": 0,
          "attributes": {
            "condition": [],
            "etag": "BwXx/yTUU/s=",
            "id": "tf-gcp-interview-373822/roles/monitoring.metricWriter/serviceAccount:vmseries-sa@tf-gcp-interview-373822.iam.gserviceaccount.com",
            "member": "serviceAccount:vmseries-sa@tf-gcp-interview-373822.iam.gserviceaccount.com",
            "project": "tf-gcp-interview-373822",
            "role": "roles/monitoring.metricWriter"
          },
          "sensitive_attributes": [],
          "private": "bnVsbA==",
          "dependencies": [
            "module.iam_service_account.google_service_account.this"
          ]
        },
        {
          "index_key": "roles/monitoring.viewer",
          "schema_version": 0,
          "attributes": {
            "condition": [],
            "etag": "BwXx/yTUU/s=",
            "id": "tf-gcp-interview-373822/roles/monitoring.viewer/serviceAccount:vmseries-sa@tf-gcp-interview-373822.iam.gserviceaccount.com",
            "member": "serviceAccount:vmseries-sa@tf-gcp-interview-373822.iam.gserviceaccount.com",
            "project": "tf-gcp-interview-373822",
            "role": "roles/monitoring.viewer"
          },
          "sensitive_attributes": [],
          "private": "bnVsbA==",
          "dependencies": [
            "module.iam_service_account.google_service_account.this"
          ]
        },
        {
          "index_key": "roles/stackdriver.accounts.viewer",
          "schema_version": 0,
          "attributes": {
            "condition": [],
            "etag": "BwXx/yTUU/s=",
            "id": "tf-gcp-interview-373822/roles/stackdriver.accounts.viewer/serviceAccount:vmseries-sa@tf-gcp-interview-373822.iam.gserviceaccount.com",
            "member": "serviceAccount:vmseries-sa@tf-gcp-interview-373822.iam.gserviceaccount.com",
            "project": "tf-gcp-interview-373822",
            "role": "roles/stackdriver.accounts.viewer"
          },
          "sensitive_attributes": [],
          "private": "bnVsbA==",
          "dependencies": [
            "module.iam_service_account.google_service_account.this"
          ]
        },
        {
          "index_key": "roles/stackdriver.resourceMetadata.writer",
          "schema_version": 0,
          "attributes": {
            "condition": [],
            "etag": "BwXx/yTUU/s=",
            "id": "tf-gcp-interview-373822/roles/stackdriver.resourceMetadata.writer/serviceAccount:vmseries-sa@tf-gcp-interview-373822.iam.gserviceaccount.com",
            "member": "serviceAccount:vmseries-sa@tf-gcp-interview-373822.iam.gserviceaccount.com",
            "project": "tf-gcp-interview-373822",
            "role": "roles/stackdriver.resourceMetadata.writer"
          },
          "sensitive_attributes": [],
          "private": "bnVsbA==",
          "dependencies": [
            "module.iam_service_account.google_service_account.this"
          ]
        },
        {
          "index_key": "roles/viewer",
          "schema_version": 0,
          "attributes": {
            "condition": [],
            "etag": "BwXx/yTUU/s=",
            "id": "tf-gcp-interview-373822/roles/viewer/serviceAccount:vmseries-sa@tf-gcp-interview-373822.iam.gserviceaccount.com",
            "member": "serviceAccount:vmseries-sa@tf-gcp-interview-373822.iam.gserviceaccount.com",
            "project": "tf-gcp-interview-373822",
            "role": "roles/viewer"
          },
          "sensitive_attributes": [],
          "private": "bnVsbA==",
          "dependencies": [
            "module.iam_service_account.google_service_account.this"
          ]
        }
      ]
    },
    {
      "module": "module.iam_service_account",
      "mode": "managed",
      "type": "google_service_account",
      "name": "this",
      "provider": "provider[\"registry.terraform.io/hashicorp/google\"]",
      "instances": [
        {
          "schema_version": 0,
          "attributes": {
            "account_id": "vmseries-sa",
            "description": "",
            "disabled": false,
            "display_name": "Palo Alto Networks Firewall Service Account",
            "email": "vmseries-sa@tf-gcp-interview-373822.iam.gserviceaccount.com",
            "id": "projects/tf-gcp-interview-373822/serviceAccounts/vmseries-sa@tf-gcp-interview-373822.iam.gserviceaccount.com",
            "name": "projects/tf-gcp-interview-373822/serviceAccounts/vmseries-sa@tf-gcp-interview-373822.iam.gserviceaccount.com",
            "project": "tf-gcp-interview-373822",
            "timeouts": null,
            "unique_id": "107238049907173984769"
          },
          "sensitive_attributes": [],
          "private": "eyJlMmJmYjczMC1lY2FhLTExZTYtOGY4OC0zNDM2M2JjN2M0YzAiOnsiY3JlYXRlIjozMDAwMDAwMDAwMDB9fQ=="
        }
      ]
    },
    {
      "module": "module.lb_external",
      "mode": "data",
      "type": "google_client_config",
      "name": "this",
      "provider": "provider[\"registry.terraform.io/hashicorp/google\"]",
      "instances": [
        {
          "schema_version": 0,
          "attributes": {
            "access_token": "ya29.c.b0AT7lpjBY_Yh6f9T3DsO97ktfue8Sfy3zFng_xShqL1GMDPobRqd5OPZRwjR925n9-3FuIQlKHF-JXGhtTCBuuILiCzvHcCag7D7qbtHbNw4uFBIViz9wxKh1C0WK6_E3j7zOJptvZCYUgc_zhm4UHMKCi5LfAhXhAyTtRycRs9bEOhoba-qdCVDHuR1dud4Sa2ba-wXAmOrCRLsK8e4DwRwMPsvluEiXJrAKzqypkTc............................................................................................................................................................................................................................................................................................................................................................................................................................................................................................................................................................................................................................................................................................................................................................................................................",
            "id": "projects/tf-gcp-interview-373822/regions/us-central1/zones/",
            "project": "tf-gcp-interview-373822",
            "region": "us-central1",
            "zone": ""
          },
          "sensitive_attributes": []
        }
      ]
    },
    {
      "module": "module.lb_external",
      "mode": "managed",
      "type": "google_compute_address",
      "name": "this",
      "provider": "provider[\"registry.terraform.io/hashicorp/google\"]",
      "instances": [
        {
          "index_key": "rule1",
          "schema_version": 0,
          "attributes": {
            "address": "34.171.48.108",
            "address_type": "EXTERNAL",
            "creation_timestamp": "2023-01-11T08:03:18.686-08:00",
            "description": "",
            "id": "projects/tf-gcp-interview-373822/regions/us-central1/addresses/rule1",
            "name": "rule1",
            "network": "",
            "network_tier": "PREMIUM",
            "prefix_length": 0,
            "project": "tf-gcp-interview-373822",
            "purpose": "",
            "region": "us-central1",
            "self_link": "https://www.googleapis.com/compute/v1/projects/tf-gcp-interview-373822/regions/us-central1/addresses/rule1",
            "subnetwork": "",
            "timeouts": null,
            "users": [
              "https://www.googleapis.com/compute/v1/projects/tf-gcp-interview-373822/regions/us-central1/forwardingRules/rule1"
            ]
          },
          "sensitive_attributes": [],
          "private": "eyJlMmJmYjczMC1lY2FhLTExZTYtOGY4OC0zNDM2M2JjN2M0YzAiOnsiY3JlYXRlIjoyNDAwMDAwMDAwMDAsImRlbGV0ZSI6MjQwMDAwMDAwMDAwfX0="
        },
        {
          "index_key": "rule2",
          "schema_version": 0,
          "attributes": {
            "address": "35.184.33.200",
            "address_type": "EXTERNAL",
            "creation_timestamp": "2023-01-11T08:03:19.393-08:00",
            "description": "",
            "id": "projects/tf-gcp-interview-373822/regions/us-central1/addresses/rule2",
            "name": "rule2",
            "network": "",
            "network_tier": "PREMIUM",
            "prefix_length": 0,
            "project": "tf-gcp-interview-373822",
            "purpose": "",
            "region": "us-central1",
            "self_link": "https://www.googleapis.com/compute/v1/projects/tf-gcp-interview-373822/regions/us-central1/addresses/rule2",
            "subnetwork": "",
            "timeouts": null,
            "users": [
              "https://www.googleapis.com/compute/v1/projects/tf-gcp-interview-373822/regions/us-central1/forwardingRules/rule2"
            ]
          },
          "sensitive_attributes": [],
          "private": "eyJlMmJmYjczMC1lY2FhLTExZTYtOGY4OC0zNDM2M2JjN2M0YzAiOnsiY3JlYXRlIjoyNDAwMDAwMDAwMDAsImRlbGV0ZSI6MjQwMDAwMDAwMDAwfX0="
        },
        {
          "index_key": "rule3",
          "schema_version": 0,
          "attributes": {
            "address": "34.66.224.20",
            "address_type": "EXTERNAL",
            "creation_timestamp": "2023-01-11T08:03:18.620-08:00",
            "description": "",
            "id": "projects/tf-gcp-interview-373822/regions/us-central1/addresses/rule3",
            "name": "rule3",
            "network": "",
            "network_tier": "PREMIUM",
            "prefix_length": 0,
            "project": "tf-gcp-interview-373822",
            "purpose": "",
            "region": "us-central1",
            "self_link": "https://www.googleapis.com/compute/v1/projects/tf-gcp-interview-373822/regions/us-central1/addresses/rule3",
            "subnetwork": "",
            "timeouts": null,
            "users": [
              "https://www.googleapis.com/compute/v1/projects/tf-gcp-interview-373822/regions/us-central1/forwardingRules/rule3"
            ]
          },
          "sensitive_attributes": [],
          "private": "eyJlMmJmYjczMC1lY2FhLTExZTYtOGY4OC0zNDM2M2JjN2M0YzAiOnsiY3JlYXRlIjoyNDAwMDAwMDAwMDAsImRlbGV0ZSI6MjQwMDAwMDAwMDAwfX0="
        }
      ]
    },
    {
      "module": "module.lb_external",
      "mode": "managed",
      "type": "google_compute_forwarding_rule",
      "name": "rule",
      "provider": "provider[\"registry.terraform.io/hashicorp/google\"]",
      "instances": [
        {
          "index_key": "rule1",
          "schema_version": 0,
          "attributes": {
            "all_ports": false,
            "allow_global_access": false,
            "backend_service": "",
            "creation_timestamp": "2023-01-11T08:05:25.842-08:00",
            "description": "",
            "id": "projects/tf-gcp-interview-373822/regions/us-central1/forwardingRules/rule1",
            "ip_address": "34.171.48.108",
            "ip_protocol": "TCP",
            "is_mirroring_collector": false,
            "label_fingerprint": "42WmSpB8rSM=",
            "labels": {},
            "load_balancing_scheme": "EXTERNAL",
            "name": "rule1",
            "network": "",
            "network_tier": "PREMIUM",
            "port_range": "80",
            "ports": [],
            "project": "tf-gcp-interview-373822",
            "region": "us-central1",
            "self_link": "https://www.googleapis.com/compute/v1/projects/tf-gcp-interview-373822/regions/us-central1/forwardingRules/rule1",
            "service_label": "",
            "service_name": "",
            "subnetwork": "",
            "target": "https://www.googleapis.com/compute/v1/projects/tf-gcp-interview-373822/regions/us-central1/targetPools/fw-extlb",
            "timeouts": null
          },
          "sensitive_attributes": [],
          "private": "eyJlMmJmYjczMC1lY2FhLTExZTYtOGY4OC0zNDM2M2JjN2M0YzAiOnsiY3JlYXRlIjo2MDAwMDAwMDAwMDAsImRlbGV0ZSI6NjAwMDAwMDAwMDAwLCJ1cGRhdGUiOjYwMDAwMDAwMDAwMH19",
          "dependencies": [
            "data.google_client_config.main",
            "data.google_compute_zones.main",
            "module.bootstrap.data.google_compute_default_service_account.this",
            "module.bootstrap.google_storage_bucket.this",
            "module.bootstrap.google_storage_bucket_iam_member.member",
            "module.bootstrap.google_storage_bucket_object.config_empty",
            "module.bootstrap.google_storage_bucket_object.content_empty",
            "module.bootstrap.google_storage_bucket_object.file",
            "module.bootstrap.google_storage_bucket_object.license_empty",
            "module.bootstrap.google_storage_bucket_object.software_empty",
            "module.bootstrap.random_string.randomstring",
            "module.iam_service_account.google_service_account.this",
            "module.lb_external.data.google_client_config.this",
            "module.lb_external.google_compute_address.this",
            "module.lb_external.google_compute_http_health_check.this",
            "module.lb_external.google_compute_region_backend_service.this",
            "module.lb_external.google_compute_region_health_check.this",
            "module.lb_external.google_compute_target_pool.this",
            "module.vmseries.data.google_compute_image.vmseries",
            "module.vmseries.data.google_compute_subnetwork.this",
            "module.vmseries.google_compute_address.private",
            "module.vmseries.google_compute_address.public",
            "module.vmseries.google_compute_instance.this",
            "module.vmseries.google_compute_instance_group.this",
            "module.vmseries.null_resource.dependency_getter",
            "module.vpc_mgmt.module.subnets.google_compute_subnetwork.subnetwork",
            "module.vpc_mgmt.module.vpc.google_compute_network.network",
            "module.vpc_trust.module.subnets.google_compute_subnetwork.subnetwork",
            "module.vpc_trust.module.vpc.google_compute_network.network",
            "module.vpc_untrust.module.subnets.google_compute_subnetwork.subnetwork",
            "module.vpc_untrust.module.vpc.google_compute_network.network"
          ]
        },
        {
          "index_key": "rule2",
          "schema_version": 0,
          "attributes": {
            "all_ports": false,
            "allow_global_access": false,
            "backend_service": "",
            "creation_timestamp": "2023-01-11T08:05:25.865-08:00",
            "description": "",
            "id": "projects/tf-gcp-interview-373822/regions/us-central1/forwardingRules/rule2",
            "ip_address": "35.184.33.200",
            "ip_protocol": "TCP",
            "is_mirroring_collector": false,
            "label_fingerprint": "42WmSpB8rSM=",
            "labels": {},
            "load_balancing_scheme": "EXTERNAL",
            "name": "rule2",
            "network": "",
            "network_tier": "PREMIUM",
            "port_range": "22",
            "ports": [],
            "project": "tf-gcp-interview-373822",
            "region": "us-central1",
            "self_link": "https://www.googleapis.com/compute/v1/projects/tf-gcp-interview-373822/regions/us-central1/forwardingRules/rule2",
            "service_label": "",
            "service_name": "",
            "subnetwork": "",
            "target": "https://www.googleapis.com/compute/v1/projects/tf-gcp-interview-373822/regions/us-central1/targetPools/fw-extlb",
            "timeouts": null
          },
          "sensitive_attributes": [],
          "private": "eyJlMmJmYjczMC1lY2FhLTExZTYtOGY4OC0zNDM2M2JjN2M0YzAiOnsiY3JlYXRlIjo2MDAwMDAwMDAwMDAsImRlbGV0ZSI6NjAwMDAwMDAwMDAwLCJ1cGRhdGUiOjYwMDAwMDAwMDAwMH19",
          "dependencies": [
            "data.google_client_config.main",
            "data.google_compute_zones.main",
            "module.bootstrap.data.google_compute_default_service_account.this",
            "module.bootstrap.google_storage_bucket.this",
            "module.bootstrap.google_storage_bucket_iam_member.member",
            "module.bootstrap.google_storage_bucket_object.config_empty",
            "module.bootstrap.google_storage_bucket_object.content_empty",
            "module.bootstrap.google_storage_bucket_object.file",
            "module.bootstrap.google_storage_bucket_object.license_empty",
            "module.bootstrap.google_storage_bucket_object.software_empty",
            "module.bootstrap.random_string.randomstring",
            "module.iam_service_account.google_service_account.this",
            "module.lb_external.data.google_client_config.this",
            "module.lb_external.google_compute_address.this",
            "module.lb_external.google_compute_http_health_check.this",
            "module.lb_external.google_compute_region_backend_service.this",
            "module.lb_external.google_compute_region_health_check.this",
            "module.lb_external.google_compute_target_pool.this",
            "module.vmseries.data.google_compute_image.vmseries",
            "module.vmseries.data.google_compute_subnetwork.this",
            "module.vmseries.google_compute_address.private",
            "module.vmseries.google_compute_address.public",
            "module.vmseries.google_compute_instance.this",
            "module.vmseries.google_compute_instance_group.this",
            "module.vmseries.null_resource.dependency_getter",
            "module.vpc_mgmt.module.subnets.google_compute_subnetwork.subnetwork",
            "module.vpc_mgmt.module.vpc.google_compute_network.network",
            "module.vpc_trust.module.subnets.google_compute_subnetwork.subnetwork",
            "module.vpc_trust.module.vpc.google_compute_network.network",
            "module.vpc_untrust.module.subnets.google_compute_subnetwork.subnetwork",
            "module.vpc_untrust.module.vpc.google_compute_network.network"
          ]
        },
        {
          "index_key": "rule3",
          "schema_version": 0,
          "attributes": {
            "all_ports": false,
            "allow_global_access": false,
            "backend_service": "",
            "creation_timestamp": "2023-01-11T08:05:25.857-08:00",
            "description": "",
            "id": "projects/tf-gcp-interview-373822/regions/us-central1/forwardingRules/rule3",
            "ip_address": "34.66.224.20",
            "ip_protocol": "TCP",
            "is_mirroring_collector": false,
            "label_fingerprint": "42WmSpB8rSM=",
            "labels": {},
            "load_balancing_scheme": "EXTERNAL",
            "name": "rule3",
            "network": "",
            "network_tier": "PREMIUM",
            "port_range": "8500",
            "ports": [],
            "project": "tf-gcp-interview-373822",
            "region": "us-central1",
            "self_link": "https://www.googleapis.com/compute/v1/projects/tf-gcp-interview-373822/regions/us-central1/forwardingRules/rule3",
            "service_label": "",
            "service_name": "",
            "subnetwork": "",
            "target": "https://www.googleapis.com/compute/v1/projects/tf-gcp-interview-373822/regions/us-central1/targetPools/fw-extlb",
            "timeouts": null
          },
          "sensitive_attributes": [],
          "private": "eyJlMmJmYjczMC1lY2FhLTExZTYtOGY4OC0zNDM2M2JjN2M0YzAiOnsiY3JlYXRlIjo2MDAwMDAwMDAwMDAsImRlbGV0ZSI6NjAwMDAwMDAwMDAwLCJ1cGRhdGUiOjYwMDAwMDAwMDAwMH19",
          "dependencies": [
            "data.google_client_config.main",
            "data.google_compute_zones.main",
            "module.bootstrap.data.google_compute_default_service_account.this",
            "module.bootstrap.google_storage_bucket.this",
            "module.bootstrap.google_storage_bucket_iam_member.member",
            "module.bootstrap.google_storage_bucket_object.config_empty",
            "module.bootstrap.google_storage_bucket_object.content_empty",
            "module.bootstrap.google_storage_bucket_object.file",
            "module.bootstrap.google_storage_bucket_object.license_empty",
            "module.bootstrap.google_storage_bucket_object.software_empty",
            "module.bootstrap.random_string.randomstring",
            "module.iam_service_account.google_service_account.this",
            "module.lb_external.data.google_client_config.this",
            "module.lb_external.google_compute_address.this",
            "module.lb_external.google_compute_http_health_check.this",
            "module.lb_external.google_compute_region_backend_service.this",
            "module.lb_external.google_compute_region_health_check.this",
            "module.lb_external.google_compute_target_pool.this",
            "module.vmseries.data.google_compute_image.vmseries",
            "module.vmseries.data.google_compute_subnetwork.this",
            "module.vmseries.google_compute_address.private",
            "module.vmseries.google_compute_address.public",
            "module.vmseries.google_compute_instance.this",
            "module.vmseries.google_compute_instance_group.this",
            "module.vmseries.null_resource.dependency_getter",
            "module.vpc_mgmt.module.subnets.google_compute_subnetwork.subnetwork",
            "module.vpc_mgmt.module.vpc.google_compute_network.network",
            "module.vpc_trust.module.subnets.google_compute_subnetwork.subnetwork",
            "module.vpc_trust.module.vpc.google_compute_network.network",
            "module.vpc_untrust.module.subnets.google_compute_subnetwork.subnetwork",
            "module.vpc_untrust.module.vpc.google_compute_network.network"
          ]
        }
      ]
    },
    {
      "module": "module.lb_external",
      "mode": "managed",
      "type": "google_compute_http_health_check",
      "name": "this",
      "provider": "provider[\"registry.terraform.io/hashicorp/google\"]",
      "instances": [
        {
          "index_key": 0,
          "schema_version": 0,
          "attributes": {
            "check_interval_sec": 5,
            "creation_timestamp": "2023-01-11T08:03:37.816-08:00",
            "description": "",
            "healthy_threshold": 2,
            "host": "localhost",
            "id": "projects/tf-gcp-interview-373822/global/httpHealthChecks/fw-extlb-us-central1",
            "name": "fw-extlb-us-central1",
            "port": 80,
            "project": "tf-gcp-interview-373822",
            "request_path": "/",
            "self_link": "https://www.googleapis.com/compute/v1/projects/tf-gcp-interview-373822/global/httpHealthChecks/fw-extlb-us-central1",
            "timeout_sec": 5,
            "timeouts": null,
            "unhealthy_threshold": 2
          },
          "sensitive_attributes": [],
          "private": "eyJlMmJmYjczMC1lY2FhLTExZTYtOGY4OC0zNDM2M2JjN2M0YzAiOnsiY3JlYXRlIjoyNDAwMDAwMDAwMDAsImRlbGV0ZSI6MjQwMDAwMDAwMDAwLCJ1cGRhdGUiOjI0MDAwMDAwMDAwMH19",
          "dependencies": [
            "module.lb_external.data.google_client_config.this"
          ]
        }
      ]
    },
    {
      "module": "module.lb_external",
      "mode": "managed",
      "type": "google_compute_target_pool",
      "name": "this",
      "provider": "provider[\"registry.terraform.io/hashicorp/google\"]",
      "instances": [
        {
          "index_key": 0,
          "schema_version": 0,
          "attributes": {
            "backup_pool": "",
            "description": "",
            "failover_ratio": 0,
            "health_checks": [
              "https://www.googleapis.com/compute/v1/projects/tf-gcp-interview-373822/global/httpHealthChecks/fw-extlb-us-central1"
            ],
            "id": "projects/tf-gcp-interview-373822/regions/us-central1/targetPools/fw-extlb",
            "instances": [
              "us-central1-a/vmseries01",
              "us-central1-b/vmseries02"
            ],
            "name": "fw-extlb",
            "project": "tf-gcp-interview-373822",
            "region": "us-central1",
            "self_link": "https://www.googleapis.com/compute/v1/projects/tf-gcp-interview-373822/regions/us-central1/targetPools/fw-extlb",
            "session_affinity": "NONE",
            "timeouts": null
          },
          "sensitive_attributes": [],
          "private": "eyJlMmJmYjczMC1lY2FhLTExZTYtOGY4OC0zNDM2M2JjN2M0YzAiOnsiY3JlYXRlIjoyNDAwMDAwMDAwMDAsImRlbGV0ZSI6MjQwMDAwMDAwMDAwLCJ1cGRhdGUiOjI0MDAwMDAwMDAwMH19",
          "dependencies": [
            "data.google_client_config.main",
            "data.google_compute_zones.main",
            "module.bootstrap.data.google_compute_default_service_account.this",
            "module.bootstrap.google_storage_bucket.this",
            "module.bootstrap.google_storage_bucket_iam_member.member",
            "module.bootstrap.google_storage_bucket_object.config_empty",
            "module.bootstrap.google_storage_bucket_object.content_empty",
            "module.bootstrap.google_storage_bucket_object.file",
            "module.bootstrap.google_storage_bucket_object.license_empty",
            "module.bootstrap.google_storage_bucket_object.software_empty",
            "module.bootstrap.random_string.randomstring",
            "module.iam_service_account.google_service_account.this",
            "module.lb_external.data.google_client_config.this",
            "module.lb_external.google_compute_http_health_check.this",
            "module.vmseries.data.google_compute_image.vmseries",
            "module.vmseries.data.google_compute_subnetwork.this",
            "module.vmseries.google_compute_address.private",
            "module.vmseries.google_compute_address.public",
            "module.vmseries.google_compute_instance.this",
            "module.vmseries.google_compute_instance_group.this",
            "module.vmseries.null_resource.dependency_getter",
            "module.vpc_mgmt.module.subnets.google_compute_subnetwork.subnetwork",
            "module.vpc_mgmt.module.vpc.google_compute_network.network",
            "module.vpc_trust.module.subnets.google_compute_subnetwork.subnetwork",
            "module.vpc_trust.module.vpc.google_compute_network.network",
            "module.vpc_untrust.module.subnets.google_compute_subnetwork.subnetwork",
            "module.vpc_untrust.module.vpc.google_compute_network.network"
          ]
        }
      ]
    },
    {
      "module": "module.lb_internal",
      "mode": "data",
      "type": "google_client_config",
      "name": "this",
      "provider": "provider[\"registry.terraform.io/hashicorp/google\"]",
      "instances": [
        {
          "schema_version": 0,
          "attributes": {
            "access_token": "ya29.c.b0AT7lpjBY_Yh6f9T3DsO97ktfue8Sfy3zFng_xShqL1GMDPobRqd5OPZRwjR925n9-3FuIQlKHF-JXGhtTCBuuILiCzvHcCag7D7qbtHbNw4uFBIViz9wxKh1C0WK6_E3j7zOJptvZCYUgc_zhm4UHMKCi5LfAhXhAyTtRycRs9bEOhoba-qdCVDHuR1dud4Sa2ba-wXAmOrCRLsK8e4DwRwMPsvluEiXJrAKzqypkTc............................................................................................................................................................................................................................................................................................................................................................................................................................................................................................................................................................................................................................................................................................................................................................................................................",
            "id": "projects/tf-gcp-interview-373822/regions/us-central1/zones/",
            "project": "tf-gcp-interview-373822",
            "region": "us-central1",
            "zone": ""
          },
          "sensitive_attributes": []
        }
      ]
    },
    {
      "module": "module.lb_internal",
      "mode": "managed",
      "type": "google_compute_forwarding_rule",
      "name": "this",
      "provider": "provider[\"registry.terraform.io/hashicorp/google\"]",
      "instances": [
        {
          "schema_version": 0,
          "attributes": {
            "all_ports": true,
            "allow_global_access": false,
            "backend_service": "https://www.googleapis.com/compute/v1/projects/tf-gcp-interview-373822/regions/us-central1/backendServices/fw-ilb",
            "creation_timestamp": "2023-01-11T08:05:26.024-08:00",
            "description": "",
            "id": "projects/tf-gcp-interview-373822/regions/us-central1/forwardingRules/fw-ilb",
            "ip_address": "192.168.2.10",
            "ip_protocol": "TCP",
            "is_mirroring_collector": false,
            "label_fingerprint": "42WmSpB8rSM=",
            "labels": {},
            "load_balancing_scheme": "INTERNAL",
            "name": "fw-ilb",
            "network": "https://www.googleapis.com/compute/v1/projects/tf-gcp-interview-373822/global/networks/trust-vpc",
            "network_tier": "PREMIUM",
            "port_range": "",
            "ports": [],
            "project": "tf-gcp-interview-373822",
            "region": "us-central1",
            "self_link": "https://www.googleapis.com/compute/v1/projects/tf-gcp-interview-373822/regions/us-central1/forwardingRules/fw-ilb",
            "service_label": "",
            "service_name": "",
            "subnetwork": "https://www.googleapis.com/compute/v1/projects/tf-gcp-interview-373822/regions/us-central1/subnetworks/us-central1-trust",
            "target": "",
            "timeouts": null
          },
          "sensitive_attributes": [],
          "private": "eyJlMmJmYjczMC1lY2FhLTExZTYtOGY4OC0zNDM2M2JjN2M0YzAiOnsiY3JlYXRlIjo2MDAwMDAwMDAwMDAsImRlbGV0ZSI6NjAwMDAwMDAwMDAwLCJ1cGRhdGUiOjYwMDAwMDAwMDAwMH19",
          "dependencies": [
            "data.google_client_config.main",
            "data.google_compute_zones.main",
            "module.bootstrap.data.google_compute_default_service_account.this",
            "module.bootstrap.google_storage_bucket.this",
            "module.bootstrap.google_storage_bucket_iam_member.member",
            "module.bootstrap.google_storage_bucket_object.config_empty",
            "module.bootstrap.google_storage_bucket_object.content_empty",
            "module.bootstrap.google_storage_bucket_object.file",
            "module.bootstrap.google_storage_bucket_object.license_empty",
            "module.bootstrap.google_storage_bucket_object.software_empty",
            "module.bootstrap.random_string.randomstring",
            "module.iam_service_account.google_service_account.this",
            "module.lb_internal.data.google_client_config.this",
            "module.lb_internal.google_compute_health_check.this",
            "module.lb_internal.google_compute_region_backend_service.this",
            "module.vmseries.data.google_compute_image.vmseries",
            "module.vmseries.data.google_compute_subnetwork.this",
            "module.vmseries.google_compute_address.private",
            "module.vmseries.google_compute_address.public",
            "module.vmseries.google_compute_instance.this",
            "module.vmseries.google_compute_instance_group.this",
            "module.vmseries.null_resource.dependency_getter",
            "module.vpc_mgmt.module.subnets.google_compute_subnetwork.subnetwork",
            "module.vpc_mgmt.module.vpc.google_compute_network.network",
            "module.vpc_trust.module.subnets.google_compute_subnetwork.subnetwork",
            "module.vpc_trust.module.vpc.google_compute_network.network",
            "module.vpc_untrust.module.subnets.google_compute_subnetwork.subnetwork",
            "module.vpc_untrust.module.vpc.google_compute_network.network"
          ]
        }
      ]
    },
    {
      "module": "module.lb_internal",
      "mode": "managed",
      "type": "google_compute_health_check",
      "name": "this",
      "provider": "provider[\"registry.terraform.io/hashicorp/google\"]",
      "instances": [
        {
          "schema_version": 0,
          "attributes": {
            "check_interval_sec": 5,
            "creation_timestamp": "2023-01-11T08:03:19.839-08:00",
            "description": "",
            "grpc_health_check": [],
            "healthy_threshold": 2,
            "http2_health_check": [],
            "http_health_check": [],
            "https_health_check": [],
            "id": "projects/tf-gcp-interview-373822/global/healthChecks/fw-ilb-us-central1-check-tcp22",
            "log_config": [
              {
                "enable": false
              }
            ],
            "name": "fw-ilb-us-central1-check-tcp22",
            "project": "tf-gcp-interview-373822",
            "self_link": "https://www.googleapis.com/compute/v1/projects/tf-gcp-interview-373822/global/healthChecks/fw-ilb-us-central1-check-tcp22",
            "ssl_health_check": [],
            "tcp_health_check": [
              {
                "port": 22,
                "port_name": "",
                "port_specification": "",
                "proxy_header": "NONE",
                "request": "",
                "response": ""
              }
            ],
            "timeout_sec": 5,
            "timeouts": null,
            "type": "TCP",
            "unhealthy_threshold": 2
          },
          "sensitive_attributes": [],
          "private": "eyJlMmJmYjczMC1lY2FhLTExZTYtOGY4OC0zNDM2M2JjN2M0YzAiOnsiY3JlYXRlIjoyNDAwMDAwMDAwMDAsImRlbGV0ZSI6MjQwMDAwMDAwMDAwLCJ1cGRhdGUiOjI0MDAwMDAwMDAwMH19",
          "dependencies": [
            "module.lb_internal.data.google_client_config.this"
          ]
        }
      ]
    },
    {
      "module": "module.lb_internal",
      "mode": "managed",
      "type": "google_compute_region_backend_service",
      "name": "this",
      "provider": "provider[\"registry.terraform.io/hashicorp/google\"]",
      "instances": [
        {
          "schema_version": 1,
          "attributes": {
            "affinity_cookie_ttl_sec": 0,
            "backend": [
              {
                "balancing_mode": "CONNECTION",
                "capacity_scaler": 0,
                "description": "",
                "failover": false,
                "group": "https://www.googleapis.com/compute/v1/projects/tf-gcp-interview-373822/zones/us-central1-a/instanceGroups/vmseries01-us-central1-a",
                "max_connections": 0,
                "max_connections_per_endpoint": 0,
                "max_connections_per_instance": 0,
                "max_rate": 0,
                "max_rate_per_endpoint": 0,
                "max_rate_per_instance": 0,
                "max_utilization": 0
              },
              {
                "balancing_mode": "CONNECTION",
                "capacity_scaler": 0,
                "description": "",
                "failover": false,
                "group": "https://www.googleapis.com/compute/v1/projects/tf-gcp-interview-373822/zones/us-central1-b/instanceGroups/vmseries02-us-central1-b",
                "max_connections": 0,
                "max_connections_per_endpoint": 0,
                "max_connections_per_instance": 0,
                "max_rate": 0,
                "max_rate_per_endpoint": 0,
                "max_rate_per_instance": 0,
                "max_utilization": 0
              }
            ],
            "cdn_policy": [],
            "circuit_breakers": [],
            "connection_draining_timeout_sec": 0,
            "consistent_hash": [],
            "creation_timestamp": "2023-01-11T08:05:14.592-08:00",
            "description": "",
            "enable_cdn": false,
            "failover_policy": [],
            "fingerprint": "qH2KM4AH4DM=",
            "health_checks": [
              "https://www.googleapis.com/compute/v1/projects/tf-gcp-interview-373822/global/healthChecks/fw-ilb-us-central1-check-tcp22"
            ],
            "iap": [],
            "id": "projects/tf-gcp-interview-373822/regions/us-central1/backendServices/fw-ilb",
            "load_balancing_scheme": "INTERNAL",
            "locality_lb_policy": "",
            "log_config": [],
            "name": "fw-ilb",
            "network": "https://www.googleapis.com/compute/v1/projects/tf-gcp-interview-373822/global/networks/trust-vpc",
            "outlier_detection": [],
            "port_name": "",
            "project": "tf-gcp-interview-373822",
            "protocol": "TCP",
            "region": "us-central1",
            "self_link": "https://www.googleapis.com/compute/v1/projects/tf-gcp-interview-373822/regions/us-central1/backendServices/fw-ilb",
            "session_affinity": "NONE",
            "timeout_sec": 30,
            "timeouts": null
          },
          "sensitive_attributes": [],
          "private": "eyJlMmJmYjczMC1lY2FhLTExZTYtOGY4OC0zNDM2M2JjN2M0YzAiOnsiY3JlYXRlIjoyNDAwMDAwMDAwMDAsImRlbGV0ZSI6MjQwMDAwMDAwMDAwLCJ1cGRhdGUiOjI0MDAwMDAwMDAwMH0sInNjaGVtYV92ZXJzaW9uIjoiMSJ9",
          "dependencies": [
            "data.google_client_config.main",
            "data.google_compute_zones.main",
            "module.bootstrap.data.google_compute_default_service_account.this",
            "module.bootstrap.google_storage_bucket.this",
            "module.bootstrap.google_storage_bucket_iam_member.member",
            "module.bootstrap.google_storage_bucket_object.config_empty",
            "module.bootstrap.google_storage_bucket_object.content_empty",
            "module.bootstrap.google_storage_bucket_object.file",
            "module.bootstrap.google_storage_bucket_object.license_empty",
            "module.bootstrap.google_storage_bucket_object.software_empty",
            "module.bootstrap.random_string.randomstring",
            "module.iam_service_account.google_service_account.this",
            "module.lb_internal.data.google_client_config.this",
            "module.lb_internal.google_compute_health_check.this",
            "module.vmseries.data.google_compute_image.vmseries",
            "module.vmseries.data.google_compute_subnetwork.this",
            "module.vmseries.google_compute_address.private",
            "module.vmseries.google_compute_address.public",
            "module.vmseries.google_compute_instance.this",
            "module.vmseries.google_compute_instance_group.this",
            "module.vmseries.null_resource.dependency_getter",
            "module.vpc_mgmt.module.subnets.google_compute_subnetwork.subnetwork",
            "module.vpc_mgmt.module.vpc.google_compute_network.network",
            "module.vpc_trust.module.subnets.google_compute_subnetwork.subnetwork",
            "module.vpc_trust.module.vpc.google_compute_network.network",
            "module.vpc_untrust.module.subnets.google_compute_subnetwork.subnetwork",
            "module.vpc_untrust.module.vpc.google_compute_network.network"
          ]
        }
      ]
    },
    {
      "module": "module.peering_ss_mgmt",
      "mode": "managed",
      "type": "google_compute_network_peering",
      "name": "local",
      "provider": "provider[\"registry.terraform.io/hashicorp/google\"]",
      "instances": [
        {
          "schema_version": 0,
          "attributes": {
            "export_custom_routes": true,
            "export_subnet_routes_with_public_ip": true,
            "id": "ss-vpc/ss-to-mgmt",
            "import_custom_routes": false,
            "import_subnet_routes_with_public_ip": false,
            "name": "ss-to-mgmt",
            "network": "projects/tf-gcp-interview-373822/global/networks/ss-vpc",
            "peer_network": "https://www.googleapis.com/compute/v1/projects/tf-gcp-interview-373822/global/networks/mgmt-vpc",
            "state": "ACTIVE",
            "state_details": "[2023-01-11T08:03:43.779-08:00]: Connected.",
            "timeouts": null
          },
          "sensitive_attributes": [],
          "private": "eyJlMmJmYjczMC1lY2FhLTExZTYtOGY4OC0zNDM2M2JjN2M0YzAiOnsiY3JlYXRlIjoyNDAwMDAwMDAwMDAsImRlbGV0ZSI6MjQwMDAwMDAwMDAwLCJ1cGRhdGUiOjI0MDAwMDAwMDAwMH19",
          "dependencies": [
            "module.vpc_mgmt.module.vpc.google_compute_network.network",
            "module.vpc_ss.module.vpc.google_compute_network.network"
          ]
        }
      ]
    },
    {
      "module": "module.peering_ss_mgmt",
      "mode": "managed",
      "type": "google_compute_network_peering",
      "name": "peer",
      "provider": "provider[\"registry.terraform.io/hashicorp/google\"]",
      "instances": [
        {
          "schema_version": 0,
          "attributes": {
            "export_custom_routes": false,
            "export_subnet_routes_with_public_ip": true,
            "id": "mgmt-vpc/mgmt-to-ss",
            "import_custom_routes": true,
            "import_subnet_routes_with_public_ip": false,
            "name": "mgmt-to-ss",
            "network": "projects/tf-gcp-interview-373822/global/networks/mgmt-vpc",
            "peer_network": "https://www.googleapis.com/compute/v1/projects/tf-gcp-interview-373822/global/networks/ss-vpc",
            "state": "ACTIVE",
            "state_details": "[2023-01-11T08:03:43.779-08:00]: Connected.",
            "timeouts": null
          },
          "sensitive_attributes": [],
          "private": "eyJlMmJmYjczMC1lY2FhLTExZTYtOGY4OC0zNDM2M2JjN2M0YzAiOnsiY3JlYXRlIjoyNDAwMDAwMDAwMDAsImRlbGV0ZSI6MjQwMDAwMDAwMDAwLCJ1cGRhdGUiOjI0MDAwMDAwMDAwMH19",
          "dependencies": [
            "module.vpc_mgmt.module.vpc.google_compute_network.network",
            "module.vpc_ss.module.vpc.google_compute_network.network"
          ]
        }
      ]
    },
    {
      "module": "module.peering_ss_spoke1",
      "mode": "managed",
      "type": "google_compute_network_peering",
      "name": "local",
      "provider": "provider[\"registry.terraform.io/hashicorp/google\"]",
      "instances": [
        {
          "schema_version": 0,
          "attributes": {
            "export_custom_routes": true,
            "export_subnet_routes_with_public_ip": true,
            "id": "ss-vpc/ss-to-spoke1",
            "import_custom_routes": false,
            "import_subnet_routes_with_public_ip": false,
            "name": "ss-to-spoke1",
            "network": "projects/tf-gcp-interview-373822/global/networks/ss-vpc",
            "peer_network": "https://www.googleapis.com/compute/v1/projects/tf-gcp-interview-373822/global/networks/spoke1-vpc",
            "state": "ACTIVE",
            "state_details": "[2023-01-11T08:04:28.428-08:00]: Connected.",
            "timeouts": null
          },
          "sensitive_attributes": [],
          "private": "eyJlMmJmYjczMC1lY2FhLTExZTYtOGY4OC0zNDM2M2JjN2M0YzAiOnsiY3JlYXRlIjoyNDAwMDAwMDAwMDAsImRlbGV0ZSI6MjQwMDAwMDAwMDAwLCJ1cGRhdGUiOjI0MDAwMDAwMDAwMH19",
          "dependencies": [
            "module.vpc_spoke1.module.vpc.google_compute_network.network",
            "module.vpc_ss.module.vpc.google_compute_network.network"
          ]
        }
      ]
    },
    {
      "module": "module.peering_ss_spoke1",
      "mode": "managed",
      "type": "google_compute_network_peering",
      "name": "peer",
      "provider": "provider[\"registry.terraform.io/hashicorp/google\"]",
      "instances": [
        {
          "schema_version": 0,
          "attributes": {
            "export_custom_routes": false,
            "export_subnet_routes_with_public_ip": true,
            "id": "spoke1-vpc/spoke1-to-ss",
            "import_custom_routes": true,
            "import_subnet_routes_with_public_ip": false,
            "name": "spoke1-to-ss",
            "network": "projects/tf-gcp-interview-373822/global/networks/spoke1-vpc",
            "peer_network": "https://www.googleapis.com/compute/v1/projects/tf-gcp-interview-373822/global/networks/ss-vpc",
            "state": "ACTIVE",
            "state_details": "[2023-01-11T08:04:28.428-08:00]: Connected.",
            "timeouts": null
          },
          "sensitive_attributes": [],
          "private": "eyJlMmJmYjczMC1lY2FhLTExZTYtOGY4OC0zNDM2M2JjN2M0YzAiOnsiY3JlYXRlIjoyNDAwMDAwMDAwMDAsImRlbGV0ZSI6MjQwMDAwMDAwMDAwLCJ1cGRhdGUiOjI0MDAwMDAwMDAwMH19",
          "dependencies": [
            "module.vpc_spoke1.module.vpc.google_compute_network.network",
            "module.vpc_ss.module.vpc.google_compute_network.network"
          ]
        }
      ]
    },
    {
      "module": "module.peering_ss_spoke2",
      "mode": "managed",
      "type": "google_compute_network_peering",
      "name": "local",
      "provider": "provider[\"registry.terraform.io/hashicorp/google\"]",
      "instances": [
        {
          "schema_version": 0,
          "attributes": {
            "export_custom_routes": true,
            "export_subnet_routes_with_public_ip": true,
            "id": "ss-vpc/ss-to-spoke2",
            "import_custom_routes": false,
            "import_subnet_routes_with_public_ip": false,
            "name": "ss-to-spoke2",
            "network": "projects/tf-gcp-interview-373822/global/networks/ss-vpc",
            "peer_network": "https://www.googleapis.com/compute/v1/projects/tf-gcp-interview-373822/global/networks/spoke2-vpc",
            "state": "ACTIVE",
            "state_details": "[2023-01-11T08:04:06.858-08:00]: Connected.",
            "timeouts": null
          },
          "sensitive_attributes": [],
          "private": "eyJlMmJmYjczMC1lY2FhLTExZTYtOGY4OC0zNDM2M2JjN2M0YzAiOnsiY3JlYXRlIjoyNDAwMDAwMDAwMDAsImRlbGV0ZSI6MjQwMDAwMDAwMDAwLCJ1cGRhdGUiOjI0MDAwMDAwMDAwMH19",
          "dependencies": [
            "module.vpc_spoke2.module.vpc.google_compute_network.network",
            "module.vpc_ss.module.vpc.google_compute_network.network"
          ]
        }
      ]
    },
    {
      "module": "module.peering_ss_spoke2",
      "mode": "managed",
      "type": "google_compute_network_peering",
      "name": "peer",
      "provider": "provider[\"registry.terraform.io/hashicorp/google\"]",
      "instances": [
        {
          "schema_version": 0,
          "attributes": {
            "export_custom_routes": false,
            "export_subnet_routes_with_public_ip": true,
            "id": "spoke2-vpc/spoke2-to-ss",
            "import_custom_routes": true,
            "import_subnet_routes_with_public_ip": false,
            "name": "spoke2-to-ss",
            "network": "projects/tf-gcp-interview-373822/global/networks/spoke2-vpc",
            "peer_network": "https://www.googleapis.com/compute/v1/projects/tf-gcp-interview-373822/global/networks/ss-vpc",
            "state": "ACTIVE",
            "state_details": "[2023-01-11T08:04:06.858-08:00]: Connected.",
            "timeouts": null
          },
          "sensitive_attributes": [],
          "private": "eyJlMmJmYjczMC1lY2FhLTExZTYtOGY4OC0zNDM2M2JjN2M0YzAiOnsiY3JlYXRlIjoyNDAwMDAwMDAwMDAsImRlbGV0ZSI6MjQwMDAwMDAwMDAwLCJ1cGRhdGUiOjI0MDAwMDAwMDAwMH19",
          "dependencies": [
            "module.vpc_spoke2.module.vpc.google_compute_network.network",
            "module.vpc_ss.module.vpc.google_compute_network.network"
          ]
        }
      ]
    },
    {
      "module": "module.peering_trust_spoke1",
      "mode": "managed",
      "type": "google_compute_network_peering",
      "name": "local",
      "provider": "provider[\"registry.terraform.io/hashicorp/google\"]",
      "instances": [
        {
          "schema_version": 0,
          "attributes": {
            "export_custom_routes": true,
            "export_subnet_routes_with_public_ip": true,
            "id": "trust-vpc/trust-to-spoke1",
            "import_custom_routes": false,
            "import_subnet_routes_with_public_ip": false,
            "name": "trust-to-spoke1",
            "network": "projects/tf-gcp-interview-373822/global/networks/trust-vpc",
            "peer_network": "https://www.googleapis.com/compute/v1/projects/tf-gcp-interview-373822/global/networks/spoke1-vpc",
            "state": "ACTIVE",
            "state_details": "[2023-01-11T08:04:51.728-08:00]: Connected.",
            "timeouts": null
          },
          "sensitive_attributes": [],
          "private": "eyJlMmJmYjczMC1lY2FhLTExZTYtOGY4OC0zNDM2M2JjN2M0YzAiOnsiY3JlYXRlIjoyNDAwMDAwMDAwMDAsImRlbGV0ZSI6MjQwMDAwMDAwMDAwLCJ1cGRhdGUiOjI0MDAwMDAwMDAwMH19",
          "dependencies": [
            "module.vpc_spoke1.module.vpc.google_compute_network.network",
            "module.vpc_trust.module.vpc.google_compute_network.network"
          ]
        }
      ]
    },
    {
      "module": "module.peering_trust_spoke1",
      "mode": "managed",
      "type": "google_compute_network_peering",
      "name": "peer",
      "provider": "provider[\"registry.terraform.io/hashicorp/google\"]",
      "instances": [
        {
          "schema_version": 0,
          "attributes": {
            "export_custom_routes": false,
            "export_subnet_routes_with_public_ip": true,
            "id": "spoke1-vpc/spoke1-to-trust",
            "import_custom_routes": true,
            "import_subnet_routes_with_public_ip": false,
            "name": "spoke1-to-trust",
            "network": "projects/tf-gcp-interview-373822/global/networks/spoke1-vpc",
            "peer_network": "https://www.googleapis.com/compute/v1/projects/tf-gcp-interview-373822/global/networks/trust-vpc",
            "state": "ACTIVE",
            "state_details": "[2023-01-11T08:04:51.728-08:00]: Connected.",
            "timeouts": null
          },
          "sensitive_attributes": [],
          "private": "eyJlMmJmYjczMC1lY2FhLTExZTYtOGY4OC0zNDM2M2JjN2M0YzAiOnsiY3JlYXRlIjoyNDAwMDAwMDAwMDAsImRlbGV0ZSI6MjQwMDAwMDAwMDAwLCJ1cGRhdGUiOjI0MDAwMDAwMDAwMH19",
          "dependencies": [
            "module.vpc_spoke1.module.vpc.google_compute_network.network",
            "module.vpc_trust.module.vpc.google_compute_network.network"
          ]
        }
      ]
    },
    {
      "module": "module.peering_trust_spoke2",
      "mode": "managed",
      "type": "google_compute_network_peering",
      "name": "local",
      "provider": "provider[\"registry.terraform.io/hashicorp/google\"]",
      "instances": [
        {
          "schema_version": 0,
          "attributes": {
            "export_custom_routes": true,
            "export_subnet_routes_with_public_ip": true,
            "id": "trust-vpc/trust-to-spoke2",
            "import_custom_routes": false,
            "import_subnet_routes_with_public_ip": false,
            "name": "trust-to-spoke2",
            "network": "projects/tf-gcp-interview-373822/global/networks/trust-vpc",
            "peer_network": "https://www.googleapis.com/compute/v1/projects/tf-gcp-interview-373822/global/networks/spoke2-vpc",
            "state": "ACTIVE",
            "state_details": "[2023-01-11T08:04:29.225-08:00]: Connected.",
            "timeouts": null
          },
          "sensitive_attributes": [],
          "private": "eyJlMmJmYjczMC1lY2FhLTExZTYtOGY4OC0zNDM2M2JjN2M0YzAiOnsiY3JlYXRlIjoyNDAwMDAwMDAwMDAsImRlbGV0ZSI6MjQwMDAwMDAwMDAwLCJ1cGRhdGUiOjI0MDAwMDAwMDAwMH19",
          "dependencies": [
            "module.vpc_spoke2.module.vpc.google_compute_network.network",
            "module.vpc_trust.module.vpc.google_compute_network.network"
          ]
        }
      ]
    },
    {
      "module": "module.peering_trust_spoke2",
      "mode": "managed",
      "type": "google_compute_network_peering",
      "name": "peer",
      "provider": "provider[\"registry.terraform.io/hashicorp/google\"]",
      "instances": [
        {
          "schema_version": 0,
          "attributes": {
            "export_custom_routes": false,
            "export_subnet_routes_with_public_ip": true,
            "id": "spoke2-vpc/spoke2-to-trust",
            "import_custom_routes": true,
            "import_subnet_routes_with_public_ip": false,
            "name": "spoke2-to-trust",
            "network": "projects/tf-gcp-interview-373822/global/networks/spoke2-vpc",
            "peer_network": "https://www.googleapis.com/compute/v1/projects/tf-gcp-interview-373822/global/networks/trust-vpc",
            "state": "ACTIVE",
            "state_details": "[2023-01-11T08:04:29.225-08:00]: Connected.",
            "timeouts": null
          },
          "sensitive_attributes": [],
          "private": "eyJlMmJmYjczMC1lY2FhLTExZTYtOGY4OC0zNDM2M2JjN2M0YzAiOnsiY3JlYXRlIjoyNDAwMDAwMDAwMDAsImRlbGV0ZSI6MjQwMDAwMDAwMDAwLCJ1cGRhdGUiOjI0MDAwMDAwMDAwMH19",
          "dependencies": [
            "module.vpc_spoke2.module.vpc.google_compute_network.network",
            "module.vpc_trust.module.vpc.google_compute_network.network"
          ]
        }
      ]
    },
    {
      "module": "module.vmseries[\"vmseries01\"]",
      "mode": "data",
      "type": "google_compute_image",
      "name": "vmseries",
      "provider": "provider[\"registry.terraform.io/hashicorp/google\"]",
      "instances": [
        {
          "index_key": 0,
          "schema_version": 0,
          "attributes": {
            "archive_size_bytes": 10410054528,
            "creation_timestamp": "2021-06-07T13:41:40.635-07:00",
            "description": "VM-Series BUNDLE2 - PAN-OS 10.1.0",
            "disk_size_gb": 60,
            "family": "vmseries-101",
            "filter": null,
            "id": "projects/paloaltonetworksgcp-public/global/images/vmseries-flex-bundle2-1010",
            "image_encryption_key_sha256": "",
            "image_id": "4433282288550361707",
            "label_fingerprint": "42WmSpB8rSM=",
            "labels": {},
            "licenses": [
              "https://www.googleapis.com/compute/v1/projects/paloaltonetworksgcp-public/global/licenses/vmseries-flex-bundle2"
            ],
            "name": "vmseries-flex-bundle2-1010",
            "project": "paloaltonetworksgcp-public",
            "self_link": "https://www.googleapis.com/compute/v1/projects/paloaltonetworksgcp-public/global/images/vmseries-flex-bundle2-1010",
            "source_disk": "https://www.googleapis.com/compute/v1/projects/panw-vm-mp-staging-public/zones/us-west1-a/disks/basedisk-10-1-0",
            "source_disk_encryption_key_sha256": "",
            "source_disk_id": "8917835509784629546",
            "source_image_id": "",
            "status": "READY"
          },
          "sensitive_attributes": []
        }
      ]
    },
    {
      "module": "module.vmseries[\"vmseries01\"]",
      "mode": "data",
      "type": "google_compute_subnetwork",
      "name": "this",
      "provider": "provider[\"registry.terraform.io/hashicorp/google\"]",
      "instances": [
        {
          "index_key": "0",
          "schema_version": 0,
          "attributes": {
            "description": "",
            "gateway_address": "192.168.1.1",
            "id": "projects/tf-gcp-interview-373822/regions/us-central1/subnetworks/us-central1-untrust",
            "ip_cidr_range": "192.168.1.0/28",
            "name": "us-central1-untrust",
            "network": "https://www.googleapis.com/compute/v1/projects/tf-gcp-interview-373822/global/networks/untrust-vpc",
            "private_ip_google_access": false,
            "project": "tf-gcp-interview-373822",
            "region": "us-central1",
            "secondary_ip_range": [],
            "self_link": "https://www.googleapis.com/compute/v1/projects/tf-gcp-interview-373822/regions/us-central1/subnetworks/us-central1-untrust"
          },
          "sensitive_attributes": []
        },
        {
          "index_key": "1",
          "schema_version": 0,
          "attributes": {
            "description": "",
            "gateway_address": "192.168.0.1",
            "id": "projects/tf-gcp-interview-373822/regions/us-central1/subnetworks/us-central1-mgmt",
            "ip_cidr_range": "192.168.0.0/25",
            "name": "us-central1-mgmt",
            "network": "https://www.googleapis.com/compute/v1/projects/tf-gcp-interview-373822/global/networks/mgmt-vpc",
            "private_ip_google_access": false,
            "project": "tf-gcp-interview-373822",
            "region": "us-central1",
            "secondary_ip_range": [],
            "self_link": "https://www.googleapis.com/compute/v1/projects/tf-gcp-interview-373822/regions/us-central1/subnetworks/us-central1-mgmt"
          },
          "sensitive_attributes": []
        },
        {
          "index_key": "2",
          "schema_version": 0,
          "attributes": {
            "description": "",
            "gateway_address": "192.168.2.1",
            "id": "projects/tf-gcp-interview-373822/regions/us-central1/subnetworks/us-central1-trust",
            "ip_cidr_range": "192.168.2.0/28",
            "name": "us-central1-trust",
            "network": "https://www.googleapis.com/compute/v1/projects/tf-gcp-interview-373822/global/networks/trust-vpc",
            "private_ip_google_access": false,
            "project": "tf-gcp-interview-373822",
            "region": "us-central1",
            "secondary_ip_range": [],
            "self_link": "https://www.googleapis.com/compute/v1/projects/tf-gcp-interview-373822/regions/us-central1/subnetworks/us-central1-trust"
          },
          "sensitive_attributes": []
        }
      ]
    },
    {
      "module": "module.vmseries[\"vmseries01\"]",
      "mode": "managed",
      "type": "google_compute_address",
      "name": "private",
      "provider": "provider[\"registry.terraform.io/hashicorp/google\"]",
      "instances": [
        {
          "index_key": "0",
          "schema_version": 0,
          "attributes": {
            "address": "192.168.1.2",
            "address_type": "INTERNAL",
            "creation_timestamp": "2023-01-11T08:04:05.928-08:00",
            "description": "",
            "id": "projects/tf-gcp-interview-373822/regions/us-central1/addresses/vmseries01-0-private",
            "name": "vmseries01-0-private",
            "network": "",
            "network_tier": "PREMIUM",
            "prefix_length": 0,
            "project": "tf-gcp-interview-373822",
            "purpose": "GCE_ENDPOINT",
            "region": "us-central1",
            "self_link": "https://www.googleapis.com/compute/v1/projects/tf-gcp-interview-373822/regions/us-central1/addresses/vmseries01-0-private",
            "subnetwork": "https://www.googleapis.com/compute/v1/projects/tf-gcp-interview-373822/regions/us-central1/subnetworks/us-central1-untrust",
            "timeouts": null,
            "users": [
              "https://www.googleapis.com/compute/v1/projects/tf-gcp-interview-373822/zones/us-central1-a/instances/vmseries01"
            ]
          },
          "sensitive_attributes": [],
          "private": "eyJlMmJmYjczMC1lY2FhLTExZTYtOGY4OC0zNDM2M2JjN2M0YzAiOnsiY3JlYXRlIjoyNDAwMDAwMDAwMDAsImRlbGV0ZSI6MjQwMDAwMDAwMDAwfX0=",
          "dependencies": [
            "data.google_client_config.main",
            "data.google_compute_zones.main",
            "module.bootstrap.data.google_compute_default_service_account.this",
            "module.bootstrap.google_storage_bucket.this",
            "module.bootstrap.google_storage_bucket_iam_member.member",
            "module.bootstrap.google_storage_bucket_object.config_empty",
            "module.bootstrap.google_storage_bucket_object.content_empty",
            "module.bootstrap.google_storage_bucket_object.file",
            "module.bootstrap.google_storage_bucket_object.license_empty",
            "module.bootstrap.google_storage_bucket_object.software_empty",
            "module.bootstrap.random_string.randomstring",
            "module.iam_service_account.google_service_account.this",
            "module.vmseries.data.google_compute_subnetwork.this",
            "module.vpc_mgmt.module.subnets.google_compute_subnetwork.subnetwork",
            "module.vpc_mgmt.module.vpc.google_compute_network.network",
            "module.vpc_trust.module.subnets.google_compute_subnetwork.subnetwork",
            "module.vpc_trust.module.vpc.google_compute_network.network",
            "module.vpc_untrust.module.subnets.google_compute_subnetwork.subnetwork",
            "module.vpc_untrust.module.vpc.google_compute_network.network"
          ]
        },
        {
          "index_key": "1",
          "schema_version": 0,
          "attributes": {
            "address": "192.168.0.2",
            "address_type": "INTERNAL",
            "creation_timestamp": "2023-01-11T08:04:16.645-08:00",
            "description": "",
            "id": "projects/tf-gcp-interview-373822/regions/us-central1/addresses/vmseries01-1-private",
            "name": "vmseries01-1-private",
            "network": "",
            "network_tier": "PREMIUM",
            "prefix_length": 0,
            "project": "tf-gcp-interview-373822",
            "purpose": "GCE_ENDPOINT",
            "region": "us-central1",
            "self_link": "https://www.googleapis.com/compute/v1/projects/tf-gcp-interview-373822/regions/us-central1/addresses/vmseries01-1-private",
            "subnetwork": "https://www.googleapis.com/compute/v1/projects/tf-gcp-interview-373822/regions/us-central1/subnetworks/us-central1-mgmt",
            "timeouts": null,
            "users": [
              "https://www.googleapis.com/compute/v1/projects/tf-gcp-interview-373822/zones/us-central1-a/instances/vmseries01"
            ]
          },
          "sensitive_attributes": [],
          "private": "eyJlMmJmYjczMC1lY2FhLTExZTYtOGY4OC0zNDM2M2JjN2M0YzAiOnsiY3JlYXRlIjoyNDAwMDAwMDAwMDAsImRlbGV0ZSI6MjQwMDAwMDAwMDAwfX0=",
          "dependencies": [
            "data.google_client_config.main",
            "data.google_compute_zones.main",
            "module.bootstrap.data.google_compute_default_service_account.this",
            "module.bootstrap.google_storage_bucket.this",
            "module.bootstrap.google_storage_bucket_iam_member.member",
            "module.bootstrap.google_storage_bucket_object.config_empty",
            "module.bootstrap.google_storage_bucket_object.content_empty",
            "module.bootstrap.google_storage_bucket_object.file",
            "module.bootstrap.google_storage_bucket_object.license_empty",
            "module.bootstrap.google_storage_bucket_object.software_empty",
            "module.bootstrap.random_string.randomstring",
            "module.iam_service_account.google_service_account.this",
            "module.vmseries.data.google_compute_subnetwork.this",
            "module.vpc_mgmt.module.subnets.google_compute_subnetwork.subnetwork",
            "module.vpc_mgmt.module.vpc.google_compute_network.network",
            "module.vpc_trust.module.subnets.google_compute_subnetwork.subnetwork",
            "module.vpc_trust.module.vpc.google_compute_network.network",
            "module.vpc_untrust.module.subnets.google_compute_subnetwork.subnetwork",
            "module.vpc_untrust.module.vpc.google_compute_network.network"
          ]
        },
        {
          "index_key": "2",
          "schema_version": 0,
          "attributes": {
            "address": "192.168.2.2",
            "address_type": "INTERNAL",
            "creation_timestamp": "2023-01-11T08:04:16.984-08:00",
            "description": "",
            "id": "projects/tf-gcp-interview-373822/regions/us-central1/addresses/vmseries01-2-private",
            "name": "vmseries01-2-private",
            "network": "",
            "network_tier": "PREMIUM",
            "prefix_length": 0,
            "project": "tf-gcp-interview-373822",
            "purpose": "GCE_ENDPOINT",
            "region": "us-central1",
            "self_link": "https://www.googleapis.com/compute/v1/projects/tf-gcp-interview-373822/regions/us-central1/addresses/vmseries01-2-private",
            "subnetwork": "https://www.googleapis.com/compute/v1/projects/tf-gcp-interview-373822/regions/us-central1/subnetworks/us-central1-trust",
            "timeouts": null,
            "users": [
              "https://www.googleapis.com/compute/v1/projects/tf-gcp-interview-373822/zones/us-central1-a/instances/vmseries01"
            ]
          },
          "sensitive_attributes": [],
          "private": "eyJlMmJmYjczMC1lY2FhLTExZTYtOGY4OC0zNDM2M2JjN2M0YzAiOnsiY3JlYXRlIjoyNDAwMDAwMDAwMDAsImRlbGV0ZSI6MjQwMDAwMDAwMDAwfX0=",
          "dependencies": [
            "data.google_client_config.main",
            "data.google_compute_zones.main",
            "module.bootstrap.data.google_compute_default_service_account.this",
            "module.bootstrap.google_storage_bucket.this",
            "module.bootstrap.google_storage_bucket_iam_member.member",
            "module.bootstrap.google_storage_bucket_object.config_empty",
            "module.bootstrap.google_storage_bucket_object.content_empty",
            "module.bootstrap.google_storage_bucket_object.file",
            "module.bootstrap.google_storage_bucket_object.license_empty",
            "module.bootstrap.google_storage_bucket_object.software_empty",
            "module.bootstrap.random_string.randomstring",
            "module.iam_service_account.google_service_account.this",
            "module.vmseries.data.google_compute_subnetwork.this",
            "module.vpc_mgmt.module.subnets.google_compute_subnetwork.subnetwork",
            "module.vpc_mgmt.module.vpc.google_compute_network.network",
            "module.vpc_trust.module.subnets.google_compute_subnetwork.subnetwork",
            "module.vpc_trust.module.vpc.google_compute_network.network",
            "module.vpc_untrust.module.subnets.google_compute_subnetwork.subnetwork",
            "module.vpc_untrust.module.vpc.google_compute_network.network"
          ]
        }
      ]
    },
    {
      "module": "module.vmseries[\"vmseries01\"]",
      "mode": "managed",
      "type": "google_compute_address",
      "name": "public",
      "provider": "provider[\"registry.terraform.io/hashicorp/google\"]",
      "instances": [
        {
          "index_key": "0",
          "schema_version": 0,
          "attributes": {
            "address": "34.29.56.80",
            "address_type": "EXTERNAL",
            "creation_timestamp": "2023-01-11T08:04:27.104-08:00",
            "description": "",
            "id": "projects/tf-gcp-interview-373822/regions/us-central1/addresses/vmseries01-0-public",
            "name": "vmseries01-0-public",
            "network": "",
            "network_tier": "PREMIUM",
            "prefix_length": 0,
            "project": "tf-gcp-interview-373822",
            "purpose": "",
            "region": "us-central1",
            "self_link": "https://www.googleapis.com/compute/v1/projects/tf-gcp-interview-373822/regions/us-central1/addresses/vmseries01-0-public",
            "subnetwork": "",
            "timeouts": null,
            "users": [
              "https://www.googleapis.com/compute/v1/projects/tf-gcp-interview-373822/zones/us-central1-a/instances/vmseries01"
            ]
          },
          "sensitive_attributes": [],
          "private": "eyJlMmJmYjczMC1lY2FhLTExZTYtOGY4OC0zNDM2M2JjN2M0YzAiOnsiY3JlYXRlIjoyNDAwMDAwMDAwMDAsImRlbGV0ZSI6MjQwMDAwMDAwMDAwfX0=",
          "dependencies": [
            "data.google_client_config.main",
            "data.google_compute_zones.main",
            "module.bootstrap.data.google_compute_default_service_account.this",
            "module.bootstrap.google_storage_bucket.this",
            "module.bootstrap.google_storage_bucket_iam_member.member",
            "module.bootstrap.google_storage_bucket_object.config_empty",
            "module.bootstrap.google_storage_bucket_object.content_empty",
            "module.bootstrap.google_storage_bucket_object.file",
            "module.bootstrap.google_storage_bucket_object.license_empty",
            "module.bootstrap.google_storage_bucket_object.software_empty",
            "module.bootstrap.random_string.randomstring",
            "module.iam_service_account.google_service_account.this",
            "module.vmseries.data.google_compute_subnetwork.this",
            "module.vpc_mgmt.module.subnets.google_compute_subnetwork.subnetwork",
            "module.vpc_mgmt.module.vpc.google_compute_network.network",
            "module.vpc_trust.module.subnets.google_compute_subnetwork.subnetwork",
            "module.vpc_trust.module.vpc.google_compute_network.network",
            "module.vpc_untrust.module.subnets.google_compute_subnetwork.subnetwork",
            "module.vpc_untrust.module.vpc.google_compute_network.network"
          ]
        },
        {
          "index_key": "1",
          "schema_version": 0,
          "attributes": {
            "address": "130.211.114.78",
            "address_type": "EXTERNAL",
            "creation_timestamp": "2023-01-11T08:04:05.708-08:00",
            "description": "",
            "id": "projects/tf-gcp-interview-373822/regions/us-central1/addresses/vmseries01-1-public",
            "name": "vmseries01-1-public",
            "network": "",
            "network_tier": "PREMIUM",
            "prefix_length": 0,
            "project": "tf-gcp-interview-373822",
            "purpose": "",
            "region": "us-central1",
            "self_link": "https://www.googleapis.com/compute/v1/projects/tf-gcp-interview-373822/regions/us-central1/addresses/vmseries01-1-public",
            "subnetwork": "",
            "timeouts": null,
            "users": [
              "https://www.googleapis.com/compute/v1/projects/tf-gcp-interview-373822/zones/us-central1-a/instances/vmseries01"
            ]
          },
          "sensitive_attributes": [],
          "private": "eyJlMmJmYjczMC1lY2FhLTExZTYtOGY4OC0zNDM2M2JjN2M0YzAiOnsiY3JlYXRlIjoyNDAwMDAwMDAwMDAsImRlbGV0ZSI6MjQwMDAwMDAwMDAwfX0=",
          "dependencies": [
            "data.google_client_config.main",
            "data.google_compute_zones.main",
            "module.bootstrap.data.google_compute_default_service_account.this",
            "module.bootstrap.google_storage_bucket.this",
            "module.bootstrap.google_storage_bucket_iam_member.member",
            "module.bootstrap.google_storage_bucket_object.config_empty",
            "module.bootstrap.google_storage_bucket_object.content_empty",
            "module.bootstrap.google_storage_bucket_object.file",
            "module.bootstrap.google_storage_bucket_object.license_empty",
            "module.bootstrap.google_storage_bucket_object.software_empty",
            "module.bootstrap.random_string.randomstring",
            "module.iam_service_account.google_service_account.this",
            "module.vmseries.data.google_compute_subnetwork.this",
            "module.vpc_mgmt.module.subnets.google_compute_subnetwork.subnetwork",
            "module.vpc_mgmt.module.vpc.google_compute_network.network",
            "module.vpc_trust.module.subnets.google_compute_subnetwork.subnetwork",
            "module.vpc_trust.module.vpc.google_compute_network.network",
            "module.vpc_untrust.module.subnets.google_compute_subnetwork.subnetwork",
            "module.vpc_untrust.module.vpc.google_compute_network.network"
          ]
        }
      ]
    },
    {
      "module": "module.vmseries[\"vmseries01\"]",
      "mode": "managed",
      "type": "google_compute_instance",
      "name": "this",
      "provider": "provider[\"registry.terraform.io/hashicorp/google\"]",
      "instances": [
        {
          "schema_version": 6,
          "attributes": {
            "advanced_machine_features": [],
            "allow_stopping_for_update": true,
            "attached_disk": [],
            "boot_disk": [
              {
                "auto_delete": true,
                "device_name": "persistent-disk-0",
                "disk_encryption_key_raw": "",
                "disk_encryption_key_sha256": "",
                "initialize_params": [
                  {
                    "image": "https://www.googleapis.com/compute/v1/projects/paloaltonetworksgcp-public/global/images/vmseries-flex-bundle2-1010",
                    "labels": {},
                    "size": 60,
                    "type": "pd-standard"
                  }
                ],
                "kms_key_self_link": "",
                "mode": "READ_WRITE",
                "source": "https://www.googleapis.com/compute/v1/projects/tf-gcp-interview-373822/zones/us-central1-a/disks/vmseries01"
              }
            ],
            "can_ip_forward": true,
            "confidential_instance_config": [],
            "cpu_platform": "Intel Broadwell",
            "current_status": "RUNNING",
            "deletion_protection": false,
            "description": "",
            "desired_status": null,
            "enable_display": false,
            "guest_accelerator": [],
            "hostname": "",
            "id": "projects/tf-gcp-interview-373822/zones/us-central1-a/instances/vmseries01",
            "instance_id": "8483952123909988557",
            "label_fingerprint": "42WmSpB8rSM=",
            "labels": {},
            "machine_type": "n1-standard-4",
            "metadata": {
              "mgmt-interface-swap": "enable",
              "serial-port-enable": "true",
              "ssh-keys": "admin:ssh-rsa AAAAB3NzaC1yc2EAAAADAQABAAABgQDcZhZaIxYmbBWvkUWUW9UL1HpsXicUxHirmBtiRZPYlJMBqt1CPmAhZJPhnF1HBE+6IfdiKb4y0eXW/KmOL++VZ+GpCzEzLuW443NJoirTGH7tQSAH3X2puurdvhS1ySidYAetSPBkr3dfIh5FazB1WwztDBwdqy8ku3+jjf5D6BckeW6HyulTNf4ZbM517pc34Awe2N+Q1KsYoll3UbsAf1UB0okujxMnTZJ+rrfOCGnfhN1+0yxfruSY9Gt7ttU8/XCZzoCo0sPUSHjQYiPFn9GAeNmE1Hdw3kycTSO1Qyb54DEn3/1KEnjWxAb8spBzFkZ5oQIumlFUnRYsx+zyTfeE2of+rmVt4Vn5zB6SNpFz3ApNdngP4qLOmDiNwWN7Alqu5JmXi5tQTmwgkuWkxYZntst4vGpLGRm8yRxo7H2iBCP/TsN0vUHJMx2XL9hJVCtGNF62/5t+UwTAqqqhFvWCEqrT2CKBDT+hA+uOk2M+2y34KwZ+W1WiEl5H3t0= gcp-demo\n",
              "vmseries-bootstrap-gce-storagebucket": "paloaltonetworks-firewall-bootstrap-kchxiwzyov"
            },
            "metadata_fingerprint": "xtk4ep9YcMQ=",
            "metadata_startup_script": "",
            "min_cpu_platform": "Intel Broadwell",
            "name": "vmseries01",
            "network_interface": [
              {
                "access_config": [
                  {
                    "nat_ip": "34.29.56.80",
                    "network_tier": "PREMIUM",
                    "public_ptr_domain_name": ""
                  }
                ],
                "alias_ip_range": [],
                "ipv6_access_config": [],
                "ipv6_access_type": "",
                "name": "nic0",
                "network": "https://www.googleapis.com/compute/v1/projects/tf-gcp-interview-373822/global/networks/untrust-vpc",
                "network_ip": "192.168.1.2",
                "nic_type": "",
                "stack_type": "IPV4_ONLY",
                "subnetwork": "https://www.googleapis.com/compute/v1/projects/tf-gcp-interview-373822/regions/us-central1/subnetworks/us-central1-untrust",
                "subnetwork_project": "tf-gcp-interview-373822"
              },
              {
                "access_config": [
                  {
                    "nat_ip": "130.211.114.78",
                    "network_tier": "PREMIUM",
                    "public_ptr_domain_name": ""
                  }
                ],
                "alias_ip_range": [],
                "ipv6_access_config": [],
                "ipv6_access_type": "",
                "name": "nic1",
                "network": "https://www.googleapis.com/compute/v1/projects/tf-gcp-interview-373822/global/networks/mgmt-vpc",
                "network_ip": "192.168.0.2",
                "nic_type": "",
                "stack_type": "IPV4_ONLY",
                "subnetwork": "https://www.googleapis.com/compute/v1/projects/tf-gcp-interview-373822/regions/us-central1/subnetworks/us-central1-mgmt",
                "subnetwork_project": "tf-gcp-interview-373822"
              },
              {
                "access_config": [],
                "alias_ip_range": [],
                "ipv6_access_config": [],
                "ipv6_access_type": "",
                "name": "nic2",
                "network": "https://www.googleapis.com/compute/v1/projects/tf-gcp-interview-373822/global/networks/trust-vpc",
                "network_ip": "192.168.2.2",
                "nic_type": "",
                "stack_type": "IPV4_ONLY",
                "subnetwork": "https://www.googleapis.com/compute/v1/projects/tf-gcp-interview-373822/regions/us-central1/subnetworks/us-central1-trust",
                "subnetwork_project": "tf-gcp-interview-373822"
              }
            ],
            "project": "tf-gcp-interview-373822",
            "reservation_affinity": [],
            "resource_policies": [],
            "scheduling": [
              {
                "automatic_restart": true,
                "min_node_cpus": 0,
                "node_affinities": [],
                "on_host_maintenance": "MIGRATE",
                "preemptible": false
              }
            ],
            "scratch_disk": [],
            "self_link": "https://www.googleapis.com/compute/v1/projects/tf-gcp-interview-373822/zones/us-central1-a/instances/vmseries01",
            "service_account": [
              {
                "email": "999098630472-compute@developer.gserviceaccount.com",
                "scopes": [
                  "https://www.googleapis.com/auth/cloud.useraccounts.readonly",
                  "https://www.googleapis.com/auth/compute.readonly",
                  "https://www.googleapis.com/auth/devstorage.read_only",
                  "https://www.googleapis.com/auth/logging.write",
                  "https://www.googleapis.com/auth/monitoring.write"
                ]
              }
            ],
            "shielded_instance_config": [],
            "tags": [],
            "tags_fingerprint": "42WmSpB8rSM=",
            "timeouts": null,
            "zone": "us-central1-a"
          },
          "sensitive_attributes": [],
          "private": "eyJlMmJmYjczMC1lY2FhLTExZTYtOGY4OC0zNDM2M2JjN2M0YzAiOnsiY3JlYXRlIjoxMjAwMDAwMDAwMDAwLCJkZWxldGUiOjEyMDAwMDAwMDAwMDAsInVwZGF0ZSI6MTIwMDAwMDAwMDAwMH0sInNjaGVtYV92ZXJzaW9uIjoiNiJ9",
          "dependencies": [
            "data.google_client_config.main",
            "data.google_compute_zones.main",
            "module.bootstrap.data.google_compute_default_service_account.this",
            "module.bootstrap.google_storage_bucket.this",
            "module.bootstrap.google_storage_bucket_iam_member.member",
            "module.bootstrap.google_storage_bucket_object.config_empty",
            "module.bootstrap.google_storage_bucket_object.content_empty",
            "module.bootstrap.google_storage_bucket_object.file",
            "module.bootstrap.google_storage_bucket_object.license_empty",
            "module.bootstrap.google_storage_bucket_object.software_empty",
            "module.bootstrap.random_string.randomstring",
            "module.iam_service_account.google_service_account.this",
            "module.vmseries.data.google_compute_image.vmseries",
            "module.vmseries.data.google_compute_subnetwork.this",
            "module.vmseries.google_compute_address.private",
            "module.vmseries.google_compute_address.public",
            "module.vmseries.null_resource.dependency_getter",
            "module.vpc_mgmt.module.subnets.google_compute_subnetwork.subnetwork",
            "module.vpc_mgmt.module.vpc.google_compute_network.network",
            "module.vpc_trust.module.subnets.google_compute_subnetwork.subnetwork",
            "module.vpc_trust.module.vpc.google_compute_network.network",
            "module.vpc_untrust.module.subnets.google_compute_subnetwork.subnetwork",
            "module.vpc_untrust.module.vpc.google_compute_network.network"
          ]
        }
      ]
    },
    {
      "module": "module.vmseries[\"vmseries01\"]",
      "mode": "managed",
      "type": "google_compute_instance_group",
      "name": "this",
      "provider": "provider[\"registry.terraform.io/hashicorp/google\"]",
      "instances": [
        {
          "index_key": 0,
          "schema_version": 2,
          "attributes": {
            "description": "",
            "id": "projects/tf-gcp-interview-373822/zones/us-central1-a/instanceGroups/vmseries01-us-central1-a",
            "instances": [
              "https://www.googleapis.com/compute/v1/projects/tf-gcp-interview-373822/zones/us-central1-a/instances/vmseries01"
            ],
            "name": "vmseries01-us-central1-a",
            "named_port": [],
            "network": "https://www.googleapis.com/compute/v1/projects/tf-gcp-interview-373822/global/networks/untrust-vpc",
            "project": "tf-gcp-interview-373822",
            "self_link": "https://www.googleapis.com/compute/v1/projects/tf-gcp-interview-373822/zones/us-central1-a/instanceGroups/vmseries01-us-central1-a",
            "size": 1,
            "timeouts": null,
            "zone": "us-central1-a"
          },
          "sensitive_attributes": [],
          "private": "eyJlMmJmYjczMC1lY2FhLTExZTYtOGY4OC0zNDM2M2JjN2M0YzAiOnsiY3JlYXRlIjozNjAwMDAwMDAwMDAsImRlbGV0ZSI6MzYwMDAwMDAwMDAwLCJ1cGRhdGUiOjM2MDAwMDAwMDAwMH0sInNjaGVtYV92ZXJzaW9uIjoiMiJ9",
          "dependencies": [
            "data.google_client_config.main",
            "data.google_compute_zones.main",
            "module.bootstrap.data.google_compute_default_service_account.this",
            "module.bootstrap.google_storage_bucket.this",
            "module.bootstrap.google_storage_bucket_iam_member.member",
            "module.bootstrap.google_storage_bucket_object.config_empty",
            "module.bootstrap.google_storage_bucket_object.content_empty",
            "module.bootstrap.google_storage_bucket_object.file",
            "module.bootstrap.google_storage_bucket_object.license_empty",
            "module.bootstrap.google_storage_bucket_object.software_empty",
            "module.bootstrap.random_string.randomstring",
            "module.iam_service_account.google_service_account.this",
            "module.vmseries.data.google_compute_image.vmseries",
            "module.vmseries.data.google_compute_subnetwork.this",
            "module.vmseries.google_compute_address.private",
            "module.vmseries.google_compute_address.public",
            "module.vmseries.google_compute_instance.this",
            "module.vmseries.null_resource.dependency_getter",
            "module.vpc_mgmt.module.subnets.google_compute_subnetwork.subnetwork",
            "module.vpc_mgmt.module.vpc.google_compute_network.network",
            "module.vpc_trust.module.subnets.google_compute_subnetwork.subnetwork",
            "module.vpc_trust.module.vpc.google_compute_network.network",
            "module.vpc_untrust.module.subnets.google_compute_subnetwork.subnetwork",
            "module.vpc_untrust.module.vpc.google_compute_network.network"
          ]
        }
      ]
    },
    {
      "module": "module.vmseries[\"vmseries01\"]",
      "mode": "managed",
      "type": "null_resource",
      "name": "dependency_getter",
      "provider": "provider[\"registry.terraform.io/hashicorp/null\"]",
      "instances": [
        {
          "schema_version": 0,
          "attributes": {
            "id": "4895583362034694884",
            "triggers": null
          },
          "sensitive_attributes": [],
          "dependencies": [
            "data.google_client_config.main",
            "data.google_compute_zones.main",
            "module.bootstrap.data.google_compute_default_service_account.this",
            "module.bootstrap.google_storage_bucket.this",
            "module.bootstrap.google_storage_bucket_iam_member.member",
            "module.bootstrap.google_storage_bucket_object.config_empty",
            "module.bootstrap.google_storage_bucket_object.content_empty",
            "module.bootstrap.google_storage_bucket_object.file",
            "module.bootstrap.google_storage_bucket_object.license_empty",
            "module.bootstrap.google_storage_bucket_object.software_empty",
            "module.bootstrap.random_string.randomstring",
            "module.iam_service_account.google_service_account.this"
          ]
        }
      ]
    },
    {
      "module": "module.vmseries[\"vmseries02\"]",
      "mode": "data",
      "type": "google_compute_image",
      "name": "vmseries",
      "provider": "provider[\"registry.terraform.io/hashicorp/google\"]",
      "instances": [
        {
          "index_key": 0,
          "schema_version": 0,
          "attributes": {
            "archive_size_bytes": 10410054528,
            "creation_timestamp": "2021-06-07T13:41:40.635-07:00",
            "description": "VM-Series BUNDLE2 - PAN-OS 10.1.0",
            "disk_size_gb": 60,
            "family": "vmseries-101",
            "filter": null,
            "id": "projects/paloaltonetworksgcp-public/global/images/vmseries-flex-bundle2-1010",
            "image_encryption_key_sha256": "",
            "image_id": "4433282288550361707",
            "label_fingerprint": "42WmSpB8rSM=",
            "labels": {},
            "licenses": [
              "https://www.googleapis.com/compute/v1/projects/paloaltonetworksgcp-public/global/licenses/vmseries-flex-bundle2"
            ],
            "name": "vmseries-flex-bundle2-1010",
            "project": "paloaltonetworksgcp-public",
            "self_link": "https://www.googleapis.com/compute/v1/projects/paloaltonetworksgcp-public/global/images/vmseries-flex-bundle2-1010",
            "source_disk": "https://www.googleapis.com/compute/v1/projects/panw-vm-mp-staging-public/zones/us-west1-a/disks/basedisk-10-1-0",
            "source_disk_encryption_key_sha256": "",
            "source_disk_id": "8917835509784629546",
            "source_image_id": "",
            "status": "READY"
          },
          "sensitive_attributes": []
        }
      ]
    },
    {
      "module": "module.vmseries[\"vmseries02\"]",
      "mode": "data",
      "type": "google_compute_subnetwork",
      "name": "this",
      "provider": "provider[\"registry.terraform.io/hashicorp/google\"]",
      "instances": [
        {
          "index_key": "0",
          "schema_version": 0,
          "attributes": {
            "description": "",
            "gateway_address": "192.168.1.1",
            "id": "projects/tf-gcp-interview-373822/regions/us-central1/subnetworks/us-central1-untrust",
            "ip_cidr_range": "192.168.1.0/28",
            "name": "us-central1-untrust",
            "network": "https://www.googleapis.com/compute/v1/projects/tf-gcp-interview-373822/global/networks/untrust-vpc",
            "private_ip_google_access": false,
            "project": "tf-gcp-interview-373822",
            "region": "us-central1",
            "secondary_ip_range": [],
            "self_link": "https://www.googleapis.com/compute/v1/projects/tf-gcp-interview-373822/regions/us-central1/subnetworks/us-central1-untrust"
          },
          "sensitive_attributes": []
        },
        {
          "index_key": "1",
          "schema_version": 0,
          "attributes": {
            "description": "",
            "gateway_address": "192.168.0.1",
            "id": "projects/tf-gcp-interview-373822/regions/us-central1/subnetworks/us-central1-mgmt",
            "ip_cidr_range": "192.168.0.0/25",
            "name": "us-central1-mgmt",
            "network": "https://www.googleapis.com/compute/v1/projects/tf-gcp-interview-373822/global/networks/mgmt-vpc",
            "private_ip_google_access": false,
            "project": "tf-gcp-interview-373822",
            "region": "us-central1",
            "secondary_ip_range": [],
            "self_link": "https://www.googleapis.com/compute/v1/projects/tf-gcp-interview-373822/regions/us-central1/subnetworks/us-central1-mgmt"
          },
          "sensitive_attributes": []
        },
        {
          "index_key": "2",
          "schema_version": 0,
          "attributes": {
            "description": "",
            "gateway_address": "192.168.2.1",
            "id": "projects/tf-gcp-interview-373822/regions/us-central1/subnetworks/us-central1-trust",
            "ip_cidr_range": "192.168.2.0/28",
            "name": "us-central1-trust",
            "network": "https://www.googleapis.com/compute/v1/projects/tf-gcp-interview-373822/global/networks/trust-vpc",
            "private_ip_google_access": false,
            "project": "tf-gcp-interview-373822",
            "region": "us-central1",
            "secondary_ip_range": [],
            "self_link": "https://www.googleapis.com/compute/v1/projects/tf-gcp-interview-373822/regions/us-central1/subnetworks/us-central1-trust"
          },
          "sensitive_attributes": []
        }
      ]
    },
    {
      "module": "module.vmseries[\"vmseries02\"]",
      "mode": "managed",
      "type": "google_compute_address",
      "name": "private",
      "provider": "provider[\"registry.terraform.io/hashicorp/google\"]",
      "instances": [
        {
          "index_key": "0",
          "schema_version": 0,
          "attributes": {
            "address": "192.168.1.3",
            "address_type": "INTERNAL",
            "creation_timestamp": "2023-01-11T08:04:38.189-08:00",
            "description": "",
            "id": "projects/tf-gcp-interview-373822/regions/us-central1/addresses/vmseries02-0-private",
            "name": "vmseries02-0-private",
            "network": "",
            "network_tier": "PREMIUM",
            "prefix_length": 0,
            "project": "tf-gcp-interview-373822",
            "purpose": "GCE_ENDPOINT",
            "region": "us-central1",
            "self_link": "https://www.googleapis.com/compute/v1/projects/tf-gcp-interview-373822/regions/us-central1/addresses/vmseries02-0-private",
            "subnetwork": "https://www.googleapis.com/compute/v1/projects/tf-gcp-interview-373822/regions/us-central1/subnetworks/us-central1-untrust",
            "timeouts": null,
            "users": [
              "https://www.googleapis.com/compute/v1/projects/tf-gcp-interview-373822/zones/us-central1-b/instances/vmseries02"
            ]
          },
          "sensitive_attributes": [],
          "private": "eyJlMmJmYjczMC1lY2FhLTExZTYtOGY4OC0zNDM2M2JjN2M0YzAiOnsiY3JlYXRlIjoyNDAwMDAwMDAwMDAsImRlbGV0ZSI6MjQwMDAwMDAwMDAwfX0=",
          "dependencies": [
            "data.google_client_config.main",
            "data.google_compute_zones.main",
            "module.bootstrap.data.google_compute_default_service_account.this",
            "module.bootstrap.google_storage_bucket.this",
            "module.bootstrap.google_storage_bucket_iam_member.member",
            "module.bootstrap.google_storage_bucket_object.config_empty",
            "module.bootstrap.google_storage_bucket_object.content_empty",
            "module.bootstrap.google_storage_bucket_object.file",
            "module.bootstrap.google_storage_bucket_object.license_empty",
            "module.bootstrap.google_storage_bucket_object.software_empty",
            "module.bootstrap.random_string.randomstring",
            "module.iam_service_account.google_service_account.this",
            "module.vmseries.data.google_compute_subnetwork.this",
            "module.vpc_mgmt.module.subnets.google_compute_subnetwork.subnetwork",
            "module.vpc_mgmt.module.vpc.google_compute_network.network",
            "module.vpc_trust.module.subnets.google_compute_subnetwork.subnetwork",
            "module.vpc_trust.module.vpc.google_compute_network.network",
            "module.vpc_untrust.module.subnets.google_compute_subnetwork.subnetwork",
            "module.vpc_untrust.module.vpc.google_compute_network.network"
          ]
        },
        {
          "index_key": "1",
          "schema_version": 0,
          "attributes": {
            "address": "192.168.0.3",
            "address_type": "INTERNAL",
            "creation_timestamp": "2023-01-11T08:04:27.799-08:00",
            "description": "",
            "id": "projects/tf-gcp-interview-373822/regions/us-central1/addresses/vmseries02-1-private",
            "name": "vmseries02-1-private",
            "network": "",
            "network_tier": "PREMIUM",
            "prefix_length": 0,
            "project": "tf-gcp-interview-373822",
            "purpose": "GCE_ENDPOINT",
            "region": "us-central1",
            "self_link": "https://www.googleapis.com/compute/v1/projects/tf-gcp-interview-373822/regions/us-central1/addresses/vmseries02-1-private",
            "subnetwork": "https://www.googleapis.com/compute/v1/projects/tf-gcp-interview-373822/regions/us-central1/subnetworks/us-central1-mgmt",
            "timeouts": null,
            "users": [
              "https://www.googleapis.com/compute/v1/projects/tf-gcp-interview-373822/zones/us-central1-b/instances/vmseries02"
            ]
          },
          "sensitive_attributes": [],
          "private": "eyJlMmJmYjczMC1lY2FhLTExZTYtOGY4OC0zNDM2M2JjN2M0YzAiOnsiY3JlYXRlIjoyNDAwMDAwMDAwMDAsImRlbGV0ZSI6MjQwMDAwMDAwMDAwfX0=",
          "dependencies": [
            "data.google_client_config.main",
            "data.google_compute_zones.main",
            "module.bootstrap.data.google_compute_default_service_account.this",
            "module.bootstrap.google_storage_bucket.this",
            "module.bootstrap.google_storage_bucket_iam_member.member",
            "module.bootstrap.google_storage_bucket_object.config_empty",
            "module.bootstrap.google_storage_bucket_object.content_empty",
            "module.bootstrap.google_storage_bucket_object.file",
            "module.bootstrap.google_storage_bucket_object.license_empty",
            "module.bootstrap.google_storage_bucket_object.software_empty",
            "module.bootstrap.random_string.randomstring",
            "module.iam_service_account.google_service_account.this",
            "module.vmseries.data.google_compute_subnetwork.this",
            "module.vpc_mgmt.module.subnets.google_compute_subnetwork.subnetwork",
            "module.vpc_mgmt.module.vpc.google_compute_network.network",
            "module.vpc_trust.module.subnets.google_compute_subnetwork.subnetwork",
            "module.vpc_trust.module.vpc.google_compute_network.network",
            "module.vpc_untrust.module.subnets.google_compute_subnetwork.subnetwork",
            "module.vpc_untrust.module.vpc.google_compute_network.network"
          ]
        },
        {
          "index_key": "2",
          "schema_version": 0,
          "attributes": {
            "address": "192.168.2.3",
            "address_type": "INTERNAL",
            "creation_timestamp": "2023-01-11T08:04:27.801-08:00",
            "description": "",
            "id": "projects/tf-gcp-interview-373822/regions/us-central1/addresses/vmseries02-2-private",
            "name": "vmseries02-2-private",
            "network": "",
            "network_tier": "PREMIUM",
            "prefix_length": 0,
            "project": "tf-gcp-interview-373822",
            "purpose": "GCE_ENDPOINT",
            "region": "us-central1",
            "self_link": "https://www.googleapis.com/compute/v1/projects/tf-gcp-interview-373822/regions/us-central1/addresses/vmseries02-2-private",
            "subnetwork": "https://www.googleapis.com/compute/v1/projects/tf-gcp-interview-373822/regions/us-central1/subnetworks/us-central1-trust",
            "timeouts": null,
            "users": [
              "https://www.googleapis.com/compute/v1/projects/tf-gcp-interview-373822/zones/us-central1-b/instances/vmseries02"
            ]
          },
          "sensitive_attributes": [],
          "private": "eyJlMmJmYjczMC1lY2FhLTExZTYtOGY4OC0zNDM2M2JjN2M0YzAiOnsiY3JlYXRlIjoyNDAwMDAwMDAwMDAsImRlbGV0ZSI6MjQwMDAwMDAwMDAwfX0=",
          "dependencies": [
            "data.google_client_config.main",
            "data.google_compute_zones.main",
            "module.bootstrap.data.google_compute_default_service_account.this",
            "module.bootstrap.google_storage_bucket.this",
            "module.bootstrap.google_storage_bucket_iam_member.member",
            "module.bootstrap.google_storage_bucket_object.config_empty",
            "module.bootstrap.google_storage_bucket_object.content_empty",
            "module.bootstrap.google_storage_bucket_object.file",
            "module.bootstrap.google_storage_bucket_object.license_empty",
            "module.bootstrap.google_storage_bucket_object.software_empty",
            "module.bootstrap.random_string.randomstring",
            "module.iam_service_account.google_service_account.this",
            "module.vmseries.data.google_compute_subnetwork.this",
            "module.vpc_mgmt.module.subnets.google_compute_subnetwork.subnetwork",
            "module.vpc_mgmt.module.vpc.google_compute_network.network",
            "module.vpc_trust.module.subnets.google_compute_subnetwork.subnetwork",
            "module.vpc_trust.module.vpc.google_compute_network.network",
            "module.vpc_untrust.module.subnets.google_compute_subnetwork.subnetwork",
            "module.vpc_untrust.module.vpc.google_compute_network.network"
          ]
        }
      ]
    },
    {
      "module": "module.vmseries[\"vmseries02\"]",
      "mode": "managed",
      "type": "google_compute_address",
      "name": "public",
      "provider": "provider[\"registry.terraform.io/hashicorp/google\"]",
      "instances": [
        {
          "index_key": "0",
          "schema_version": 0,
          "attributes": {
            "address": "34.121.197.90",
            "address_type": "EXTERNAL",
            "creation_timestamp": "2023-01-11T08:04:28.083-08:00",
            "description": "",
            "id": "projects/tf-gcp-interview-373822/regions/us-central1/addresses/vmseries02-0-public",
            "name": "vmseries02-0-public",
            "network": "",
            "network_tier": "PREMIUM",
            "prefix_length": 0,
            "project": "tf-gcp-interview-373822",
            "purpose": "",
            "region": "us-central1",
            "self_link": "https://www.googleapis.com/compute/v1/projects/tf-gcp-interview-373822/regions/us-central1/addresses/vmseries02-0-public",
            "subnetwork": "",
            "timeouts": null,
            "users": [
              "https://www.googleapis.com/compute/v1/projects/tf-gcp-interview-373822/zones/us-central1-b/instances/vmseries02"
            ]
          },
          "sensitive_attributes": [],
          "private": "eyJlMmJmYjczMC1lY2FhLTExZTYtOGY4OC0zNDM2M2JjN2M0YzAiOnsiY3JlYXRlIjoyNDAwMDAwMDAwMDAsImRlbGV0ZSI6MjQwMDAwMDAwMDAwfX0=",
          "dependencies": [
            "data.google_client_config.main",
            "data.google_compute_zones.main",
            "module.bootstrap.data.google_compute_default_service_account.this",
            "module.bootstrap.google_storage_bucket.this",
            "module.bootstrap.google_storage_bucket_iam_member.member",
            "module.bootstrap.google_storage_bucket_object.config_empty",
            "module.bootstrap.google_storage_bucket_object.content_empty",
            "module.bootstrap.google_storage_bucket_object.file",
            "module.bootstrap.google_storage_bucket_object.license_empty",
            "module.bootstrap.google_storage_bucket_object.software_empty",
            "module.bootstrap.random_string.randomstring",
            "module.iam_service_account.google_service_account.this",
            "module.vmseries.data.google_compute_subnetwork.this",
            "module.vpc_mgmt.module.subnets.google_compute_subnetwork.subnetwork",
            "module.vpc_mgmt.module.vpc.google_compute_network.network",
            "module.vpc_trust.module.subnets.google_compute_subnetwork.subnetwork",
            "module.vpc_trust.module.vpc.google_compute_network.network",
            "module.vpc_untrust.module.subnets.google_compute_subnetwork.subnetwork",
            "module.vpc_untrust.module.vpc.google_compute_network.network"
          ]
        },
        {
          "index_key": "1",
          "schema_version": 0,
          "attributes": {
            "address": "34.172.133.216",
            "address_type": "EXTERNAL",
            "creation_timestamp": "2023-01-11T08:04:38.984-08:00",
            "description": "",
            "id": "projects/tf-gcp-interview-373822/regions/us-central1/addresses/vmseries02-1-public",
            "name": "vmseries02-1-public",
            "network": "",
            "network_tier": "PREMIUM",
            "prefix_length": 0,
            "project": "tf-gcp-interview-373822",
            "purpose": "",
            "region": "us-central1",
            "self_link": "https://www.googleapis.com/compute/v1/projects/tf-gcp-interview-373822/regions/us-central1/addresses/vmseries02-1-public",
            "subnetwork": "",
            "timeouts": null,
            "users": [
              "https://www.googleapis.com/compute/v1/projects/tf-gcp-interview-373822/zones/us-central1-b/instances/vmseries02"
            ]
          },
          "sensitive_attributes": [],
          "private": "eyJlMmJmYjczMC1lY2FhLTExZTYtOGY4OC0zNDM2M2JjN2M0YzAiOnsiY3JlYXRlIjoyNDAwMDAwMDAwMDAsImRlbGV0ZSI6MjQwMDAwMDAwMDAwfX0=",
          "dependencies": [
            "data.google_client_config.main",
            "data.google_compute_zones.main",
            "module.bootstrap.data.google_compute_default_service_account.this",
            "module.bootstrap.google_storage_bucket.this",
            "module.bootstrap.google_storage_bucket_iam_member.member",
            "module.bootstrap.google_storage_bucket_object.config_empty",
            "module.bootstrap.google_storage_bucket_object.content_empty",
            "module.bootstrap.google_storage_bucket_object.file",
            "module.bootstrap.google_storage_bucket_object.license_empty",
            "module.bootstrap.google_storage_bucket_object.software_empty",
            "module.bootstrap.random_string.randomstring",
            "module.iam_service_account.google_service_account.this",
            "module.vmseries.data.google_compute_subnetwork.this",
            "module.vpc_mgmt.module.subnets.google_compute_subnetwork.subnetwork",
            "module.vpc_mgmt.module.vpc.google_compute_network.network",
            "module.vpc_trust.module.subnets.google_compute_subnetwork.subnetwork",
            "module.vpc_trust.module.vpc.google_compute_network.network",
            "module.vpc_untrust.module.subnets.google_compute_subnetwork.subnetwork",
            "module.vpc_untrust.module.vpc.google_compute_network.network"
          ]
        }
      ]
    },
    {
      "module": "module.vmseries[\"vmseries02\"]",
      "mode": "managed",
      "type": "google_compute_instance",
      "name": "this",
      "provider": "provider[\"registry.terraform.io/hashicorp/google\"]",
      "instances": [
        {
          "schema_version": 6,
          "attributes": {
            "advanced_machine_features": [],
            "allow_stopping_for_update": true,
            "attached_disk": [],
            "boot_disk": [
              {
                "auto_delete": true,
                "device_name": "persistent-disk-0",
                "disk_encryption_key_raw": "",
                "disk_encryption_key_sha256": "",
                "initialize_params": [
                  {
                    "image": "https://www.googleapis.com/compute/v1/projects/paloaltonetworksgcp-public/global/images/vmseries-flex-bundle2-1010",
                    "labels": {},
                    "size": 60,
                    "type": "pd-standard"
                  }
                ],
                "kms_key_self_link": "",
                "mode": "READ_WRITE",
                "source": "https://www.googleapis.com/compute/v1/projects/tf-gcp-interview-373822/zones/us-central1-b/disks/vmseries02"
              }
            ],
            "can_ip_forward": true,
            "confidential_instance_config": [],
            "cpu_platform": "Intel Broadwell",
            "current_status": "RUNNING",
            "deletion_protection": false,
            "description": "",
            "desired_status": null,
            "enable_display": false,
            "guest_accelerator": [],
            "hostname": "",
            "id": "projects/tf-gcp-interview-373822/zones/us-central1-b/instances/vmseries02",
            "instance_id": "1816305105299005645",
            "label_fingerprint": "42WmSpB8rSM=",
            "labels": {},
            "machine_type": "n1-standard-4",
            "metadata": {
              "mgmt-interface-swap": "enable",
              "serial-port-enable": "true",
              "ssh-keys": "admin:ssh-rsa AAAAB3NzaC1yc2EAAAADAQABAAABgQDcZhZaIxYmbBWvkUWUW9UL1HpsXicUxHirmBtiRZPYlJMBqt1CPmAhZJPhnF1HBE+6IfdiKb4y0eXW/KmOL++VZ+GpCzEzLuW443NJoirTGH7tQSAH3X2puurdvhS1ySidYAetSPBkr3dfIh5FazB1WwztDBwdqy8ku3+jjf5D6BckeW6HyulTNf4ZbM517pc34Awe2N+Q1KsYoll3UbsAf1UB0okujxMnTZJ+rrfOCGnfhN1+0yxfruSY9Gt7ttU8/XCZzoCo0sPUSHjQYiPFn9GAeNmE1Hdw3kycTSO1Qyb54DEn3/1KEnjWxAb8spBzFkZ5oQIumlFUnRYsx+zyTfeE2of+rmVt4Vn5zB6SNpFz3ApNdngP4qLOmDiNwWN7Alqu5JmXi5tQTmwgkuWkxYZntst4vGpLGRm8yRxo7H2iBCP/TsN0vUHJMx2XL9hJVCtGNF62/5t+UwTAqqqhFvWCEqrT2CKBDT+hA+uOk2M+2y34KwZ+W1WiEl5H3t0= gcp-demo\n",
              "vmseries-bootstrap-gce-storagebucket": "paloaltonetworks-firewall-bootstrap-kchxiwzyov"
            },
            "metadata_fingerprint": "xtk4ep9YcMQ=",
            "metadata_startup_script": "",
            "min_cpu_platform": "Intel Broadwell",
            "name": "vmseries02",
            "network_interface": [
              {
                "access_config": [
                  {
                    "nat_ip": "34.121.197.90",
                    "network_tier": "PREMIUM",
                    "public_ptr_domain_name": ""
                  }
                ],
                "alias_ip_range": [],
                "ipv6_access_config": [],
                "ipv6_access_type": "",
                "name": "nic0",
                "network": "https://www.googleapis.com/compute/v1/projects/tf-gcp-interview-373822/global/networks/untrust-vpc",
                "network_ip": "192.168.1.3",
                "nic_type": "",
                "stack_type": "IPV4_ONLY",
                "subnetwork": "https://www.googleapis.com/compute/v1/projects/tf-gcp-interview-373822/regions/us-central1/subnetworks/us-central1-untrust",
                "subnetwork_project": "tf-gcp-interview-373822"
              },
              {
                "access_config": [
                  {
                    "nat_ip": "34.172.133.216",
                    "network_tier": "PREMIUM",
                    "public_ptr_domain_name": ""
                  }
                ],
                "alias_ip_range": [],
                "ipv6_access_config": [],
                "ipv6_access_type": "",
                "name": "nic1",
                "network": "https://www.googleapis.com/compute/v1/projects/tf-gcp-interview-373822/global/networks/mgmt-vpc",
                "network_ip": "192.168.0.3",
                "nic_type": "",
                "stack_type": "IPV4_ONLY",
                "subnetwork": "https://www.googleapis.com/compute/v1/projects/tf-gcp-interview-373822/regions/us-central1/subnetworks/us-central1-mgmt",
                "subnetwork_project": "tf-gcp-interview-373822"
              },
              {
                "access_config": [],
                "alias_ip_range": [],
                "ipv6_access_config": [],
                "ipv6_access_type": "",
                "name": "nic2",
                "network": "https://www.googleapis.com/compute/v1/projects/tf-gcp-interview-373822/global/networks/trust-vpc",
                "network_ip": "192.168.2.3",
                "nic_type": "",
                "stack_type": "IPV4_ONLY",
                "subnetwork": "https://www.googleapis.com/compute/v1/projects/tf-gcp-interview-373822/regions/us-central1/subnetworks/us-central1-trust",
                "subnetwork_project": "tf-gcp-interview-373822"
              }
            ],
            "project": "tf-gcp-interview-373822",
            "reservation_affinity": [],
            "resource_policies": [],
            "scheduling": [
              {
                "automatic_restart": true,
                "min_node_cpus": 0,
                "node_affinities": [],
                "on_host_maintenance": "MIGRATE",
                "preemptible": false
              }
            ],
            "scratch_disk": [],
            "self_link": "https://www.googleapis.com/compute/v1/projects/tf-gcp-interview-373822/zones/us-central1-b/instances/vmseries02",
            "service_account": [
              {
                "email": "999098630472-compute@developer.gserviceaccount.com",
                "scopes": [
                  "https://www.googleapis.com/auth/cloud.useraccounts.readonly",
                  "https://www.googleapis.com/auth/compute.readonly",
                  "https://www.googleapis.com/auth/devstorage.read_only",
                  "https://www.googleapis.com/auth/logging.write",
                  "https://www.googleapis.com/auth/monitoring.write"
                ]
              }
            ],
            "shielded_instance_config": [],
            "tags": [],
            "tags_fingerprint": "42WmSpB8rSM=",
            "timeouts": null,
            "zone": "us-central1-b"
          },
          "sensitive_attributes": [],
          "private": "eyJlMmJmYjczMC1lY2FhLTExZTYtOGY4OC0zNDM2M2JjN2M0YzAiOnsiY3JlYXRlIjoxMjAwMDAwMDAwMDAwLCJkZWxldGUiOjEyMDAwMDAwMDAwMDAsInVwZGF0ZSI6MTIwMDAwMDAwMDAwMH0sInNjaGVtYV92ZXJzaW9uIjoiNiJ9",
          "dependencies": [
            "data.google_client_config.main",
            "data.google_compute_zones.main",
            "module.bootstrap.data.google_compute_default_service_account.this",
            "module.bootstrap.google_storage_bucket.this",
            "module.bootstrap.google_storage_bucket_iam_member.member",
            "module.bootstrap.google_storage_bucket_object.config_empty",
            "module.bootstrap.google_storage_bucket_object.content_empty",
            "module.bootstrap.google_storage_bucket_object.file",
            "module.bootstrap.google_storage_bucket_object.license_empty",
            "module.bootstrap.google_storage_bucket_object.software_empty",
            "module.bootstrap.random_string.randomstring",
            "module.iam_service_account.google_service_account.this",
            "module.vmseries.data.google_compute_image.vmseries",
            "module.vmseries.data.google_compute_subnetwork.this",
            "module.vmseries.google_compute_address.private",
            "module.vmseries.google_compute_address.public",
            "module.vmseries.null_resource.dependency_getter",
            "module.vpc_mgmt.module.subnets.google_compute_subnetwork.subnetwork",
            "module.vpc_mgmt.module.vpc.google_compute_network.network",
            "module.vpc_trust.module.subnets.google_compute_subnetwork.subnetwork",
            "module.vpc_trust.module.vpc.google_compute_network.network",
            "module.vpc_untrust.module.subnets.google_compute_subnetwork.subnetwork",
            "module.vpc_untrust.module.vpc.google_compute_network.network"
          ]
        }
      ]
    },
    {
      "module": "module.vmseries[\"vmseries02\"]",
      "mode": "managed",
      "type": "google_compute_instance_group",
      "name": "this",
      "provider": "provider[\"registry.terraform.io/hashicorp/google\"]",
      "instances": [
        {
          "index_key": 0,
          "schema_version": 2,
          "attributes": {
            "description": "",
            "id": "projects/tf-gcp-interview-373822/zones/us-central1-b/instanceGroups/vmseries02-us-central1-b",
            "instances": [
              "https://www.googleapis.com/compute/v1/projects/tf-gcp-interview-373822/zones/us-central1-b/instances/vmseries02"
            ],
            "name": "vmseries02-us-central1-b",
            "named_port": [],
            "network": "https://www.googleapis.com/compute/v1/projects/tf-gcp-interview-373822/global/networks/untrust-vpc",
            "project": "tf-gcp-interview-373822",
            "self_link": "https://www.googleapis.com/compute/v1/projects/tf-gcp-interview-373822/zones/us-central1-b/instanceGroups/vmseries02-us-central1-b",
            "size": 1,
            "timeouts": null,
            "zone": "us-central1-b"
          },
          "sensitive_attributes": [],
          "private": "eyJlMmJmYjczMC1lY2FhLTExZTYtOGY4OC0zNDM2M2JjN2M0YzAiOnsiY3JlYXRlIjozNjAwMDAwMDAwMDAsImRlbGV0ZSI6MzYwMDAwMDAwMDAwLCJ1cGRhdGUiOjM2MDAwMDAwMDAwMH0sInNjaGVtYV92ZXJzaW9uIjoiMiJ9",
          "dependencies": [
            "data.google_client_config.main",
            "data.google_compute_zones.main",
            "module.bootstrap.data.google_compute_default_service_account.this",
            "module.bootstrap.google_storage_bucket.this",
            "module.bootstrap.google_storage_bucket_iam_member.member",
            "module.bootstrap.google_storage_bucket_object.config_empty",
            "module.bootstrap.google_storage_bucket_object.content_empty",
            "module.bootstrap.google_storage_bucket_object.file",
            "module.bootstrap.google_storage_bucket_object.license_empty",
            "module.bootstrap.google_storage_bucket_object.software_empty",
            "module.bootstrap.random_string.randomstring",
            "module.iam_service_account.google_service_account.this",
            "module.vmseries.data.google_compute_image.vmseries",
            "module.vmseries.data.google_compute_subnetwork.this",
            "module.vmseries.google_compute_address.private",
            "module.vmseries.google_compute_address.public",
            "module.vmseries.google_compute_instance.this",
            "module.vmseries.null_resource.dependency_getter",
            "module.vpc_mgmt.module.subnets.google_compute_subnetwork.subnetwork",
            "module.vpc_mgmt.module.vpc.google_compute_network.network",
            "module.vpc_trust.module.subnets.google_compute_subnetwork.subnetwork",
            "module.vpc_trust.module.vpc.google_compute_network.network",
            "module.vpc_untrust.module.subnets.google_compute_subnetwork.subnetwork",
            "module.vpc_untrust.module.vpc.google_compute_network.network"
          ]
        }
      ]
    },
    {
      "module": "module.vmseries[\"vmseries02\"]",
      "mode": "managed",
      "type": "null_resource",
      "name": "dependency_getter",
      "provider": "provider[\"registry.terraform.io/hashicorp/null\"]",
      "instances": [
        {
          "schema_version": 0,
          "attributes": {
            "id": "8395013014242075964",
            "triggers": null
          },
          "sensitive_attributes": [],
          "dependencies": [
            "data.google_client_config.main",
            "data.google_compute_zones.main",
            "module.bootstrap.data.google_compute_default_service_account.this",
            "module.bootstrap.google_storage_bucket.this",
            "module.bootstrap.google_storage_bucket_iam_member.member",
            "module.bootstrap.google_storage_bucket_object.config_empty",
            "module.bootstrap.google_storage_bucket_object.content_empty",
            "module.bootstrap.google_storage_bucket_object.file",
            "module.bootstrap.google_storage_bucket_object.license_empty",
            "module.bootstrap.google_storage_bucket_object.software_empty",
            "module.bootstrap.random_string.randomstring",
            "module.iam_service_account.google_service_account.this"
          ]
        }
      ]
    },
    {
      "module": "module.vpc_mgmt.module.firewall_rules",
      "mode": "managed",
      "type": "google_compute_firewall",
      "name": "rules",
      "provider": "provider[\"registry.terraform.io/hashicorp/google\"]",
      "instances": [
        {
          "index_key": "vmseries-mgmt",
          "schema_version": 1,
          "attributes": {
            "allow": [
              {
                "ports": [
                  "22",
                  "443"
                ],
                "protocol": "tcp"
              }
            ],
            "creation_timestamp": "2023-01-11T08:03:40.244-08:00",
            "deny": [],
            "description": "Allow ingress access to VM-Series management interface",
            "destination_ranges": [],
            "direction": "INGRESS",
            "disabled": false,
            "enable_logging": null,
            "id": "projects/tf-gcp-interview-373822/global/firewalls/vmseries-mgmt",
            "log_config": [],
            "name": "vmseries-mgmt",
            "network": "https://www.googleapis.com/compute/v1/projects/tf-gcp-interview-373822/global/networks/mgmt-vpc",
            "priority": 100,
            "project": "tf-gcp-interview-373822",
            "self_link": "https://www.googleapis.com/compute/v1/projects/tf-gcp-interview-373822/global/firewalls/vmseries-mgmt",
            "source_ranges": [
              "0.0.0.0/0"
            ],
            "source_service_accounts": [],
            "source_tags": [],
            "target_service_accounts": [],
            "target_tags": [],
            "timeouts": null
          },
          "sensitive_attributes": [],
          "private": "eyJlMmJmYjczMC1lY2FhLTExZTYtOGY4OC0zNDM2M2JjN2M0YzAiOnsiY3JlYXRlIjoyNDAwMDAwMDAwMDAsImRlbGV0ZSI6MjQwMDAwMDAwMDAwLCJ1cGRhdGUiOjI0MDAwMDAwMDAwMH0sInNjaGVtYV92ZXJzaW9uIjoiMSJ9",
          "dependencies": [
            "module.vpc_mgmt.module.vpc.google_compute_network.network"
          ]
        }
      ]
    },
    {
      "module": "module.vpc_mgmt.module.subnets",
      "mode": "managed",
      "type": "google_compute_subnetwork",
      "name": "subnetwork",
      "provider": "provider[\"registry.terraform.io/hashicorp/google\"]",
      "instances": [
        {
          "index_key": "us-central1/us-central1-mgmt",
          "schema_version": 0,
          "attributes": {
            "creation_timestamp": "2023-01-11T08:03:38.393-08:00",
            "description": "",
            "external_ipv6_prefix": "",
            "fingerprint": null,
            "gateway_address": "192.168.0.1",
            "id": "projects/tf-gcp-interview-373822/regions/us-central1/subnetworks/us-central1-mgmt",
            "ip_cidr_range": "192.168.0.0/25",
            "ipv6_access_type": "",
            "ipv6_cidr_range": "",
            "log_config": [],
            "name": "us-central1-mgmt",
            "network": "https://www.googleapis.com/compute/v1/projects/tf-gcp-interview-373822/global/networks/mgmt-vpc",
            "private_ip_google_access": false,
            "private_ipv6_google_access": "DISABLE_GOOGLE_ACCESS",
            "project": "tf-gcp-interview-373822",
            "purpose": "PRIVATE",
            "region": "us-central1",
            "role": "",
            "secondary_ip_range": [],
            "self_link": "https://www.googleapis.com/compute/v1/projects/tf-gcp-interview-373822/regions/us-central1/subnetworks/us-central1-mgmt",
            "stack_type": "IPV4_ONLY",
            "timeouts": null
          },
          "sensitive_attributes": [],
          "private": "eyJlMmJmYjczMC1lY2FhLTExZTYtOGY4OC0zNDM2M2JjN2M0YzAiOnsiY3JlYXRlIjozNjAwMDAwMDAwMDAsImRlbGV0ZSI6MzYwMDAwMDAwMDAwLCJ1cGRhdGUiOjM2MDAwMDAwMDAwMH19",
          "dependencies": [
            "module.vpc_mgmt.module.vpc.google_compute_network.network"
          ]
        }
      ]
    },
    {
      "module": "module.vpc_mgmt.module.vpc",
      "mode": "managed",
      "type": "google_compute_network",
      "name": "network",
      "provider": "provider[\"registry.terraform.io/hashicorp/google\"]",
      "instances": [
        {
          "schema_version": 0,
          "attributes": {
            "auto_create_subnetworks": false,
            "delete_default_routes_on_create": false,
            "description": "",
            "gateway_ipv4": "",
            "id": "projects/tf-gcp-interview-373822/global/networks/mgmt-vpc",
            "mtu": 0,
            "name": "mgmt-vpc",
            "project": "tf-gcp-interview-373822",
            "routing_mode": "GLOBAL",
            "self_link": "https://www.googleapis.com/compute/v1/projects/tf-gcp-interview-373822/global/networks/mgmt-vpc",
            "timeouts": null
          },
          "sensitive_attributes": [],
          "private": "eyJlMmJmYjczMC1lY2FhLTExZTYtOGY4OC0zNDM2M2JjN2M0YzAiOnsiY3JlYXRlIjoyNDAwMDAwMDAwMDAsImRlbGV0ZSI6MjQwMDAwMDAwMDAwLCJ1cGRhdGUiOjI0MDAwMDAwMDAwMH19"
        }
      ]
    },
    {
      "module": "module.vpc_spoke1.module.firewall_rules",
      "mode": "managed",
      "type": "google_compute_firewall",
      "name": "rules",
      "provider": "provider[\"registry.terraform.io/hashicorp/google\"]",
      "instances": [
        {
          "index_key": "allow-all-spoke1",
          "schema_version": 1,
          "attributes": {
            "allow": [
              {
                "ports": [],
                "protocol": "all"
              }
            ],
            "creation_timestamp": "2023-01-11T08:03:49.255-08:00",
            "deny": [],
            "description": "",
            "destination_ranges": [],
            "direction": "INGRESS",
            "disabled": false,
            "enable_logging": null,
            "id": "projects/tf-gcp-interview-373822/global/firewalls/allow-all-spoke1",
            "log_config": [],
            "name": "allow-all-spoke1",
            "network": "https://www.googleapis.com/compute/v1/projects/tf-gcp-interview-373822/global/networks/spoke1-vpc",
            "priority": 100,
            "project": "tf-gcp-interview-373822",
            "self_link": "https://www.googleapis.com/compute/v1/projects/tf-gcp-interview-373822/global/firewalls/allow-all-spoke1",
            "source_ranges": [
              "0.0.0.0/0"
            ],
            "source_service_accounts": [],
            "source_tags": [],
            "target_service_accounts": [],
            "target_tags": [],
            "timeouts": null
          },
          "sensitive_attributes": [],
          "private": "eyJlMmJmYjczMC1lY2FhLTExZTYtOGY4OC0zNDM2M2JjN2M0YzAiOnsiY3JlYXRlIjoyNDAwMDAwMDAwMDAsImRlbGV0ZSI6MjQwMDAwMDAwMDAwLCJ1cGRhdGUiOjI0MDAwMDAwMDAwMH0sInNjaGVtYV92ZXJzaW9uIjoiMSJ9",
          "dependencies": [
            "module.vpc_spoke1.module.vpc.google_compute_network.network"
          ]
        }
      ]
    },
    {
      "module": "module.vpc_spoke1.module.routes",
      "mode": "managed",
      "type": "google_compute_route",
      "name": "route",
      "provider": "provider[\"registry.terraform.io/hashicorp/google\"]",
      "instances": [
        {
          "index_key": "spoke1-to-ilbnh",
          "schema_version": 0,
          "attributes": {
            "description": "Default route to VM-Series NGFW",
            "dest_range": "0.0.0.0/0",
            "id": "projects/tf-gcp-interview-373822/global/routes/spoke1-to-ilbnh",
            "name": "spoke1-to-ilbnh",
            "network": "https://www.googleapis.com/compute/v1/projects/tf-gcp-interview-373822/global/networks/spoke1-vpc",
            "next_hop_gateway": "",
            "next_hop_ilb": "192.168.2.10",
            "next_hop_instance": "",
            "next_hop_instance_zone": null,
            "next_hop_ip": "",
            "next_hop_network": "",
            "next_hop_vpn_tunnel": "",
            "priority": 1000,
            "project": "tf-gcp-interview-373822",
            "self_link": "https://www.googleapis.com/compute/v1/projects/tf-gcp-interview-373822/global/routes/spoke1-to-ilbnh",
            "tags": [],
            "timeouts": null
          },
          "sensitive_attributes": [],
          "private": "eyJlMmJmYjczMC1lY2FhLTExZTYtOGY4OC0zNDM2M2JjN2M0YzAiOnsiY3JlYXRlIjoyNDAwMDAwMDAwMDAsImRlbGV0ZSI6MjQwMDAwMDAwMDAwfX0=",
          "dependencies": [
            "module.vpc_spoke1.module.subnets.google_compute_subnetwork.subnetwork",
            "module.vpc_spoke1.module.vpc.google_compute_network.network"
          ]
        }
      ]
    },
    {
      "module": "module.vpc_spoke1.module.subnets",
      "mode": "managed",
      "type": "google_compute_subnetwork",
      "name": "subnetwork",
      "provider": "provider[\"registry.terraform.io/hashicorp/google\"]",
      "instances": [
        {
          "index_key": "us-central1/us-central1-spoke1",
          "schema_version": 0,
          "attributes": {
            "creation_timestamp": "2023-01-11T08:03:49.602-08:00",
            "description": "",
            "external_ipv6_prefix": "",
            "fingerprint": null,
            "gateway_address": "10.1.0.1",
            "id": "projects/tf-gcp-interview-373822/regions/us-central1/subnetworks/us-central1-spoke1",
            "ip_cidr_range": "10.1.0.0/25",
            "ipv6_access_type": "",
            "ipv6_cidr_range": "",
            "log_config": [],
            "name": "us-central1-spoke1",
            "network": "https://www.googleapis.com/compute/v1/projects/tf-gcp-interview-373822/global/networks/spoke1-vpc",
            "private_ip_google_access": false,
            "private_ipv6_google_access": "DISABLE_GOOGLE_ACCESS",
            "project": "tf-gcp-interview-373822",
            "purpose": "PRIVATE",
            "region": "us-central1",
            "role": "",
            "secondary_ip_range": [],
            "self_link": "https://www.googleapis.com/compute/v1/projects/tf-gcp-interview-373822/regions/us-central1/subnetworks/us-central1-spoke1",
            "stack_type": "IPV4_ONLY",
            "timeouts": null
          },
          "sensitive_attributes": [],
          "private": "eyJlMmJmYjczMC1lY2FhLTExZTYtOGY4OC0zNDM2M2JjN2M0YzAiOnsiY3JlYXRlIjozNjAwMDAwMDAwMDAsImRlbGV0ZSI6MzYwMDAwMDAwMDAwLCJ1cGRhdGUiOjM2MDAwMDAwMDAwMH19",
          "dependencies": [
            "module.vpc_spoke1.module.vpc.google_compute_network.network"
          ]
        }
      ]
    },
    {
      "module": "module.vpc_spoke1.module.vpc",
      "mode": "managed",
      "type": "google_compute_network",
      "name": "network",
      "provider": "provider[\"registry.terraform.io/hashicorp/google\"]",
      "instances": [
        {
          "schema_version": 0,
          "attributes": {
            "auto_create_subnetworks": false,
            "delete_default_routes_on_create": true,
            "description": "",
            "gateway_ipv4": "",
            "id": "projects/tf-gcp-interview-373822/global/networks/spoke1-vpc",
            "mtu": 0,
            "name": "spoke1-vpc",
            "project": "tf-gcp-interview-373822",
            "routing_mode": "GLOBAL",
            "self_link": "https://www.googleapis.com/compute/v1/projects/tf-gcp-interview-373822/global/networks/spoke1-vpc",
            "timeouts": null
          },
          "sensitive_attributes": [],
          "private": "eyJlMmJmYjczMC1lY2FhLTExZTYtOGY4OC0zNDM2M2JjN2M0YzAiOnsiY3JlYXRlIjoyNDAwMDAwMDAwMDAsImRlbGV0ZSI6MjQwMDAwMDAwMDAwLCJ1cGRhdGUiOjI0MDAwMDAwMDAwMH19"
        }
      ]
    },
    {
      "module": "module.vpc_spoke2.module.firewall_rules",
      "mode": "managed",
      "type": "google_compute_firewall",
      "name": "rules",
      "provider": "provider[\"registry.terraform.io/hashicorp/google\"]",
      "instances": [
        {
          "index_key": "allow-all-spoke2",
          "schema_version": 1,
          "attributes": {
            "allow": [
              {
                "ports": [],
                "protocol": "all"
              }
            ],
            "creation_timestamp": "2023-01-11T08:03:41.945-08:00",
            "deny": [],
            "description": "",
            "destination_ranges": [],
            "direction": "INGRESS",
            "disabled": false,
            "enable_logging": null,
            "id": "projects/tf-gcp-interview-373822/global/firewalls/allow-all-spoke2",
            "log_config": [],
            "name": "allow-all-spoke2",
            "network": "https://www.googleapis.com/compute/v1/projects/tf-gcp-interview-373822/global/networks/spoke2-vpc",
            "priority": 100,
            "project": "tf-gcp-interview-373822",
            "self_link": "https://www.googleapis.com/compute/v1/projects/tf-gcp-interview-373822/global/firewalls/allow-all-spoke2",
            "source_ranges": [
              "0.0.0.0/0"
            ],
            "source_service_accounts": [],
            "source_tags": [],
            "target_service_accounts": [],
            "target_tags": [],
            "timeouts": null
          },
          "sensitive_attributes": [],
          "private": "eyJlMmJmYjczMC1lY2FhLTExZTYtOGY4OC0zNDM2M2JjN2M0YzAiOnsiY3JlYXRlIjoyNDAwMDAwMDAwMDAsImRlbGV0ZSI6MjQwMDAwMDAwMDAwLCJ1cGRhdGUiOjI0MDAwMDAwMDAwMH0sInNjaGVtYV92ZXJzaW9uIjoiMSJ9",
          "dependencies": [
            "module.vpc_spoke2.module.vpc.google_compute_network.network"
          ]
        }
      ]
    },
    {
      "module": "module.vpc_spoke2.module.routes",
      "mode": "managed",
      "type": "google_compute_route",
      "name": "route",
      "provider": "provider[\"registry.terraform.io/hashicorp/google\"]",
      "instances": [
        {
          "index_key": "spoke2-to-ilbnh",
          "schema_version": 0,
          "attributes": {
            "description": "Default route to VM-Series NGFW",
            "dest_range": "0.0.0.0/0",
            "id": "projects/tf-gcp-interview-373822/global/routes/spoke2-to-ilbnh",
            "name": "spoke2-to-ilbnh",
            "network": "https://www.googleapis.com/compute/v1/projects/tf-gcp-interview-373822/global/networks/spoke2-vpc",
            "next_hop_gateway": "",
            "next_hop_ilb": "192.168.2.10",
            "next_hop_instance": "",
            "next_hop_instance_zone": null,
            "next_hop_ip": "",
            "next_hop_network": "",
            "next_hop_vpn_tunnel": "",
            "priority": 1000,
            "project": "tf-gcp-interview-373822",
            "self_link": "https://www.googleapis.com/compute/v1/projects/tf-gcp-interview-373822/global/routes/spoke2-to-ilbnh",
            "tags": [],
            "timeouts": null
          },
          "sensitive_attributes": [],
          "private": "eyJlMmJmYjczMC1lY2FhLTExZTYtOGY4OC0zNDM2M2JjN2M0YzAiOnsiY3JlYXRlIjoyNDAwMDAwMDAwMDAsImRlbGV0ZSI6MjQwMDAwMDAwMDAwfX0=",
          "dependencies": [
            "module.vpc_spoke2.module.subnets.google_compute_subnetwork.subnetwork",
            "module.vpc_spoke2.module.vpc.google_compute_network.network"
          ]
        }
      ]
    },
    {
      "module": "module.vpc_spoke2.module.subnets",
      "mode": "managed",
      "type": "google_compute_subnetwork",
      "name": "subnetwork",
      "provider": "provider[\"registry.terraform.io/hashicorp/google\"]",
      "instances": [
        {
          "index_key": "us-central1/us-central1-spoke2",
          "schema_version": 0,
          "attributes": {
            "creation_timestamp": "2023-01-11T08:03:44.621-08:00",
            "description": "",
            "external_ipv6_prefix": "",
            "fingerprint": null,
            "gateway_address": "10.2.0.1",
            "id": "projects/tf-gcp-interview-373822/regions/us-central1/subnetworks/us-central1-spoke2",
            "ip_cidr_range": "10.2.0.0/25",
            "ipv6_access_type": "",
            "ipv6_cidr_range": "",
            "log_config": [],
            "name": "us-central1-spoke2",
            "network": "https://www.googleapis.com/compute/v1/projects/tf-gcp-interview-373822/global/networks/spoke2-vpc",
            "private_ip_google_access": false,
            "private_ipv6_google_access": "DISABLE_GOOGLE_ACCESS",
            "project": "tf-gcp-interview-373822",
            "purpose": "PRIVATE",
            "region": "us-central1",
            "role": "",
            "secondary_ip_range": [],
            "self_link": "https://www.googleapis.com/compute/v1/projects/tf-gcp-interview-373822/regions/us-central1/subnetworks/us-central1-spoke2",
            "stack_type": "IPV4_ONLY",
            "timeouts": null
          },
          "sensitive_attributes": [],
          "private": "eyJlMmJmYjczMC1lY2FhLTExZTYtOGY4OC0zNDM2M2JjN2M0YzAiOnsiY3JlYXRlIjozNjAwMDAwMDAwMDAsImRlbGV0ZSI6MzYwMDAwMDAwMDAwLCJ1cGRhdGUiOjM2MDAwMDAwMDAwMH19",
          "dependencies": [
            "module.vpc_spoke2.module.vpc.google_compute_network.network"
          ]
        }
      ]
    },
    {
      "module": "module.vpc_spoke2.module.vpc",
      "mode": "managed",
      "type": "google_compute_network",
      "name": "network",
      "provider": "provider[\"registry.terraform.io/hashicorp/google\"]",
      "instances": [
        {
          "schema_version": 0,
          "attributes": {
            "auto_create_subnetworks": false,
            "delete_default_routes_on_create": true,
            "description": "",
            "gateway_ipv4": "",
            "id": "projects/tf-gcp-interview-373822/global/networks/spoke2-vpc",
            "mtu": 0,
            "name": "spoke2-vpc",
            "project": "tf-gcp-interview-373822",
            "routing_mode": "GLOBAL",
            "self_link": "https://www.googleapis.com/compute/v1/projects/tf-gcp-interview-373822/global/networks/spoke2-vpc",
            "timeouts": null
          },
          "sensitive_attributes": [],
          "private": "eyJlMmJmYjczMC1lY2FhLTExZTYtOGY4OC0zNDM2M2JjN2M0YzAiOnsiY3JlYXRlIjoyNDAwMDAwMDAwMDAsImRlbGV0ZSI6MjQwMDAwMDAwMDAwLCJ1cGRhdGUiOjI0MDAwMDAwMDAwMH19"
        }
      ]
    },
    {
      "module": "module.vpc_ss.module.firewall_rules",
      "mode": "managed",
      "type": "google_compute_firewall",
      "name": "rules",
      "provider": "provider[\"registry.terraform.io/hashicorp/google\"]",
      "instances": [
        {
          "index_key": "shared-services",
          "schema_version": 1,
          "attributes": {
            "allow": [
              {
                "ports": [
                  "22",
                  "8500",
                  "8200",
                  "8300",
                  "8301",
                  "8501"
                ],
                "protocol": "tcp"
              }
            ],
            "creation_timestamp": "2023-01-11T08:03:38.044-08:00",
            "deny": [],
            "description": "Allow ingress shared services",
            "destination_ranges": [],
            "direction": "INGRESS",
            "disabled": false,
            "enable_logging": null,
            "id": "projects/tf-gcp-interview-373822/global/firewalls/shared-services",
            "log_config": [],
            "name": "shared-services",
            "network": "https://www.googleapis.com/compute/v1/projects/tf-gcp-interview-373822/global/networks/ss-vpc",
            "priority": 100,
            "project": "tf-gcp-interview-373822",
            "self_link": "https://www.googleapis.com/compute/v1/projects/tf-gcp-interview-373822/global/firewalls/shared-services",
            "source_ranges": [
              "0.0.0.0/0"
            ],
            "source_service_accounts": [],
            "source_tags": [],
            "target_service_accounts": [],
            "target_tags": [],
            "timeouts": null
          },
          "sensitive_attributes": [],
          "private": "eyJlMmJmYjczMC1lY2FhLTExZTYtOGY4OC0zNDM2M2JjN2M0YzAiOnsiY3JlYXRlIjoyNDAwMDAwMDAwMDAsImRlbGV0ZSI6MjQwMDAwMDAwMDAwLCJ1cGRhdGUiOjI0MDAwMDAwMDAwMH0sInNjaGVtYV92ZXJzaW9uIjoiMSJ9",
          "dependencies": [
            "module.vpc_ss.module.vpc.google_compute_network.network"
          ]
        }
      ]
    },
    {
      "module": "module.vpc_ss.module.subnets",
      "mode": "managed",
      "type": "google_compute_subnetwork",
      "name": "subnetwork",
      "provider": "provider[\"registry.terraform.io/hashicorp/google\"]",
      "instances": [
        {
          "index_key": "us-central1/us-central1-ss",
          "schema_version": 0,
          "attributes": {
            "creation_timestamp": "2023-01-11T08:03:38.230-08:00",
            "description": "",
            "external_ipv6_prefix": "",
            "fingerprint": null,
            "gateway_address": "10.5.0.1",
            "id": "projects/tf-gcp-interview-373822/regions/us-central1/subnetworks/us-central1-ss",
            "ip_cidr_range": "10.5.0.0/25",
            "ipv6_access_type": "",
            "ipv6_cidr_range": "",
            "log_config": [],
            "name": "us-central1-ss",
            "network": "https://www.googleapis.com/compute/v1/projects/tf-gcp-interview-373822/global/networks/ss-vpc",
            "private_ip_google_access": false,
            "private_ipv6_google_access": "DISABLE_GOOGLE_ACCESS",
            "project": "tf-gcp-interview-373822",
            "purpose": "PRIVATE",
            "region": "us-central1",
            "role": "",
            "secondary_ip_range": [],
            "self_link": "https://www.googleapis.com/compute/v1/projects/tf-gcp-interview-373822/regions/us-central1/subnetworks/us-central1-ss",
            "stack_type": "IPV4_ONLY",
            "timeouts": null
          },
          "sensitive_attributes": [],
          "private": "eyJlMmJmYjczMC1lY2FhLTExZTYtOGY4OC0zNDM2M2JjN2M0YzAiOnsiY3JlYXRlIjozNjAwMDAwMDAwMDAsImRlbGV0ZSI6MzYwMDAwMDAwMDAwLCJ1cGRhdGUiOjM2MDAwMDAwMDAwMH19",
          "dependencies": [
            "module.vpc_ss.module.vpc.google_compute_network.network"
          ]
        }
      ]
    },
    {
      "module": "module.vpc_ss.module.vpc",
      "mode": "managed",
      "type": "google_compute_network",
      "name": "network",
      "provider": "provider[\"registry.terraform.io/hashicorp/google\"]",
      "instances": [
        {
          "schema_version": 0,
          "attributes": {
            "auto_create_subnetworks": false,
            "delete_default_routes_on_create": false,
            "description": "",
            "gateway_ipv4": "",
            "id": "projects/tf-gcp-interview-373822/global/networks/ss-vpc",
            "mtu": 0,
            "name": "ss-vpc",
            "project": "tf-gcp-interview-373822",
            "routing_mode": "GLOBAL",
            "self_link": "https://www.googleapis.com/compute/v1/projects/tf-gcp-interview-373822/global/networks/ss-vpc",
            "timeouts": null
          },
          "sensitive_attributes": [],
          "private": "eyJlMmJmYjczMC1lY2FhLTExZTYtOGY4OC0zNDM2M2JjN2M0YzAiOnsiY3JlYXRlIjoyNDAwMDAwMDAwMDAsImRlbGV0ZSI6MjQwMDAwMDAwMDAwLCJ1cGRhdGUiOjI0MDAwMDAwMDAwMH19"
        }
      ]
    },
    {
      "module": "module.vpc_trust.module.firewall_rules",
      "mode": "managed",
      "type": "google_compute_firewall",
      "name": "rules",
      "provider": "provider[\"registry.terraform.io/hashicorp/google\"]",
      "instances": [
        {
          "index_key": "allow-all-trust",
          "schema_version": 1,
          "attributes": {
            "allow": [
              {
                "ports": [],
                "protocol": "all"
              }
            ],
            "creation_timestamp": "2023-01-11T08:03:49.656-08:00",
            "deny": [],
            "description": "",
            "destination_ranges": [],
            "direction": "INGRESS",
            "disabled": false,
            "enable_logging": null,
            "id": "projects/tf-gcp-interview-373822/global/firewalls/allow-all-trust",
            "log_config": [],
            "name": "allow-all-trust",
            "network": "https://www.googleapis.com/compute/v1/projects/tf-gcp-interview-373822/global/networks/trust-vpc",
            "priority": 100,
            "project": "tf-gcp-interview-373822",
            "self_link": "https://www.googleapis.com/compute/v1/projects/tf-gcp-interview-373822/global/firewalls/allow-all-trust",
            "source_ranges": [
              "0.0.0.0/0"
            ],
            "source_service_accounts": [],
            "source_tags": [],
            "target_service_accounts": [],
            "target_tags": [],
            "timeouts": null
          },
          "sensitive_attributes": [],
          "private": "eyJlMmJmYjczMC1lY2FhLTExZTYtOGY4OC0zNDM2M2JjN2M0YzAiOnsiY3JlYXRlIjoyNDAwMDAwMDAwMDAsImRlbGV0ZSI6MjQwMDAwMDAwMDAwLCJ1cGRhdGUiOjI0MDAwMDAwMDAwMH0sInNjaGVtYV92ZXJzaW9uIjoiMSJ9",
          "dependencies": [
            "module.vpc_trust.module.vpc.google_compute_network.network"
          ]
        }
      ]
    },
    {
      "module": "module.vpc_trust.module.subnets",
      "mode": "managed",
      "type": "google_compute_subnetwork",
      "name": "subnetwork",
      "provider": "provider[\"registry.terraform.io/hashicorp/google\"]",
      "instances": [
        {
          "index_key": "us-central1/us-central1-trust",
          "schema_version": 0,
          "attributes": {
            "creation_timestamp": "2023-01-11T08:03:49.496-08:00",
            "description": "",
            "external_ipv6_prefix": "",
            "fingerprint": null,
            "gateway_address": "192.168.2.1",
            "id": "projects/tf-gcp-interview-373822/regions/us-central1/subnetworks/us-central1-trust",
            "ip_cidr_range": "192.168.2.0/28",
            "ipv6_access_type": "",
            "ipv6_cidr_range": "",
            "log_config": [],
            "name": "us-central1-trust",
            "network": "https://www.googleapis.com/compute/v1/projects/tf-gcp-interview-373822/global/networks/trust-vpc",
            "private_ip_google_access": false,
            "private_ipv6_google_access": "DISABLE_GOOGLE_ACCESS",
            "project": "tf-gcp-interview-373822",
            "purpose": "PRIVATE",
            "region": "us-central1",
            "role": "",
            "secondary_ip_range": [],
            "self_link": "https://www.googleapis.com/compute/v1/projects/tf-gcp-interview-373822/regions/us-central1/subnetworks/us-central1-trust",
            "stack_type": "IPV4_ONLY",
            "timeouts": null
          },
          "sensitive_attributes": [],
          "private": "eyJlMmJmYjczMC1lY2FhLTExZTYtOGY4OC0zNDM2M2JjN2M0YzAiOnsiY3JlYXRlIjozNjAwMDAwMDAwMDAsImRlbGV0ZSI6MzYwMDAwMDAwMDAwLCJ1cGRhdGUiOjM2MDAwMDAwMDAwMH19",
          "dependencies": [
            "module.vpc_trust.module.vpc.google_compute_network.network"
          ]
        }
      ]
    },
    {
      "module": "module.vpc_trust.module.vpc",
      "mode": "managed",
      "type": "google_compute_network",
      "name": "network",
      "provider": "provider[\"registry.terraform.io/hashicorp/google\"]",
      "instances": [
        {
          "schema_version": 0,
          "attributes": {
            "auto_create_subnetworks": false,
            "delete_default_routes_on_create": true,
            "description": "",
            "gateway_ipv4": "",
            "id": "projects/tf-gcp-interview-373822/global/networks/trust-vpc",
            "mtu": 0,
            "name": "trust-vpc",
            "project": "tf-gcp-interview-373822",
            "routing_mode": "GLOBAL",
            "self_link": "https://www.googleapis.com/compute/v1/projects/tf-gcp-interview-373822/global/networks/trust-vpc",
            "timeouts": null
          },
          "sensitive_attributes": [],
          "private": "eyJlMmJmYjczMC1lY2FhLTExZTYtOGY4OC0zNDM2M2JjN2M0YzAiOnsiY3JlYXRlIjoyNDAwMDAwMDAwMDAsImRlbGV0ZSI6MjQwMDAwMDAwMDAwLCJ1cGRhdGUiOjI0MDAwMDAwMDAwMH19"
        }
      ]
    },
    {
      "module": "module.vpc_untrust.module.firewall_rules",
      "mode": "managed",
      "type": "google_compute_firewall",
      "name": "rules",
      "provider": "provider[\"registry.terraform.io/hashicorp/google\"]",
      "instances": [
        {
          "index_key": "allow-all-untrust",
          "schema_version": 1,
          "attributes": {
            "allow": [
              {
                "ports": [],
                "protocol": "all"
              }
            ],
            "creation_timestamp": "2023-01-11T08:03:42.273-08:00",
            "deny": [],
            "description": "",
            "destination_ranges": [],
            "direction": "INGRESS",
            "disabled": false,
            "enable_logging": null,
            "id": "projects/tf-gcp-interview-373822/global/firewalls/allow-all-untrust",
            "log_config": [],
            "name": "allow-all-untrust",
            "network": "https://www.googleapis.com/compute/v1/projects/tf-gcp-interview-373822/global/networks/untrust-vpc",
            "priority": 100,
            "project": "tf-gcp-interview-373822",
            "self_link": "https://www.googleapis.com/compute/v1/projects/tf-gcp-interview-373822/global/firewalls/allow-all-untrust",
            "source_ranges": [
              "0.0.0.0/0"
            ],
            "source_service_accounts": [],
            "source_tags": [],
            "target_service_accounts": [],
            "target_tags": [],
            "timeouts": null
          },
          "sensitive_attributes": [],
          "private": "eyJlMmJmYjczMC1lY2FhLTExZTYtOGY4OC0zNDM2M2JjN2M0YzAiOnsiY3JlYXRlIjoyNDAwMDAwMDAwMDAsImRlbGV0ZSI6MjQwMDAwMDAwMDAwLCJ1cGRhdGUiOjI0MDAwMDAwMDAwMH0sInNjaGVtYV92ZXJzaW9uIjoiMSJ9",
          "dependencies": [
            "module.vpc_untrust.module.vpc.google_compute_network.network"
          ]
        }
      ]
    },
    {
      "module": "module.vpc_untrust.module.subnets",
      "mode": "managed",
      "type": "google_compute_subnetwork",
      "name": "subnetwork",
      "provider": "provider[\"registry.terraform.io/hashicorp/google\"]",
      "instances": [
        {
          "index_key": "us-central1/us-central1-untrust",
          "schema_version": 0,
          "attributes": {
            "creation_timestamp": "2023-01-11T08:03:43.503-08:00",
            "description": "",
            "external_ipv6_prefix": "",
            "fingerprint": null,
            "gateway_address": "192.168.1.1",
            "id": "projects/tf-gcp-interview-373822/regions/us-central1/subnetworks/us-central1-untrust",
            "ip_cidr_range": "192.168.1.0/28",
            "ipv6_access_type": "",
            "ipv6_cidr_range": "",
            "log_config": [],
            "name": "us-central1-untrust",
            "network": "https://www.googleapis.com/compute/v1/projects/tf-gcp-interview-373822/global/networks/untrust-vpc",
            "private_ip_google_access": false,
            "private_ipv6_google_access": "DISABLE_GOOGLE_ACCESS",
            "project": "tf-gcp-interview-373822",
            "purpose": "PRIVATE",
            "region": "us-central1",
            "role": "",
            "secondary_ip_range": [],
            "self_link": "https://www.googleapis.com/compute/v1/projects/tf-gcp-interview-373822/regions/us-central1/subnetworks/us-central1-untrust",
            "stack_type": "IPV4_ONLY",
            "timeouts": null
          },
          "sensitive_attributes": [],
          "private": "eyJlMmJmYjczMC1lY2FhLTExZTYtOGY4OC0zNDM2M2JjN2M0YzAiOnsiY3JlYXRlIjozNjAwMDAwMDAwMDAsImRlbGV0ZSI6MzYwMDAwMDAwMDAwLCJ1cGRhdGUiOjM2MDAwMDAwMDAwMH19",
          "dependencies": [
            "module.vpc_untrust.module.vpc.google_compute_network.network"
          ]
        }
      ]
    },
    {
      "module": "module.vpc_untrust.module.vpc",
      "mode": "managed",
      "type": "google_compute_network",
      "name": "network",
      "provider": "provider[\"registry.terraform.io/hashicorp/google\"]",
      "instances": [
        {
          "schema_version": 0,
          "attributes": {
            "auto_create_subnetworks": false,
            "delete_default_routes_on_create": false,
            "description": "",
            "gateway_ipv4": "",
            "id": "projects/tf-gcp-interview-373822/global/networks/untrust-vpc",
            "mtu": 0,
            "name": "untrust-vpc",
            "project": "tf-gcp-interview-373822",
            "routing_mode": "GLOBAL",
            "self_link": "https://www.googleapis.com/compute/v1/projects/tf-gcp-interview-373822/global/networks/untrust-vpc",
            "timeouts": null
          },
          "sensitive_attributes": [],
          "private": "eyJlMmJmYjczMC1lY2FhLTExZTYtOGY4OC0zNDM2M2JjN2M0YzAiOnsiY3JlYXRlIjoyNDAwMDAwMDAwMDAsImRlbGV0ZSI6MjQwMDAwMDAwMDAwLCJ1cGRhdGUiOjI0MDAwMDAwMDAwMH19"
        }
      ]
    }
  ],
  "check_results": null
}
