{
  "version": 4,
  "terraform_version": "1.3.6",
  "serial": 366,
  "lineage": "69d03b53-2014-e41d-48a1-827b5a5e2888",
  "outputs": {
    "ext_lb_url": {
      "value": "http://34.28.246.70",
      "type": "string"
    },
    "ssh_to_spoke2": {
      "value": "ssh paloalto@34.133.137.161",
      "type": "string"
    },
    "vmseries01_access": {
      "value": "https://34.66.185.26",
      "type": "string"
    },
    "vmseries02_access": {
      "value": "https://34.134.61.247",
      "type": "string"
    }
  },
  "resources": [
    {
      "mode": "data",
      "type": "google_client_config",
      "name": "main",
      "provider": "provider[\"registry.terraform.io/hashicorp/google\"]",
      "instances": [
        {
          "schema_version": 0,
          "attributes": {
            "access_token": "ya29.c.b0AT7lpjD-jfVPuX8TO4pgJ2dtIIiwqrpxIZtPZ8s86ZxpSzhDC8M4BnY9bxgZyskZllCRJVR_EfHNajGfsalrno3ljkzErHsUknonmUPQjiZ-wMOVXPJP_d_y0DK_kG4O2-HhX3aO8p9XaWkJ1g5qCpvvSuUvbg1rPT8TihPbKMmh_mUKCbS6Q-WcYXIUnwtbJZhdvQxJL4pk4iAII9fd0HVawCm9YJKEwsHu7Mfy4kg............................................................................................................................................................................................................................................................................................................................................................................................................................................................................................................................................................................................................................................................................................................................................................................................................",
            "id": "projects/tf-gcp-interview-373822/regions/us-central1/zones/",
            "project": "tf-gcp-interview-373822",
            "region": "us-central1",
            "zone": ""
          },
          "sensitive_attributes": []
        }
      ]
    },
    {
      "mode": "data",
      "type": "google_compute_zones",
      "name": "main",
      "provider": "provider[\"registry.terraform.io/hashicorp/google\"]",
      "instances": [
        {
          "schema_version": 0,
          "attributes": {
            "id": "projects/tf-gcp-interview-373822/regions/us-central1",
            "names": [
              "us-central1-a",
              "us-central1-b",
              "us-central1-c",
              "us-central1-f"
            ],
            "project": "tf-gcp-interview-373822",
            "region": "us-central1",
            "status": null
          },
          "sensitive_attributes": []
        }
      ]
    },
    {
      "mode": "managed",
      "type": "google_compute_address",
      "name": "consul_external_ip",
      "provider": "provider[\"registry.terraform.io/hashicorp/google\"]",
      "instances": [
        {
          "schema_version": 0,
          "attributes": {
            "address": "34.171.170.58",
            "address_type": "EXTERNAL",
            "creation_timestamp": "2023-01-06T18:59:45.197-08:00",
            "description": "",
            "id": "projects/tf-gcp-interview-373822/regions/us-central1/addresses/my-consul-static-ip-address",
            "name": "my-consul-static-ip-address",
            "network": "",
            "network_tier": "PREMIUM",
            "prefix_length": 0,
            "project": "tf-gcp-interview-373822",
            "purpose": "",
            "region": "us-central1",
            "self_link": "https://www.googleapis.com/compute/v1/projects/tf-gcp-interview-373822/regions/us-central1/addresses/my-consul-static-ip-address",
            "subnetwork": "",
            "timeouts": null,
            "users": []
          },
          "sensitive_attributes": [],
          "private": "eyJlMmJmYjczMC1lY2FhLTExZTYtOGY4OC0zNDM2M2JjN2M0YzAiOnsiY3JlYXRlIjoyNDAwMDAwMDAwMDAsImRlbGV0ZSI6MjQwMDAwMDAwMDAwfX0="
        }
      ]
    },
    {
      "mode": "managed",
      "type": "google_compute_address",
      "name": "cts_external_ip",
      "provider": "provider[\"registry.terraform.io/hashicorp/google\"]",
      "instances": [
        {
          "schema_version": 0,
          "attributes": {
            "address": "34.123.36.110",
            "address_type": "EXTERNAL",
            "creation_timestamp": "2023-01-06T17:23:01.809-08:00",
            "description": "",
            "id": "projects/tf-gcp-interview-373822/regions/us-central1/addresses/my-cts-static-ip-address",
            "name": "my-cts-static-ip-address",
            "network": "",
            "network_tier": "PREMIUM",
            "prefix_length": 0,
            "project": "tf-gcp-interview-373822",
            "purpose": "",
            "region": "us-central1",
            "self_link": "https://www.googleapis.com/compute/v1/projects/tf-gcp-interview-373822/regions/us-central1/addresses/my-cts-static-ip-address",
            "subnetwork": "",
            "timeouts": null,
            "users": [
              "https://www.googleapis.com/compute/v1/projects/tf-gcp-interview-373822/zones/us-central1-a/instances/spoke2-vm-cts1"
            ]
          },
          "sensitive_attributes": [],
          "private": "eyJlMmJmYjczMC1lY2FhLTExZTYtOGY4OC0zNDM2M2JjN2M0YzAiOnsiY3JlYXRlIjoyNDAwMDAwMDAwMDAsImRlbGV0ZSI6MjQwMDAwMDAwMDAwfX0="
        }
      ]
    },
    {
      "mode": "managed",
      "type": "google_compute_address",
      "name": "vault_external_ip",
      "provider": "provider[\"registry.terraform.io/hashicorp/google\"]",
      "instances": [
        {
          "schema_version": 0,
          "attributes": {
            "address": "34.134.103.79",
            "address_type": "EXTERNAL",
            "creation_timestamp": "2023-01-06T17:41:49.231-08:00",
            "description": "",
            "id": "projects/tf-gcp-interview-373822/regions/us-central1/addresses/my-vault-static-ip-address",
            "name": "my-vault-static-ip-address",
            "network": "",
            "network_tier": "PREMIUM",
            "prefix_length": 0,
            "project": "tf-gcp-interview-373822",
            "purpose": "",
            "region": "us-central1",
            "self_link": "https://www.googleapis.com/compute/v1/projects/tf-gcp-interview-373822/regions/us-central1/addresses/my-vault-static-ip-address",
            "subnetwork": "",
            "timeouts": null,
            "users": [
              "https://www.googleapis.com/compute/v1/projects/tf-gcp-interview-373822/zones/us-central1-a/instances/vault-vm"
            ]
          },
          "sensitive_attributes": [],
          "private": "eyJlMmJmYjczMC1lY2FhLTExZTYtOGY4OC0zNDM2M2JjN2M0YzAiOnsiY3JlYXRlIjoyNDAwMDAwMDAwMDAsImRlbGV0ZSI6MjQwMDAwMDAwMDAwfX0="
        }
      ]
    },
    {
      "mode": "managed",
      "type": "google_compute_instance",
      "name": "spoke1_vm",
      "provider": "provider[\"registry.terraform.io/hashicorp/google\"]",
      "instances": [
        {
          "index_key": 0,
          "schema_version": 6,
          "attributes": {
            "advanced_machine_features": [],
            "allow_stopping_for_update": true,
            "attached_disk": [],
            "boot_disk": [
              {
                "auto_delete": true,
                "device_name": "persistent-disk-0",
                "disk_encryption_key_raw": "",
                "disk_encryption_key_sha256": "",
                "initialize_params": [
                  {
                    "image": "https://www.googleapis.com/compute/v1/projects/panw-gcp-team-testing/global/images/ubuntu-2004-lts-apache",
                    "labels": {},
                    "size": 10,
                    "type": "pd-standard"
                  }
                ],
                "kms_key_self_link": "",
                "mode": "READ_WRITE",
                "source": "https://www.googleapis.com/compute/v1/projects/tf-gcp-interview-373822/zones/us-central1-a/disks/spoke1-vm1"
              }
            ],
            "can_ip_forward": false,
            "confidential_instance_config": [],
            "cpu_platform": "Intel Haswell",
            "current_status": "RUNNING",
            "deletion_protection": false,
            "description": "",
            "desired_status": null,
            "enable_display": false,
            "guest_accelerator": [],
            "hostname": "",
            "id": "projects/tf-gcp-interview-373822/zones/us-central1-a/instances/spoke1-vm1",
            "instance_id": "269733540023072954",
            "label_fingerprint": "42WmSpB8rSM=",
            "labels": {},
            "machine_type": "f1-micro",
            "metadata": {
              "serial-port-enable": "true",
              "ssh-keys": "paloalto:ssh-rsa AAAAB3NzaC1yc2EAAAADAQABAAABgQCzi8XYyaTn9iTzQ3wRzUDj/oLbs1fYyNI5W2yPq0NPogmwZb54iSeKoaFYgp5jIqVP5oa/j4vOxpoe30ajmUsbpvHbyrbcPnqKZGWcU7nVKwK7vUOzcGHGRgdxYKhO5oXGo3qVzXlzyf/t0pMArIRw+1rwkrpI/OV9t6D4cv2x8TB2Z7voEqS7zl3aqbl+OTj/hd3euyLUI/j4RMXltEstxpqJwEu1taoSQCjDiEfgkiG27pMaFiTNEi9ppg1cX0wp3/lAOyomm57/56UyyuJioE6zJY/OyyhoKIiqu5JsV7c6euXrv0UqFIs/OrXiZOvYR6jaOAPlx5d+FWqwdUpPoOxvbbUYwo3vtoyBaIEL2F6VYLC2OBmghK3yQ5AvbbWfDaeTwngkkcXKfC9Fj1Bbnibw+CFCnwIUrMdwyKEkWb9MRhiPpu7xpa0oro9vZwSyl65z8nt7xM9IjHDgFuFZ46FvHAdR2jA8m92yL44lgviSsIF1BLFECSq9IjexQH8= gcp-demo\n"
            },
            "metadata_fingerprint": "69zESx0-xQ4=",
            "metadata_startup_script": "",
            "min_cpu_platform": "",
            "name": "spoke1-vm1",
            "network_interface": [
              {
                "access_config": [],
                "alias_ip_range": [],
                "ipv6_access_config": [],
                "ipv6_access_type": "",
                "name": "nic0",
                "network": "https://www.googleapis.com/compute/v1/projects/tf-gcp-interview-373822/global/networks/spoke1-vpc",
                "network_ip": "10.1.0.2",
                "nic_type": "",
                "stack_type": "IPV4_ONLY",
                "subnetwork": "https://www.googleapis.com/compute/v1/projects/tf-gcp-interview-373822/regions/us-central1/subnetworks/us-central1-spoke1",
                "subnetwork_project": "tf-gcp-interview-373822"
              }
            ],
            "project": "tf-gcp-interview-373822",
            "reservation_affinity": [],
            "resource_policies": [],
            "scheduling": [
              {
                "automatic_restart": true,
                "min_node_cpus": 0,
                "node_affinities": [],
                "on_host_maintenance": "MIGRATE",
                "preemptible": false
              }
            ],
            "scratch_disk": [],
            "self_link": "https://www.googleapis.com/compute/v1/projects/tf-gcp-interview-373822/zones/us-central1-a/instances/spoke1-vm1",
            "service_account": [
              {
                "email": "999098630472-compute@developer.gserviceaccount.com",
                "scopes": [
                  "https://www.googleapis.com/auth/cloud.useraccounts.readonly",
                  "https://www.googleapis.com/auth/devstorage.read_only",
                  "https://www.googleapis.com/auth/logging.write",
                  "https://www.googleapis.com/auth/monitoring.write"
                ]
              }
            ],
            "shielded_instance_config": [
              {
                "enable_integrity_monitoring": true,
                "enable_secure_boot": false,
                "enable_vtpm": true
              }
            ],
            "tags": [],
            "tags_fingerprint": "42WmSpB8rSM=",
            "timeouts": null,
            "zone": "us-central1-a"
          },
          "sensitive_attributes": [],
          "private": "eyJlMmJmYjczMC1lY2FhLTExZTYtOGY4OC0zNDM2M2JjN2M0YzAiOnsiY3JlYXRlIjoxMjAwMDAwMDAwMDAwLCJkZWxldGUiOjEyMDAwMDAwMDAwMDAsInVwZGF0ZSI6MTIwMDAwMDAwMDAwMH0sInNjaGVtYV92ZXJzaW9uIjoiNiJ9",
          "dependencies": [
            "data.google_client_config.main",
            "data.google_compute_zones.main",
            "module.vpc_spoke1.module.subnets.google_compute_subnetwork.subnetwork",
            "module.vpc_spoke1.module.vpc.google_compute_network.network"
          ]
        },
        {
          "index_key": 1,
          "schema_version": 6,
          "attributes": {
            "advanced_machine_features": [],
            "allow_stopping_for_update": true,
            "attached_disk": [],
            "boot_disk": [
              {
                "auto_delete": true,
                "device_name": "persistent-disk-0",
                "disk_encryption_key_raw": "",
                "disk_encryption_key_sha256": "",
                "initialize_params": [
                  {
                    "image": "https://www.googleapis.com/compute/v1/projects/panw-gcp-team-testing/global/images/ubuntu-2004-lts-apache",
                    "labels": {},
                    "size": 10,
                    "type": "pd-standard"
                  }
                ],
                "kms_key_self_link": "",
                "mode": "READ_WRITE",
                "source": "https://www.googleapis.com/compute/v1/projects/tf-gcp-interview-373822/zones/us-central1-a/disks/spoke1-vm2"
              }
            ],
            "can_ip_forward": false,
            "confidential_instance_config": [],
            "cpu_platform": "Intel Haswell",
            "current_status": "RUNNING",
            "deletion_protection": false,
            "description": "",
            "desired_status": null,
            "enable_display": false,
            "guest_accelerator": [],
            "hostname": "",
            "id": "projects/tf-gcp-interview-373822/zones/us-central1-a/instances/spoke1-vm2",
            "instance_id": "390180795418245306",
            "label_fingerprint": "42WmSpB8rSM=",
            "labels": {},
            "machine_type": "f1-micro",
            "metadata": {
              "serial-port-enable": "true",
              "ssh-keys": "paloalto:ssh-rsa AAAAB3NzaC1yc2EAAAADAQABAAABgQCzi8XYyaTn9iTzQ3wRzUDj/oLbs1fYyNI5W2yPq0NPogmwZb54iSeKoaFYgp5jIqVP5oa/j4vOxpoe30ajmUsbpvHbyrbcPnqKZGWcU7nVKwK7vUOzcGHGRgdxYKhO5oXGo3qVzXlzyf/t0pMArIRw+1rwkrpI/OV9t6D4cv2x8TB2Z7voEqS7zl3aqbl+OTj/hd3euyLUI/j4RMXltEstxpqJwEu1taoSQCjDiEfgkiG27pMaFiTNEi9ppg1cX0wp3/lAOyomm57/56UyyuJioE6zJY/OyyhoKIiqu5JsV7c6euXrv0UqFIs/OrXiZOvYR6jaOAPlx5d+FWqwdUpPoOxvbbUYwo3vtoyBaIEL2F6VYLC2OBmghK3yQ5AvbbWfDaeTwngkkcXKfC9Fj1Bbnibw+CFCnwIUrMdwyKEkWb9MRhiPpu7xpa0oro9vZwSyl65z8nt7xM9IjHDgFuFZ46FvHAdR2jA8m92yL44lgviSsIF1BLFECSq9IjexQH8= gcp-demo\n"
            },
            "metadata_fingerprint": "69zESx0-xQ4=",
            "metadata_startup_script": "",
            "min_cpu_platform": "",
            "name": "spoke1-vm2",
            "network_interface": [
              {
                "access_config": [],
                "alias_ip_range": [],
                "ipv6_access_config": [],
                "ipv6_access_type": "",
                "name": "nic0",
                "network": "https://www.googleapis.com/compute/v1/projects/tf-gcp-interview-373822/global/networks/spoke1-vpc",
                "network_ip": "10.1.0.3",
                "nic_type": "",
                "stack_type": "IPV4_ONLY",
                "subnetwork": "https://www.googleapis.com/compute/v1/projects/tf-gcp-interview-373822/regions/us-central1/subnetworks/us-central1-spoke1",
                "subnetwork_project": "tf-gcp-interview-373822"
              }
            ],
            "project": "tf-gcp-interview-373822",
            "reservation_affinity": [],
            "resource_policies": [],
            "scheduling": [
              {
                "automatic_restart": true,
                "min_node_cpus": 0,
                "node_affinities": [],
                "on_host_maintenance": "MIGRATE",
                "preemptible": false
              }
            ],
            "scratch_disk": [],
            "self_link": "https://www.googleapis.com/compute/v1/projects/tf-gcp-interview-373822/zones/us-central1-a/instances/spoke1-vm2",
            "service_account": [
              {
                "email": "999098630472-compute@developer.gserviceaccount.com",
                "scopes": [
                  "https://www.googleapis.com/auth/cloud.useraccounts.readonly",
                  "https://www.googleapis.com/auth/devstorage.read_only",
                  "https://www.googleapis.com/auth/logging.write",
                  "https://www.googleapis.com/auth/monitoring.write"
                ]
              }
            ],
            "shielded_instance_config": [
              {
                "enable_integrity_monitoring": true,
                "enable_secure_boot": false,
                "enable_vtpm": true
              }
            ],
            "tags": [],
            "tags_fingerprint": "42WmSpB8rSM=",
            "timeouts": null,
            "zone": "us-central1-a"
          },
          "sensitive_attributes": [],
          "private": "eyJlMmJmYjczMC1lY2FhLTExZTYtOGY4OC0zNDM2M2JjN2M0YzAiOnsiY3JlYXRlIjoxMjAwMDAwMDAwMDAwLCJkZWxldGUiOjEyMDAwMDAwMDAwMDAsInVwZGF0ZSI6MTIwMDAwMDAwMDAwMH0sInNjaGVtYV92ZXJzaW9uIjoiNiJ9",
          "dependencies": [
            "data.google_client_config.main",
            "data.google_compute_zones.main",
            "module.vpc_spoke1.module.subnets.google_compute_subnetwork.subnetwork",
            "module.vpc_spoke1.module.vpc.google_compute_network.network"
          ]
        }
      ]
    },
    {
      "mode": "managed",
      "type": "google_compute_instance",
      "name": "spoke2_vm1",
      "provider": "provider[\"registry.terraform.io/hashicorp/google\"]",
      "instances": [
        {
          "index_key": 0,
          "schema_version": 6,
          "attributes": {
            "advanced_machine_features": [],
            "allow_stopping_for_update": true,
            "attached_disk": [],
            "boot_disk": [
              {
                "auto_delete": true,
                "device_name": "persistent-disk-0",
                "disk_encryption_key_raw": "",
                "disk_encryption_key_sha256": "",
                "initialize_params": [
                  {
                    "image": "https://www.googleapis.com/compute/v1/projects/panw-gcp-team-testing/global/images/ubuntu-2004-lts-apache",
                    "labels": {},
                    "size": 10,
                    "type": "pd-standard"
                  }
                ],
                "kms_key_self_link": "",
                "mode": "READ_WRITE",
                "source": "https://www.googleapis.com/compute/v1/projects/tf-gcp-interview-373822/zones/us-central1-a/disks/spoke2-vm1"
              }
            ],
            "can_ip_forward": false,
            "confidential_instance_config": [],
            "cpu_platform": "Intel Haswell",
            "current_status": "RUNNING",
            "deletion_protection": false,
            "description": "",
            "desired_status": null,
            "enable_display": false,
            "guest_accelerator": [],
            "hostname": "",
            "id": "projects/tf-gcp-interview-373822/zones/us-central1-a/instances/spoke2-vm1",
            "instance_id": "4560725607567423674",
            "label_fingerprint": "42WmSpB8rSM=",
            "labels": {},
            "machine_type": "f1-micro",
            "metadata": {
              "serial-port-enable": "true",
              "ssh-keys": "paloalto:ssh-rsa AAAAB3NzaC1yc2EAAAADAQABAAABgQCzi8XYyaTn9iTzQ3wRzUDj/oLbs1fYyNI5W2yPq0NPogmwZb54iSeKoaFYgp5jIqVP5oa/j4vOxpoe30ajmUsbpvHbyrbcPnqKZGWcU7nVKwK7vUOzcGHGRgdxYKhO5oXGo3qVzXlzyf/t0pMArIRw+1rwkrpI/OV9t6D4cv2x8TB2Z7voEqS7zl3aqbl+OTj/hd3euyLUI/j4RMXltEstxpqJwEu1taoSQCjDiEfgkiG27pMaFiTNEi9ppg1cX0wp3/lAOyomm57/56UyyuJioE6zJY/OyyhoKIiqu5JsV7c6euXrv0UqFIs/OrXiZOvYR6jaOAPlx5d+FWqwdUpPoOxvbbUYwo3vtoyBaIEL2F6VYLC2OBmghK3yQ5AvbbWfDaeTwngkkcXKfC9Fj1Bbnibw+CFCnwIUrMdwyKEkWb9MRhiPpu7xpa0oro9vZwSyl65z8nt7xM9IjHDgFuFZ46FvHAdR2jA8m92yL44lgviSsIF1BLFECSq9IjexQH8= gcp-demo\n"
            },
            "metadata_fingerprint": "69zESx0-xQ4=",
            "metadata_startup_script": "",
            "min_cpu_platform": "",
            "name": "spoke2-vm1",
            "network_interface": [
              {
                "access_config": [],
                "alias_ip_range": [],
                "ipv6_access_config": [],
                "ipv6_access_type": "",
                "name": "nic0",
                "network": "https://www.googleapis.com/compute/v1/projects/tf-gcp-interview-373822/global/networks/spoke2-vpc",
                "network_ip": "10.2.0.10",
                "nic_type": "",
                "stack_type": "IPV4_ONLY",
                "subnetwork": "https://www.googleapis.com/compute/v1/projects/tf-gcp-interview-373822/regions/us-central1/subnetworks/us-central1-spoke2",
                "subnetwork_project": "tf-gcp-interview-373822"
              }
            ],
            "project": "tf-gcp-interview-373822",
            "reservation_affinity": [],
            "resource_policies": [],
            "scheduling": [
              {
                "automatic_restart": true,
                "min_node_cpus": 0,
                "node_affinities": [],
                "on_host_maintenance": "MIGRATE",
                "preemptible": false
              }
            ],
            "scratch_disk": [],
            "self_link": "https://www.googleapis.com/compute/v1/projects/tf-gcp-interview-373822/zones/us-central1-a/instances/spoke2-vm1",
            "service_account": [
              {
                "email": "999098630472-compute@developer.gserviceaccount.com",
                "scopes": [
                  "https://www.googleapis.com/auth/cloud.useraccounts.readonly",
                  "https://www.googleapis.com/auth/devstorage.read_only",
                  "https://www.googleapis.com/auth/logging.write",
                  "https://www.googleapis.com/auth/monitoring.write"
                ]
              }
            ],
            "shielded_instance_config": [
              {
                "enable_integrity_monitoring": true,
                "enable_secure_boot": false,
                "enable_vtpm": true
              }
            ],
            "tags": [],
            "tags_fingerprint": "42WmSpB8rSM=",
            "timeouts": null,
            "zone": "us-central1-a"
          },
          "sensitive_attributes": [],
          "private": "eyJlMmJmYjczMC1lY2FhLTExZTYtOGY4OC0zNDM2M2JjN2M0YzAiOnsiY3JlYXRlIjoxMjAwMDAwMDAwMDAwLCJkZWxldGUiOjEyMDAwMDAwMDAwMDAsInVwZGF0ZSI6MTIwMDAwMDAwMDAwMH0sInNjaGVtYV92ZXJzaW9uIjoiNiJ9",
          "dependencies": [
            "data.google_client_config.main",
            "data.google_compute_zones.main",
            "module.vpc_spoke2.module.subnets.google_compute_subnetwork.subnetwork",
            "module.vpc_spoke2.module.vpc.google_compute_network.network"
          ]
        }
      ]
    },
    {
      "mode": "managed",
      "type": "google_compute_instance",
      "name": "spoke2_vm1_consul",
      "provider": "provider[\"registry.terraform.io/hashicorp/google\"]",
      "instances": [
        {
          "index_key": 0,
          "schema_version": 6,
          "attributes": {
            "advanced_machine_features": [],
            "allow_stopping_for_update": true,
            "attached_disk": [],
            "boot_disk": [
              {
                "auto_delete": true,
                "device_name": "persistent-disk-0",
                "disk_encryption_key_raw": "",
                "disk_encryption_key_sha256": "",
                "initialize_params": [
                  {
                    "image": "https://www.googleapis.com/compute/v1/projects/panw-gcp-team-testing/global/images/ubuntu-2004-lts-apache",
                    "labels": {},
                    "size": 10,
                    "type": "pd-standard"
                  }
                ],
                "kms_key_self_link": "",
                "mode": "READ_WRITE",
                "source": "https://www.googleapis.com/compute/v1/projects/tf-gcp-interview-373822/zones/us-central1-a/disks/spoke2-vm-consul1"
              }
            ],
            "can_ip_forward": false,
            "confidential_instance_config": [],
            "cpu_platform": "Intel Haswell",
            "current_status": "RUNNING",
            "deletion_protection": false,
            "description": "",
            "desired_status": null,
            "enable_display": false,
            "guest_accelerator": [],
            "hostname": "",
            "id": "projects/tf-gcp-interview-373822/zones/us-central1-a/instances/spoke2-vm-consul1",
            "instance_id": "7185566562388369091",
            "label_fingerprint": "42WmSpB8rSM=",
            "labels": null,
            "machine_type": "f1-micro",
            "metadata": {
              "serial-port-enable": "true",
              "ssh-keys": "paloalto:ssh-rsa AAAAB3NzaC1yc2EAAAADAQABAAABgQCzi8XYyaTn9iTzQ3wRzUDj/oLbs1fYyNI5W2yPq0NPogmwZb54iSeKoaFYgp5jIqVP5oa/j4vOxpoe30ajmUsbpvHbyrbcPnqKZGWcU7nVKwK7vUOzcGHGRgdxYKhO5oXGo3qVzXlzyf/t0pMArIRw+1rwkrpI/OV9t6D4cv2x8TB2Z7voEqS7zl3aqbl+OTj/hd3euyLUI/j4RMXltEstxpqJwEu1taoSQCjDiEfgkiG27pMaFiTNEi9ppg1cX0wp3/lAOyomm57/56UyyuJioE6zJY/OyyhoKIiqu5JsV7c6euXrv0UqFIs/OrXiZOvYR6jaOAPlx5d+FWqwdUpPoOxvbbUYwo3vtoyBaIEL2F6VYLC2OBmghK3yQ5AvbbWfDaeTwngkkcXKfC9Fj1Bbnibw+CFCnwIUrMdwyKEkWb9MRhiPpu7xpa0oro9vZwSyl65z8nt7xM9IjHDgFuFZ46FvHAdR2jA8m92yL44lgviSsIF1BLFECSq9IjexQH8= gcp-demo\n"
            },
            "metadata_fingerprint": "c_f2x121U0g=",
            "metadata_startup_script": "#!/bin/bash\n\n#Utils\nsudo apt-get install unzip\n\n#Download Consul\ncurl --silent --remote-name https://releases.hashicorp.com/consul/1.14.3/consul_1.14.3_linux_amd64.zip\n\n\n\n#Install Consul\nunzip consul_1.14.3_linux_amd64.zip\nsudo chown root:root consul\nsudo mv consul /usr/local/bin/\nconsul -autocomplete-install\ncomplete -C /usr/local/bin/consul consul\n\n#Create Consul User\nsudo useradd --system --home /etc/consul.d --shell /bin/false consul\nsudo mkdir --parents /opt/consul\nsudo chown --recursive consul:consul /opt/consul\n\n#Create Systemd Config\nsudo cat \u003c\u003c EOF \u003e /etc/systemd/system/consul.service\n[Unit]\nDescription=\"HashiCorp Consul - A service mesh solution\"\nDocumentation=https://www.consul.io/\nRequires=network-online.target\nAfter=network-online.target\nConditionFileNotEmpty=/etc/consul.d/server.hcl\n[Service]\nUser=consul\nGroup=consul\nExecStart=/usr/local/bin/consul agent -config-dir=/etc/consul.d/\nExecReload=/usr/local/bin/consul reload\nKillMode=process\nRestart=always\nLimitNOFILE=65536\n[Install]\nWantedBy=multi-user.target\nEOF\n\n#Create config dir\nsudo mkdir --parents /etc/consul.d\nsudo touch /etc/consul.d/server.hcl\nsudo chown --recursive consul:consul /etc/consul.d\nsudo chmod 640 /etc/consul.d/server.hcl\n\n#Create CA certificate files\nsudo touch /etc/consul.d/consul-agent-ca.pem\nsudo chown --recursive consul:consul /etc/consul.d\nsudo chmod 640 /etc/consul.d/consul-agent-ca.pem\nsudo touch /etc/consul.d/consul-agent-ca-key.pem\nsudo chown --recursive consul:consul /etc/consul.d\nsudo chmod 640 /etc/consul.d/consul-agent-ca-key.pem\n\n\n#Create server certificates\n\nsudo chown --recursive consul:consul /etc/consul.d\n\n\n#Create Consul config file\ncat \u003c\u003c EOF \u003e /etc/consul.d/server.hcl\nnode_name = \"consul-server\"\nserver = true\ndatacenter = \"maniakacademyDC1\"\ndata_dir = \"/opt/consul\"\nbootstrap = true\nui_config {\n    enabled = true\n}\nclient_addr = \"0.0.0.0\"\nconnect {\n    enabled = true\n}\nports {\n  http = 8500\n}\n\nEOF\n\n#Enable the service\nsudo systemctl enable consul\nsudo service consul start\nsudo service consul status",
            "min_cpu_platform": "",
            "name": "spoke2-vm-consul1",
            "network_interface": [
              {
                "access_config": [
                  {
                    "nat_ip": "34.171.170.58",
                    "network_tier": "PREMIUM",
                    "public_ptr_domain_name": ""
                  }
                ],
                "alias_ip_range": [],
                "ipv6_access_config": [],
                "ipv6_access_type": "",
                "name": "nic0",
                "network": "https://www.googleapis.com/compute/v1/projects/tf-gcp-interview-373822/global/networks/spoke2-vpc",
                "network_ip": "10.2.0.99",
                "nic_type": "",
                "stack_type": "IPV4_ONLY",
                "subnetwork": "https://www.googleapis.com/compute/v1/projects/tf-gcp-interview-373822/regions/us-central1/subnetworks/us-central1-spoke2",
                "subnetwork_project": "tf-gcp-interview-373822"
              }
            ],
            "project": "tf-gcp-interview-373822",
            "reservation_affinity": [],
            "resource_policies": null,
            "scheduling": [
              {
                "automatic_restart": true,
                "min_node_cpus": 0,
                "node_affinities": [],
                "on_host_maintenance": "MIGRATE",
                "preemptible": false
              }
            ],
            "scratch_disk": [],
            "self_link": "https://www.googleapis.com/compute/v1/projects/tf-gcp-interview-373822/zones/us-central1-a/instances/spoke2-vm-consul1",
            "service_account": [
              {
                "email": "999098630472-compute@developer.gserviceaccount.com",
                "scopes": [
                  "https://www.googleapis.com/auth/cloud.useraccounts.readonly",
                  "https://www.googleapis.com/auth/devstorage.read_only",
                  "https://www.googleapis.com/auth/logging.write",
                  "https://www.googleapis.com/auth/monitoring.write"
                ]
              }
            ],
            "shielded_instance_config": [
              {
                "enable_integrity_monitoring": true,
                "enable_secure_boot": false,
                "enable_vtpm": true
              }
            ],
            "tags": null,
            "tags_fingerprint": "42WmSpB8rSM=",
            "timeouts": null,
            "zone": "us-central1-a"
          },
          "sensitive_attributes": [],
          "private": "eyJlMmJmYjczMC1lY2FhLTExZTYtOGY4OC0zNDM2M2JjN2M0YzAiOnsiY3JlYXRlIjoxMjAwMDAwMDAwMDAwLCJkZWxldGUiOjEyMDAwMDAwMDAwMDAsInVwZGF0ZSI6MTIwMDAwMDAwMDAwMH0sInNjaGVtYV92ZXJzaW9uIjoiNiJ9",
          "dependencies": [
            "data.google_compute_zones.main",
            "google_compute_address.consul_external_ip",
            "module.vpc_spoke2.module.subnets.google_compute_subnetwork.subnetwork"
          ]
        }
      ]
    },
    {
      "mode": "managed",
      "type": "google_compute_instance",
      "name": "spoke2_vm1_cts",
      "provider": "provider[\"registry.terraform.io/hashicorp/google\"]",
      "instances": [
        {
          "index_key": 0,
          "schema_version": 6,
          "attributes": {
            "advanced_machine_features": [],
            "allow_stopping_for_update": true,
            "attached_disk": [],
            "boot_disk": [
              {
                "auto_delete": true,
                "device_name": "persistent-disk-0",
                "disk_encryption_key_raw": "",
                "disk_encryption_key_sha256": "",
                "initialize_params": [
                  {
                    "image": "https://www.googleapis.com/compute/v1/projects/panw-gcp-team-testing/global/images/ubuntu-2004-lts-apache",
                    "labels": {},
                    "size": 10,
                    "type": "pd-standard"
                  }
                ],
                "kms_key_self_link": "",
                "mode": "READ_WRITE",
                "source": "https://www.googleapis.com/compute/v1/projects/tf-gcp-interview-373822/zones/us-central1-a/disks/spoke2-vm-cts1"
              }
            ],
            "can_ip_forward": false,
            "confidential_instance_config": [],
            "cpu_platform": "Intel Haswell",
            "current_status": "RUNNING",
            "deletion_protection": false,
            "description": "",
            "desired_status": null,
            "enable_display": false,
            "guest_accelerator": [],
            "hostname": "",
            "id": "projects/tf-gcp-interview-373822/zones/us-central1-a/instances/spoke2-vm-cts1",
            "instance_id": "7433777489837907999",
            "label_fingerprint": "42WmSpB8rSM=",
            "labels": {},
            "machine_type": "f1-micro",
            "metadata": {
              "serial-port-enable": "true",
              "ssh-keys": "paloalto:ssh-rsa AAAAB3NzaC1yc2EAAAADAQABAAABgQCzi8XYyaTn9iTzQ3wRzUDj/oLbs1fYyNI5W2yPq0NPogmwZb54iSeKoaFYgp5jIqVP5oa/j4vOxpoe30ajmUsbpvHbyrbcPnqKZGWcU7nVKwK7vUOzcGHGRgdxYKhO5oXGo3qVzXlzyf/t0pMArIRw+1rwkrpI/OV9t6D4cv2x8TB2Z7voEqS7zl3aqbl+OTj/hd3euyLUI/j4RMXltEstxpqJwEu1taoSQCjDiEfgkiG27pMaFiTNEi9ppg1cX0wp3/lAOyomm57/56UyyuJioE6zJY/OyyhoKIiqu5JsV7c6euXrv0UqFIs/OrXiZOvYR6jaOAPlx5d+FWqwdUpPoOxvbbUYwo3vtoyBaIEL2F6VYLC2OBmghK3yQ5AvbbWfDaeTwngkkcXKfC9Fj1Bbnibw+CFCnwIUrMdwyKEkWb9MRhiPpu7xpa0oro9vZwSyl65z8nt7xM9IjHDgFuFZ46FvHAdR2jA8m92yL44lgviSsIF1BLFECSq9IjexQH8= gcp-demo\n"
            },
            "metadata_fingerprint": "XALhLwAEuLE=",
            "metadata_startup_script": "#!/bin/bash\nlocal_ipv4=\"$(curl -s http://169.254.169.254/latest/meta-data/local-ipv4)\"\n\n#Utils\nsudo apt-get install unzip\nsudo apt-get update\nsudo apt-get install software-properties-common\nsudo add-apt-repository universe\nsudo apt-get update\nsudo apt-get jq\nsudo apt-get install curl gnupg lsb-release\nsudo curl --fail --silent --show-error --location https://apt.releases.hashicorp.com/gpg | \\\n      gpg --dearmor | \\\n      sudo dd of=/usr/share/keyrings/hashicorp-archive-keyring.gpg\n\nsudo echo \"deb [arch=amd64 signed-by=/usr/share/keyrings/hashicorp-archive-keyring.gpg] https://apt.releases.hashicorp.com $(lsb_release -cs) main\" | \\\n sudo tee -a /etc/apt/sources.list.d/hashicorp.list\n\nsudo apt-get update\n\nsudo apt-get install consul-terraform-sync\n\n#vault env\nexport VAULT_ADDR=\"http://${vault_addr}\"\nexport VAULT_TOKEN=$vault_token\n\nsudo apt update -y\ncurl -fsSL https://apt.releases.hashicorp.com/gpg | apt-key add -\nsudo apt-add-repository \"deb [arch=amd64] https://apt.releases.hashicorp.com $(lsb_release -cs) main\"\napt update -y\nsudo apt install vault terraform unzip -y\n\n#Download Consul\nexport CONSUL_VERSION=\"1.14.3\"\ncurl --silent --remote-name https://releases.hashicorp.com/consul/${CONSUL_VERSION}/consul_${CONSUL_VERSION}_linux_amd64.zip\n\n#Install Consul\nunzip consul_${CONSUL_VERSION}_linux_amd64.zip\nsudo chown root:root consul\nsudo mv consul /usr/local/bin/\nconsul -autocomplete-install\ncomplete -C /usr/local/bin/consul consul\n\n\n#Create Consul User\nsudo useradd --system --home /etc/consul.d --shell /bin/false consul\nsudo mkdir --parents /opt/consul\nsudo chown --recursive consul:consul /opt/consul\n\n\n#Create config dir\nsudo mkdir --parents /etc/consul.d\nsudo touch /etc/consul.d/consul.hcl\nsudo chown --recursive consul:consul /etc/consul.d\nsudo chmod 640 /etc/consul.d/consul.hcl\n\n#Install consul terraform sync user and groups\n\nsudo useradd --system --home /etc/consul-tf-sync.d --shell /bin/false consul-nia\nsudo mkdir -p /opt/consul-tf-sync.d \u0026\u0026 sudo mkdir -p /etc/consul-tf-sync.d\n\nsudo chown --recursive consul-nia:consul-nia /opt/consul-tf-sync.d \u0026\u0026 \\\nsudo chmod -R 0750 /opt/consul-tf-sync.d \u0026\u0026 \\\nsudo chown --recursive consul-nia:consul-nia /etc/consul-tf-sync.d \u0026\u0026 \\\nsudo chmod -R 0750 /etc/consul-tf-sync.d\n\n#Create Systemd Config\nsudo cat \u003c\u003c EOF \u003e /etc/systemd/system/consul.service\n[Unit]\nDescription=\"HashiCorp Consul - A service mesh solution\"\nDocumentation=https://www.consul.io/\nRequires=network-online.target\nAfter=network-online.target\nConditionFileNotEmpty=/etc/consul.d/consul.hcl\n[Service]\nUser=consul\nGroup=consul\nExecStart=/usr/local/bin/consul agent -config-dir=/etc/consul.d/\nExecReload=/usr/local/bin/consul reload\nKillMode=process\nRestart=always\nLimitNOFILE=65536\n[Install]\nWantedBy=multi-user.target\nEOF\n\n\n\n#consul config\ncat \u003c\u003c EOF \u003e /etc/consul.d/consul.hcl\ndata_dir = \"/opt/consul\"\ndatacenter = \"academyDC1\"\nretry_join = [\"10.2.0.99\"]\nEOF\n\n\n\n\n# #Create Systemd Config for Consul Terraform Sync\nsudo cat \u003c\u003c EOF \u003e /etc/systemd/system/consul-tf-sync.service\n[Unit]\nDescription=\"HashiCorp Consul Terraform Sync - A Network Infra Automation solution\"\nDocumentation=https://www.consul.io/\nRequires=network-online.target\nAfter=network-online.target\n\n[Service]\nUser=root\nGroup=root\nExecStart=/usr/bin/consul-terraform-sync start -config-file=/etc/consul-tf-sync.d/consul-tf-sync-secure.hcl\nKillMode=process\nRestart=always\nLimitNOFILE=65536\n\n[Install]\nWantedBy=multi-user.target\nEOF\n\n\ncat \u003c\u003c EOF \u003e /etc/consul-tf-sync.d/consul-tf-sync-secure.hcl\n# Global Config Options\nworking_dir = \"/opt/consul-tf-sync.d/\"\nlog_level = \"info\"\nbuffer_period {\n  min = \"5s\"\n  max = \"20s\"\n}\n\nid = \"consul-terraform-sync\"\n\nconsul {\n    address = \"localhost:8500\"\n    service_registration {\n      enabled = true\n      service_name = \"consul-terraform-sync\"\n      default_check {\n        enabled = true\n        address = \"http://${local_ipv4}:8558\"\n      }\n    }\n}\n\nvault {\n  address = \"http://192.168.0.60:8200\"\n  token   = \"root\"\n}\n\n# Terraform Driver Options\ndriver \"terraform\" {\n  log = true\n  path = \"/opt/consul-tf-sync.d/\"\n  required_providers {\n    panos = {\n      source = \"PaloAltoNetworks/panos\"\n    }\n  }\n}\n\n## Network Infrastructure Options\n\n\n## Network Infrastructure Options\n\n\n# Palo Alto Workflow Options\nterraform_provider \"panos\" {\n  alias = \"panos1\"\n  hostname = \"${panos_mgmt_addr}\"\n  username = \"${panos_username}\"\n  password = \"{{ with secret \\\"net_infra/paloalto\\\" }}{{ .Data.data.panpassword }}{{ end }}\"\n}\n\n## Consul Terraform Sync Task Definitions\n\n# # Firewall operations task\ntask {\n  name = \"Dynamic_Address_Group_PaloAlto_FW\"\n  description = \"Automate population of dynamic address group\"\n  module = \"github.com/maniak-academy/panos-nia-dag\"\n  providers = [\"panos.panos1\"]\n  condition \"services\" {\n    names = [\"web\", \"api\", \"db\", \"logging\"]\n  }  \n  variable_files = [\"/etc/consul-tf-sync.d/panos.tfvars\"]\n}\nEOF\n\ncat \u003c\u003c EOF \u003e /etc/consul-tf-sync.d/panos.tfvars\ndag_prefix = \"cts-addr-grp-\"\nEOF\n\n#Enable the services\nsudo systemctl enable consul\nsudo service consul start\nsudo service consul status\nsudo systemctl enable consul-tf-sync\nsudo service consul-tf-sync start\nsudo service consul-tf-sync status\n\n",
            "min_cpu_platform": "",
            "name": "spoke2-vm-cts1",
            "network_interface": [
              {
                "access_config": [
                  {
                    "nat_ip": "34.123.36.110",
                    "network_tier": "PREMIUM",
                    "public_ptr_domain_name": ""
                  }
                ],
                "alias_ip_range": [],
                "ipv6_access_config": [],
                "ipv6_access_type": "",
                "name": "nic0",
                "network": "https://www.googleapis.com/compute/v1/projects/tf-gcp-interview-373822/global/networks/spoke2-vpc",
                "network_ip": "10.2.0.50",
                "nic_type": "",
                "stack_type": "IPV4_ONLY",
                "subnetwork": "https://www.googleapis.com/compute/v1/projects/tf-gcp-interview-373822/regions/us-central1/subnetworks/us-central1-spoke2",
                "subnetwork_project": "tf-gcp-interview-373822"
              }
            ],
            "project": "tf-gcp-interview-373822",
            "reservation_affinity": [],
            "resource_policies": [],
            "scheduling": [
              {
                "automatic_restart": true,
                "min_node_cpus": 0,
                "node_affinities": [],
                "on_host_maintenance": "MIGRATE",
                "preemptible": false
              }
            ],
            "scratch_disk": [],
            "self_link": "https://www.googleapis.com/compute/v1/projects/tf-gcp-interview-373822/zones/us-central1-a/instances/spoke2-vm-cts1",
            "service_account": [
              {
                "email": "999098630472-compute@developer.gserviceaccount.com",
                "scopes": [
                  "https://www.googleapis.com/auth/cloud.useraccounts.readonly",
                  "https://www.googleapis.com/auth/devstorage.read_only",
                  "https://www.googleapis.com/auth/logging.write",
                  "https://www.googleapis.com/auth/monitoring.write"
                ]
              }
            ],
            "shielded_instance_config": [
              {
                "enable_integrity_monitoring": true,
                "enable_secure_boot": false,
                "enable_vtpm": true
              }
            ],
            "tags": [],
            "tags_fingerprint": "42WmSpB8rSM=",
            "timeouts": null,
            "zone": "us-central1-a"
          },
          "sensitive_attributes": [],
          "private": "eyJlMmJmYjczMC1lY2FhLTExZTYtOGY4OC0zNDM2M2JjN2M0YzAiOnsiY3JlYXRlIjoxMjAwMDAwMDAwMDAwLCJkZWxldGUiOjEyMDAwMDAwMDAwMDAsInVwZGF0ZSI6MTIwMDAwMDAwMDAwMH0sInNjaGVtYV92ZXJzaW9uIjoiNiJ9",
          "dependencies": [
            "data.google_client_config.main",
            "data.google_compute_zones.main",
            "google_compute_address.cts_external_ip",
            "module.vpc_spoke2.module.subnets.google_compute_subnetwork.subnetwork",
            "module.vpc_spoke2.module.vpc.google_compute_network.network"
          ]
        }
      ]
    },
    {
      "mode": "managed",
      "type": "google_compute_instance",
      "name": "vault_vm1",
      "provider": "provider[\"registry.terraform.io/hashicorp/google\"]",
      "instances": [
        {
          "schema_version": 6,
          "attributes": {
            "advanced_machine_features": [],
            "allow_stopping_for_update": true,
            "attached_disk": [],
            "boot_disk": [
              {
                "auto_delete": true,
                "device_name": "persistent-disk-0",
                "disk_encryption_key_raw": "",
                "disk_encryption_key_sha256": "",
                "initialize_params": [
                  {
                    "image": "https://www.googleapis.com/compute/v1/projects/panw-gcp-team-testing/global/images/ubuntu-2004-lts-apache",
                    "labels": {},
                    "size": 10,
                    "type": "pd-standard"
                  }
                ],
                "kms_key_self_link": "",
                "mode": "READ_WRITE",
                "source": "https://www.googleapis.com/compute/v1/projects/tf-gcp-interview-373822/zones/us-central1-a/disks/vault-vm"
              }
            ],
            "can_ip_forward": false,
            "confidential_instance_config": [],
            "cpu_platform": "Intel Haswell",
            "current_status": "RUNNING",
            "deletion_protection": false,
            "description": "",
            "desired_status": null,
            "enable_display": false,
            "guest_accelerator": [],
            "hostname": "",
            "id": "projects/tf-gcp-interview-373822/zones/us-central1-a/instances/vault-vm",
            "instance_id": "8741813430556914439",
            "label_fingerprint": "42WmSpB8rSM=",
            "labels": {},
            "machine_type": "f1-micro",
            "metadata": {
              "serial-port-enable": "true",
              "ssh-keys": "paloalto:ssh-rsa AAAAB3NzaC1yc2EAAAADAQABAAABgQCzi8XYyaTn9iTzQ3wRzUDj/oLbs1fYyNI5W2yPq0NPogmwZb54iSeKoaFYgp5jIqVP5oa/j4vOxpoe30ajmUsbpvHbyrbcPnqKZGWcU7nVKwK7vUOzcGHGRgdxYKhO5oXGo3qVzXlzyf/t0pMArIRw+1rwkrpI/OV9t6D4cv2x8TB2Z7voEqS7zl3aqbl+OTj/hd3euyLUI/j4RMXltEstxpqJwEu1taoSQCjDiEfgkiG27pMaFiTNEi9ppg1cX0wp3/lAOyomm57/56UyyuJioE6zJY/OyyhoKIiqu5JsV7c6euXrv0UqFIs/OrXiZOvYR6jaOAPlx5d+FWqwdUpPoOxvbbUYwo3vtoyBaIEL2F6VYLC2OBmghK3yQ5AvbbWfDaeTwngkkcXKfC9Fj1Bbnibw+CFCnwIUrMdwyKEkWb9MRhiPpu7xpa0oro9vZwSyl65z8nt7xM9IjHDgFuFZ46FvHAdR2jA8m92yL44lgviSsIF1BLFECSq9IjexQH8= gcp-demo\n"
            },
            "metadata_fingerprint": "YQVIdCiZS4c=",
            "metadata_startup_script": "#!/bin/bash\nlocal_ipv4=\"$(curl -s http://169.254.169.254/latest/meta-data/local-ipv4)\"\n\napt-get update -y\napt-get install -y docker.io\nsnap install vault\n\ncurl -L \"https://github.com/docker/compose/releases/download/1.24.1/docker-compose-$(uname -s)-$(uname -m)\" -o /usr/local/bin/docker-compose\nchmod +x /usr/local/bin/docker-compose\n\ncat \u003c\u003c EOF \u003e /etc/profile.d/vault.sh\nexport VAULT_ADDR=http://127.0.0.1:8200\nexport VAULT_TOKEN=root\nEOF\n\ncat \u003c\u003c-EOF \u003e /docker-compose.yml\nversion: '3'\nservices:\n  vault:\n    container_name: vault\n    network_mode: host\n    restart: always\n    image: vault\n    environment:\n      - VAULT_DEV_ROOT_TOKEN_ID=root\nEOF\n\n/usr/local/bin/docker-compose up -d\n\n",
            "min_cpu_platform": "",
            "name": "vault-vm",
            "network_interface": [
              {
                "access_config": [
                  {
                    "nat_ip": "34.134.103.79",
                    "network_tier": "PREMIUM",
                    "public_ptr_domain_name": ""
                  }
                ],
                "alias_ip_range": [],
                "ipv6_access_config": [],
                "ipv6_access_type": "",
                "name": "nic0",
                "network": "https://www.googleapis.com/compute/v1/projects/tf-gcp-interview-373822/global/networks/spoke2-vpc",
                "network_ip": "10.2.0.60",
                "nic_type": "",
                "stack_type": "IPV4_ONLY",
                "subnetwork": "https://www.googleapis.com/compute/v1/projects/tf-gcp-interview-373822/regions/us-central1/subnetworks/us-central1-spoke2",
                "subnetwork_project": "tf-gcp-interview-373822"
              }
            ],
            "project": "tf-gcp-interview-373822",
            "reservation_affinity": [],
            "resource_policies": [],
            "scheduling": [
              {
                "automatic_restart": true,
                "min_node_cpus": 0,
                "node_affinities": [],
                "on_host_maintenance": "MIGRATE",
                "preemptible": false
              }
            ],
            "scratch_disk": [],
            "self_link": "https://www.googleapis.com/compute/v1/projects/tf-gcp-interview-373822/zones/us-central1-a/instances/vault-vm",
            "service_account": [
              {
                "email": "999098630472-compute@developer.gserviceaccount.com",
                "scopes": [
                  "https://www.googleapis.com/auth/cloud.useraccounts.readonly",
                  "https://www.googleapis.com/auth/devstorage.read_only",
                  "https://www.googleapis.com/auth/logging.write",
                  "https://www.googleapis.com/auth/monitoring.write"
                ]
              }
            ],
            "shielded_instance_config": [
              {
                "enable_integrity_monitoring": true,
                "enable_secure_boot": false,
                "enable_vtpm": true
              }
            ],
            "tags": [],
            "tags_fingerprint": "42WmSpB8rSM=",
            "timeouts": null,
            "zone": "us-central1-a"
          },
          "sensitive_attributes": [],
          "private": "eyJlMmJmYjczMC1lY2FhLTExZTYtOGY4OC0zNDM2M2JjN2M0YzAiOnsiY3JlYXRlIjoxMjAwMDAwMDAwMDAwLCJkZWxldGUiOjEyMDAwMDAwMDAwMDAsInVwZGF0ZSI6MTIwMDAwMDAwMDAwMH0sInNjaGVtYV92ZXJzaW9uIjoiNiJ9",
          "dependencies": [
            "data.google_client_config.main",
            "data.google_compute_zones.main",
            "google_compute_address.vault_external_ip",
            "module.vpc_spoke2.module.subnets.google_compute_subnetwork.subnetwork",
            "module.vpc_spoke2.module.vpc.google_compute_network.network"
          ]
        }
      ]
    },
    {
      "mode": "managed",
      "type": "google_compute_instance_group",
      "name": "spoke1_ig",
      "provider": "provider[\"registry.terraform.io/hashicorp/google\"]",
      "instances": [
        {
          "schema_version": 2,
          "attributes": {
            "description": "",
            "id": "projects/tf-gcp-interview-373822/zones/us-central1-a/instanceGroups/spoke1-ig",
            "instances": [
              "https://www.googleapis.com/compute/v1/projects/tf-gcp-interview-373822/zones/us-central1-a/instances/spoke1-vm1",
              "https://www.googleapis.com/compute/v1/projects/tf-gcp-interview-373822/zones/us-central1-a/instances/spoke1-vm2"
            ],
            "name": "spoke1-ig",
            "named_port": [],
            "network": "https://www.googleapis.com/compute/v1/projects/tf-gcp-interview-373822/global/networks/spoke1-vpc",
            "project": "tf-gcp-interview-373822",
            "self_link": "https://www.googleapis.com/compute/v1/projects/tf-gcp-interview-373822/zones/us-central1-a/instanceGroups/spoke1-ig",
            "size": 2,
            "timeouts": null,
            "zone": "us-central1-a"
          },
          "sensitive_attributes": [],
          "private": "eyJlMmJmYjczMC1lY2FhLTExZTYtOGY4OC0zNDM2M2JjN2M0YzAiOnsiY3JlYXRlIjozNjAwMDAwMDAwMDAsImRlbGV0ZSI6MzYwMDAwMDAwMDAwLCJ1cGRhdGUiOjM2MDAwMDAwMDAwMH0sInNjaGVtYV92ZXJzaW9uIjoiMiJ9",
          "dependencies": [
            "data.google_client_config.main",
            "data.google_compute_zones.main",
            "google_compute_instance.spoke1_vm",
            "module.vpc_spoke1.module.subnets.google_compute_subnetwork.subnetwork",
            "module.vpc_spoke1.module.vpc.google_compute_network.network"
          ]
        }
      ]
    },
    {
      "mode": "managed",
      "type": "random_string",
      "name": "main",
      "provider": "provider[\"registry.terraform.io/hashicorp/random\"]",
      "instances": [
        {
          "schema_version": 2,
          "attributes": {
            "id": "utdrl",
            "keepers": null,
            "length": 5,
            "lower": true,
            "min_lower": 5,
            "min_numeric": 0,
            "min_special": 0,
            "min_upper": 0,
            "number": true,
            "numeric": true,
            "override_special": null,
            "result": "utdrl",
            "special": false,
            "upper": true
          },
          "sensitive_attributes": []
        }
      ]
    },
    {
      "module": "module.bootstrap",
      "mode": "data",
      "type": "google_compute_default_service_account",
      "name": "this",
      "provider": "provider[\"registry.terraform.io/hashicorp/google\"]",
      "instances": [
        {
          "schema_version": 0,
          "attributes": {
            "display_name": "Compute Engine default service account",
            "email": "999098630472-compute@developer.gserviceaccount.com",
            "id": "projects/tf-gcp-interview-373822/serviceAccounts/999098630472-compute@developer.gserviceaccount.com",
            "name": "projects/tf-gcp-interview-373822/serviceAccounts/999098630472-compute@developer.gserviceaccount.com",
            "project": "tf-gcp-interview-373822",
            "unique_id": "113654925152751660790"
          },
          "sensitive_attributes": []
        }
      ]
    },
    {
      "module": "module.bootstrap",
      "mode": "managed",
      "type": "google_storage_bucket",
      "name": "this",
      "provider": "provider[\"registry.terraform.io/hashicorp/google\"]",
      "instances": [
        {
          "schema_version": 0,
          "attributes": {
            "bucket_policy_only": true,
            "cors": [],
            "default_event_based_hold": false,
            "encryption": [],
            "force_destroy": true,
            "id": "paloaltonetworks-firewall-bootstrap-xwglrfghjp",
            "labels": {},
            "lifecycle_rule": [],
            "location": "US",
            "logging": [],
            "name": "paloaltonetworks-firewall-bootstrap-xwglrfghjp",
            "project": "tf-gcp-interview-373822",
            "requester_pays": false,
            "retention_policy": [],
            "self_link": "https://www.googleapis.com/storage/v1/b/paloaltonetworks-firewall-bootstrap-xwglrfghjp",
            "storage_class": "STANDARD",
            "uniform_bucket_level_access": true,
            "url": "gs://paloaltonetworks-firewall-bootstrap-xwglrfghjp",
            "versioning": [],
            "website": []
          },
          "sensitive_attributes": [],
          "private": "bnVsbA==",
          "dependencies": [
            "module.bootstrap.random_string.randomstring"
          ]
        }
      ]
    },
    {
      "module": "module.bootstrap",
      "mode": "managed",
      "type": "google_storage_bucket_iam_member",
      "name": "member",
      "provider": "provider[\"registry.terraform.io/hashicorp/google\"]",
      "instances": [
        {
          "schema_version": 0,
          "attributes": {
            "bucket": "b/paloaltonetworks-firewall-bootstrap-xwglrfghjp",
            "condition": [],
            "etag": "CAI=",
            "id": "b/paloaltonetworks-firewall-bootstrap-xwglrfghjp/roles/storage.objectViewer/serviceAccount:vmseries-sa@tf-gcp-interview-373822.iam.gserviceaccount.com",
            "member": "serviceAccount:vmseries-sa@tf-gcp-interview-373822.iam.gserviceaccount.com",
            "role": "roles/storage.objectViewer"
          },
          "sensitive_attributes": [],
          "private": "bnVsbA==",
          "dependencies": [
            "module.bootstrap.data.google_compute_default_service_account.this",
            "module.bootstrap.google_storage_bucket.this",
            "module.bootstrap.random_string.randomstring",
            "module.iam_service_account.google_service_account.this"
          ]
        }
      ]
    },
    {
      "module": "module.bootstrap",
      "mode": "managed",
      "type": "google_storage_bucket_object",
      "name": "content_empty",
      "provider": "provider[\"registry.terraform.io/hashicorp/google\"]",
      "instances": [
        {
          "index_key": 0,
          "schema_version": 0,
          "attributes": {
            "bucket": "paloaltonetworks-firewall-bootstrap-xwglrfghjp",
            "cache_control": "",
            "content": "content/",
            "content_disposition": "",
            "content_encoding": "",
            "content_language": "",
            "content_type": "text/plain; charset=utf-8",
            "crc32c": "DwH0mw==",
            "customer_encryption": [],
            "detect_md5hash": "nAaaIzbP1EZJbCUljoSJBA==",
            "event_based_hold": false,
            "id": "paloaltonetworks-firewall-bootstrap-xwglrfghjp-content/",
            "kms_key_name": "",
            "md5hash": "nAaaIzbP1EZJbCUljoSJBA==",
            "media_link": "https://storage.googleapis.com/download/storage/v1/b/paloaltonetworks-firewall-bootstrap-xwglrfghjp/o/content%2F?generation=1673053755325667\u0026alt=media",
            "metadata": {},
            "name": "content/",
            "output_name": "content/",
            "self_link": "https://www.googleapis.com/storage/v1/b/paloaltonetworks-firewall-bootstrap-xwglrfghjp/o/content%2F",
            "source": null,
            "storage_class": "STANDARD",
            "temporary_hold": false,
            "timeouts": null
          },
          "sensitive_attributes": [],
          "private": "eyJlMmJmYjczMC1lY2FhLTExZTYtOGY4OC0zNDM2M2JjN2M0YzAiOnsiY3JlYXRlIjoyNDAwMDAwMDAwMDAsImRlbGV0ZSI6MjQwMDAwMDAwMDAwLCJ1cGRhdGUiOjI0MDAwMDAwMDAwMH19",
          "dependencies": [
            "module.bootstrap.google_storage_bucket.this",
            "module.bootstrap.random_string.randomstring"
          ]
        }
      ]
    },
    {
      "module": "module.bootstrap",
      "mode": "managed",
      "type": "google_storage_bucket_object",
      "name": "file",
      "provider": "provider[\"registry.terraform.io/hashicorp/google\"]",
      "instances": [
        {
          "index_key": "./bootstrap_files/bootstrap.xml.sample",
          "schema_version": 0,
          "attributes": {
            "bucket": "paloaltonetworks-firewall-bootstrap-xwglrfghjp",
            "cache_control": "",
            "content": null,
            "content_disposition": "",
            "content_encoding": "",
            "content_language": "",
            "content_type": "text/xml; charset=utf-8",
            "crc32c": "lCCRKA==",
            "customer_encryption": [],
            "detect_md5hash": "KcQYc5p2MKWcW2jrDh/fsA==",
            "event_based_hold": false,
            "id": "paloaltonetworks-firewall-bootstrap-xwglrfghjp-config/bootstrap.xml",
            "kms_key_name": "",
            "md5hash": "KcQYc5p2MKWcW2jrDh/fsA==",
            "media_link": "https://storage.googleapis.com/download/storage/v1/b/paloaltonetworks-firewall-bootstrap-xwglrfghjp/o/config%2Fbootstrap.xml?generation=1673053755299224\u0026alt=media",
            "metadata": {},
            "name": "config/bootstrap.xml",
            "output_name": "config/bootstrap.xml",
            "self_link": "https://www.googleapis.com/storage/v1/b/paloaltonetworks-firewall-bootstrap-xwglrfghjp/o/config%2Fbootstrap.xml",
            "source": "./bootstrap_files/bootstrap.xml.sample",
            "storage_class": "STANDARD",
            "temporary_hold": false,
            "timeouts": null
          },
          "sensitive_attributes": [],
          "private": "eyJlMmJmYjczMC1lY2FhLTExZTYtOGY4OC0zNDM2M2JjN2M0YzAiOnsiY3JlYXRlIjoyNDAwMDAwMDAwMDAsImRlbGV0ZSI6MjQwMDAwMDAwMDAwLCJ1cGRhdGUiOjI0MDAwMDAwMDAwMH19",
          "dependencies": [
            "module.bootstrap.google_storage_bucket.this",
            "module.bootstrap.random_string.randomstring"
          ]
        },
        {
          "index_key": "./bootstrap_files/init-cfg.txt.sample",
          "schema_version": 0,
          "attributes": {
            "bucket": "paloaltonetworks-firewall-bootstrap-xwglrfghjp",
            "cache_control": "",
            "content": null,
            "content_disposition": "",
            "content_encoding": "",
            "content_language": "",
            "content_type": "text/plain; charset=utf-8",
            "crc32c": "xrPd3w==",
            "customer_encryption": [],
            "detect_md5hash": "EB4Eqevy3a96sI1laWFoqg==",
            "event_based_hold": false,
            "id": "paloaltonetworks-firewall-bootstrap-xwglrfghjp-config/init-cfg.txt",
            "kms_key_name": "",
            "md5hash": "EB4Eqevy3a96sI1laWFoqg==",
            "media_link": "https://storage.googleapis.com/download/storage/v1/b/paloaltonetworks-firewall-bootstrap-xwglrfghjp/o/config%2Finit-cfg.txt?generation=1673053755193236\u0026alt=media",
            "metadata": {},
            "name": "config/init-cfg.txt",
            "output_name": "config/init-cfg.txt",
            "self_link": "https://www.googleapis.com/storage/v1/b/paloaltonetworks-firewall-bootstrap-xwglrfghjp/o/config%2Finit-cfg.txt",
            "source": "./bootstrap_files/init-cfg.txt.sample",
            "storage_class": "STANDARD",
            "temporary_hold": false,
            "timeouts": null
          },
          "sensitive_attributes": [],
          "private": "eyJlMmJmYjczMC1lY2FhLTExZTYtOGY4OC0zNDM2M2JjN2M0YzAiOnsiY3JlYXRlIjoyNDAwMDAwMDAwMDAsImRlbGV0ZSI6MjQwMDAwMDAwMDAwLCJ1cGRhdGUiOjI0MDAwMDAwMDAwMH19",
          "dependencies": [
            "module.bootstrap.google_storage_bucket.this",
            "module.bootstrap.random_string.randomstring"
          ]
        }
      ]
    },
    {
      "module": "module.bootstrap",
      "mode": "managed",
      "type": "google_storage_bucket_object",
      "name": "license_empty",
      "provider": "provider[\"registry.terraform.io/hashicorp/google\"]",
      "instances": [
        {
          "index_key": 0,
          "schema_version": 0,
          "attributes": {
            "bucket": "paloaltonetworks-firewall-bootstrap-xwglrfghjp",
            "cache_control": "",
            "content": "license/",
            "content_disposition": "",
            "content_encoding": "",
            "content_language": "",
            "content_type": "text/plain; charset=utf-8",
            "crc32c": "gxjVCA==",
            "customer_encryption": [],
            "detect_md5hash": "4SefAws5eOno0XEEWmDisQ==",
            "event_based_hold": false,
            "id": "paloaltonetworks-firewall-bootstrap-xwglrfghjp-license/",
            "kms_key_name": "",
            "md5hash": "4SefAws5eOno0XEEWmDisQ==",
            "media_link": "https://storage.googleapis.com/download/storage/v1/b/paloaltonetworks-firewall-bootstrap-xwglrfghjp/o/license%2F?generation=1673053755590316\u0026alt=media",
            "metadata": {},
            "name": "license/",
            "output_name": "license/",
            "self_link": "https://www.googleapis.com/storage/v1/b/paloaltonetworks-firewall-bootstrap-xwglrfghjp/o/license%2F",
            "source": null,
            "storage_class": "STANDARD",
            "temporary_hold": false,
            "timeouts": null
          },
          "sensitive_attributes": [],
          "private": "eyJlMmJmYjczMC1lY2FhLTExZTYtOGY4OC0zNDM2M2JjN2M0YzAiOnsiY3JlYXRlIjoyNDAwMDAwMDAwMDAsImRlbGV0ZSI6MjQwMDAwMDAwMDAwLCJ1cGRhdGUiOjI0MDAwMDAwMDAwMH19",
          "dependencies": [
            "module.bootstrap.google_storage_bucket.this",
            "module.bootstrap.random_string.randomstring"
          ]
        }
      ]
    },
    {
      "module": "module.bootstrap",
      "mode": "managed",
      "type": "google_storage_bucket_object",
      "name": "software_empty",
      "provider": "provider[\"registry.terraform.io/hashicorp/google\"]",
      "instances": [
        {
          "index_key": 0,
          "schema_version": 0,
          "attributes": {
            "bucket": "paloaltonetworks-firewall-bootstrap-xwglrfghjp",
            "cache_control": "",
            "content": "software/",
            "content_disposition": "",
            "content_encoding": "",
            "content_language": "",
            "content_type": "text/plain; charset=utf-8",
            "crc32c": "mGh/HQ==",
            "customer_encryption": [],
            "detect_md5hash": "yPp22Nwbngb/iusxIWCLGw==",
            "event_based_hold": false,
            "id": "paloaltonetworks-firewall-bootstrap-xwglrfghjp-software/",
            "kms_key_name": "",
            "md5hash": "yPp22Nwbngb/iusxIWCLGw==",
            "media_link": "https://storage.googleapis.com/download/storage/v1/b/paloaltonetworks-firewall-bootstrap-xwglrfghjp/o/software%2F?generation=1673053754989835\u0026alt=media",
            "metadata": {},
            "name": "software/",
            "output_name": "software/",
            "self_link": "https://www.googleapis.com/storage/v1/b/paloaltonetworks-firewall-bootstrap-xwglrfghjp/o/software%2F",
            "source": null,
            "storage_class": "STANDARD",
            "temporary_hold": false,
            "timeouts": null
          },
          "sensitive_attributes": [],
          "private": "eyJlMmJmYjczMC1lY2FhLTExZTYtOGY4OC0zNDM2M2JjN2M0YzAiOnsiY3JlYXRlIjoyNDAwMDAwMDAwMDAsImRlbGV0ZSI6MjQwMDAwMDAwMDAwLCJ1cGRhdGUiOjI0MDAwMDAwMDAwMH19",
          "dependencies": [
            "module.bootstrap.google_storage_bucket.this",
            "module.bootstrap.random_string.randomstring"
          ]
        }
      ]
    },
    {
      "module": "module.bootstrap",
      "mode": "managed",
      "type": "random_string",
      "name": "randomstring",
      "provider": "provider[\"registry.terraform.io/hashicorp/random\"]",
      "instances": [
        {
          "schema_version": 2,
          "attributes": {
            "id": "xwglrfghjp",
            "keepers": null,
            "length": 10,
            "lower": true,
            "min_lower": 10,
            "min_numeric": 0,
            "min_special": 0,
            "min_upper": 0,
            "number": true,
            "numeric": true,
            "override_special": null,
            "result": "xwglrfghjp",
            "special": false,
            "upper": true
          },
          "sensitive_attributes": []
        }
      ]
    },
    {
      "module": "module.iam_service_account",
      "mode": "managed",
      "type": "google_project_iam_member",
      "name": "this",
      "provider": "provider[\"registry.terraform.io/hashicorp/google\"]",
      "instances": [
        {
          "index_key": "roles/compute.networkViewer",
          "schema_version": 0,
          "attributes": {
            "condition": [],
            "etag": "BwXxoi7w8Ew=",
            "id": "tf-gcp-interview-373822/roles/compute.networkViewer/serviceAccount:vmseries-sa@tf-gcp-interview-373822.iam.gserviceaccount.com",
            "member": "serviceAccount:vmseries-sa@tf-gcp-interview-373822.iam.gserviceaccount.com",
            "project": "tf-gcp-interview-373822",
            "role": "roles/compute.networkViewer"
          },
          "sensitive_attributes": [],
          "private": "bnVsbA==",
          "dependencies": [
            "module.iam_service_account.google_service_account.this"
          ]
        },
        {
          "index_key": "roles/logging.logWriter",
          "schema_version": 0,
          "attributes": {
            "condition": [],
            "etag": "BwXxoi7w8Ew=",
            "id": "tf-gcp-interview-373822/roles/logging.logWriter/serviceAccount:vmseries-sa@tf-gcp-interview-373822.iam.gserviceaccount.com",
            "member": "serviceAccount:vmseries-sa@tf-gcp-interview-373822.iam.gserviceaccount.com",
            "project": "tf-gcp-interview-373822",
            "role": "roles/logging.logWriter"
          },
          "sensitive_attributes": [],
          "private": "bnVsbA==",
          "dependencies": [
            "module.iam_service_account.google_service_account.this"
          ]
        },
        {
          "index_key": "roles/monitoring.metricWriter",
          "schema_version": 0,
          "attributes": {
            "condition": [],
            "etag": "BwXxoi7w8Ew=",
            "id": "tf-gcp-interview-373822/roles/monitoring.metricWriter/serviceAccount:vmseries-sa@tf-gcp-interview-373822.iam.gserviceaccount.com",
            "member": "serviceAccount:vmseries-sa@tf-gcp-interview-373822.iam.gserviceaccount.com",
            "project": "tf-gcp-interview-373822",
            "role": "roles/monitoring.metricWriter"
          },
          "sensitive_attributes": [],
          "private": "bnVsbA==",
          "dependencies": [
            "module.iam_service_account.google_service_account.this"
          ]
        },
        {
          "index_key": "roles/monitoring.viewer",
          "schema_version": 0,
          "attributes": {
            "condition": [],
            "etag": "BwXxoi7w8Ew=",
            "id": "tf-gcp-interview-373822/roles/monitoring.viewer/serviceAccount:vmseries-sa@tf-gcp-interview-373822.iam.gserviceaccount.com",
            "member": "serviceAccount:vmseries-sa@tf-gcp-interview-373822.iam.gserviceaccount.com",
            "project": "tf-gcp-interview-373822",
            "role": "roles/monitoring.viewer"
          },
          "sensitive_attributes": [],
          "private": "bnVsbA==",
          "dependencies": [
            "module.iam_service_account.google_service_account.this"
          ]
        },
        {
          "index_key": "roles/stackdriver.accounts.viewer",
          "schema_version": 0,
          "attributes": {
            "condition": [],
            "etag": "BwXxoi7w8Ew=",
            "id": "tf-gcp-interview-373822/roles/stackdriver.accounts.viewer/serviceAccount:vmseries-sa@tf-gcp-interview-373822.iam.gserviceaccount.com",
            "member": "serviceAccount:vmseries-sa@tf-gcp-interview-373822.iam.gserviceaccount.com",
            "project": "tf-gcp-interview-373822",
            "role": "roles/stackdriver.accounts.viewer"
          },
          "sensitive_attributes": [],
          "private": "bnVsbA==",
          "dependencies": [
            "module.iam_service_account.google_service_account.this"
          ]
        },
        {
          "index_key": "roles/stackdriver.resourceMetadata.writer",
          "schema_version": 0,
          "attributes": {
            "condition": [],
            "etag": "BwXxoi7w8Ew=",
            "id": "tf-gcp-interview-373822/roles/stackdriver.resourceMetadata.writer/serviceAccount:vmseries-sa@tf-gcp-interview-373822.iam.gserviceaccount.com",
            "member": "serviceAccount:vmseries-sa@tf-gcp-interview-373822.iam.gserviceaccount.com",
            "project": "tf-gcp-interview-373822",
            "role": "roles/stackdriver.resourceMetadata.writer"
          },
          "sensitive_attributes": [],
          "private": "bnVsbA==",
          "dependencies": [
            "module.iam_service_account.google_service_account.this"
          ]
        },
        {
          "index_key": "roles/viewer",
          "schema_version": 0,
          "attributes": {
            "condition": [],
            "etag": "BwXxoi7w8Ew=",
            "id": "tf-gcp-interview-373822/roles/viewer/serviceAccount:vmseries-sa@tf-gcp-interview-373822.iam.gserviceaccount.com",
            "member": "serviceAccount:vmseries-sa@tf-gcp-interview-373822.iam.gserviceaccount.com",
            "project": "tf-gcp-interview-373822",
            "role": "roles/viewer"
          },
          "sensitive_attributes": [],
          "private": "bnVsbA==",
          "dependencies": [
            "module.iam_service_account.google_service_account.this"
          ]
        }
      ]
    },
    {
      "module": "module.iam_service_account",
      "mode": "managed",
      "type": "google_service_account",
      "name": "this",
      "provider": "provider[\"registry.terraform.io/hashicorp/google\"]",
      "instances": [
        {
          "schema_version": 0,
          "attributes": {
            "account_id": "vmseries-sa",
            "description": "",
            "disabled": false,
            "display_name": "Palo Alto Networks Firewall Service Account",
            "email": "vmseries-sa@tf-gcp-interview-373822.iam.gserviceaccount.com",
            "id": "projects/tf-gcp-interview-373822/serviceAccounts/vmseries-sa@tf-gcp-interview-373822.iam.gserviceaccount.com",
            "name": "projects/tf-gcp-interview-373822/serviceAccounts/vmseries-sa@tf-gcp-interview-373822.iam.gserviceaccount.com",
            "project": "tf-gcp-interview-373822",
            "timeouts": null,
            "unique_id": "103761774309022392356"
          },
          "sensitive_attributes": [],
          "private": "eyJlMmJmYjczMC1lY2FhLTExZTYtOGY4OC0zNDM2M2JjN2M0YzAiOnsiY3JlYXRlIjozMDAwMDAwMDAwMDB9fQ=="
        }
      ]
    },
    {
      "module": "module.lb_external",
      "mode": "data",
      "type": "google_client_config",
      "name": "this",
      "provider": "provider[\"registry.terraform.io/hashicorp/google\"]",
      "instances": [
        {
          "schema_version": 0,
          "attributes": {
            "access_token": "ya29.c.b0AT7lpjD-jfVPuX8TO4pgJ2dtIIiwqrpxIZtPZ8s86ZxpSzhDC8M4BnY9bxgZyskZllCRJVR_EfHNajGfsalrno3ljkzErHsUknonmUPQjiZ-wMOVXPJP_d_y0DK_kG4O2-HhX3aO8p9XaWkJ1g5qCpvvSuUvbg1rPT8TihPbKMmh_mUKCbS6Q-WcYXIUnwtbJZhdvQxJL4pk4iAII9fd0HVawCm9YJKEwsHu7Mfy4kg............................................................................................................................................................................................................................................................................................................................................................................................................................................................................................................................................................................................................................................................................................................................................................................................................",
            "id": "projects/tf-gcp-interview-373822/regions/us-central1/zones/",
            "project": "tf-gcp-interview-373822",
            "region": "us-central1",
            "zone": ""
          },
          "sensitive_attributes": []
        }
      ]
    },
    {
      "module": "module.lb_external",
      "mode": "managed",
      "type": "google_compute_address",
      "name": "this",
      "provider": "provider[\"registry.terraform.io/hashicorp/google\"]",
      "instances": [
        {
          "index_key": "rule1",
          "schema_version": 0,
          "attributes": {
            "address": "34.28.246.70",
            "address_type": "EXTERNAL",
            "creation_timestamp": "2023-01-06T17:08:56.318-08:00",
            "description": "",
            "id": "projects/tf-gcp-interview-373822/regions/us-central1/addresses/rule1",
            "name": "rule1",
            "network": "",
            "network_tier": "PREMIUM",
            "prefix_length": 0,
            "project": "tf-gcp-interview-373822",
            "purpose": "",
            "region": "us-central1",
            "self_link": "https://www.googleapis.com/compute/v1/projects/tf-gcp-interview-373822/regions/us-central1/addresses/rule1",
            "subnetwork": "",
            "timeouts": null,
            "users": [
              "https://www.googleapis.com/compute/v1/projects/tf-gcp-interview-373822/regions/us-central1/forwardingRules/rule1"
            ]
          },
          "sensitive_attributes": [],
          "private": "eyJlMmJmYjczMC1lY2FhLTExZTYtOGY4OC0zNDM2M2JjN2M0YzAiOnsiY3JlYXRlIjoyNDAwMDAwMDAwMDAsImRlbGV0ZSI6MjQwMDAwMDAwMDAwfX0="
        },
        {
          "index_key": "rule2",
          "schema_version": 0,
          "attributes": {
            "address": "34.133.137.161",
            "address_type": "EXTERNAL",
            "creation_timestamp": "2023-01-06T17:08:56.294-08:00",
            "description": "",
            "id": "projects/tf-gcp-interview-373822/regions/us-central1/addresses/rule2",
            "name": "rule2",
            "network": "",
            "network_tier": "PREMIUM",
            "prefix_length": 0,
            "project": "tf-gcp-interview-373822",
            "purpose": "",
            "region": "us-central1",
            "self_link": "https://www.googleapis.com/compute/v1/projects/tf-gcp-interview-373822/regions/us-central1/addresses/rule2",
            "subnetwork": "",
            "timeouts": null,
            "users": [
              "https://www.googleapis.com/compute/v1/projects/tf-gcp-interview-373822/regions/us-central1/forwardingRules/rule2"
            ]
          },
          "sensitive_attributes": [],
          "private": "eyJlMmJmYjczMC1lY2FhLTExZTYtOGY4OC0zNDM2M2JjN2M0YzAiOnsiY3JlYXRlIjoyNDAwMDAwMDAwMDAsImRlbGV0ZSI6MjQwMDAwMDAwMDAwfX0="
        }
      ]
    },
    {
      "module": "module.lb_external",
      "mode": "managed",
      "type": "google_compute_forwarding_rule",
      "name": "rule",
      "provider": "provider[\"registry.terraform.io/hashicorp/google\"]",
      "instances": [
        {
          "index_key": "rule1",
          "schema_version": 0,
          "attributes": {
            "all_ports": false,
            "allow_global_access": false,
            "backend_service": "",
            "creation_timestamp": "2023-01-06T17:10:52.522-08:00",
            "description": "",
            "id": "projects/tf-gcp-interview-373822/regions/us-central1/forwardingRules/rule1",
            "ip_address": "34.28.246.70",
            "ip_protocol": "TCP",
            "is_mirroring_collector": false,
            "label_fingerprint": "42WmSpB8rSM=",
            "labels": {},
            "load_balancing_scheme": "EXTERNAL",
            "name": "rule1",
            "network": "",
            "network_tier": "PREMIUM",
            "port_range": "80",
            "ports": [],
            "project": "tf-gcp-interview-373822",
            "region": "us-central1",
            "self_link": "https://www.googleapis.com/compute/v1/projects/tf-gcp-interview-373822/regions/us-central1/forwardingRules/rule1",
            "service_label": "",
            "service_name": "",
            "subnetwork": "",
            "target": "https://www.googleapis.com/compute/v1/projects/tf-gcp-interview-373822/regions/us-central1/targetPools/fw-extlb",
            "timeouts": null
          },
          "sensitive_attributes": [],
          "private": "eyJlMmJmYjczMC1lY2FhLTExZTYtOGY4OC0zNDM2M2JjN2M0YzAiOnsiY3JlYXRlIjo2MDAwMDAwMDAwMDAsImRlbGV0ZSI6NjAwMDAwMDAwMDAwLCJ1cGRhdGUiOjYwMDAwMDAwMDAwMH19",
          "dependencies": [
            "data.google_client_config.main",
            "data.google_compute_zones.main",
            "module.bootstrap.data.google_compute_default_service_account.this",
            "module.bootstrap.google_storage_bucket.this",
            "module.bootstrap.google_storage_bucket_iam_member.member",
            "module.bootstrap.google_storage_bucket_object.config_empty",
            "module.bootstrap.google_storage_bucket_object.content_empty",
            "module.bootstrap.google_storage_bucket_object.file",
            "module.bootstrap.google_storage_bucket_object.license_empty",
            "module.bootstrap.google_storage_bucket_object.software_empty",
            "module.bootstrap.random_string.randomstring",
            "module.iam_service_account.google_service_account.this",
            "module.lb_external.data.google_client_config.this",
            "module.lb_external.google_compute_address.this",
            "module.lb_external.google_compute_http_health_check.this",
            "module.lb_external.google_compute_region_backend_service.this",
            "module.lb_external.google_compute_region_health_check.this",
            "module.lb_external.google_compute_target_pool.this",
            "module.vmseries.data.google_compute_image.vmseries",
            "module.vmseries.data.google_compute_subnetwork.this",
            "module.vmseries.google_compute_address.private",
            "module.vmseries.google_compute_address.public",
            "module.vmseries.google_compute_instance.this",
            "module.vmseries.google_compute_instance_group.this",
            "module.vmseries.null_resource.dependency_getter",
            "module.vpc_mgmt.module.subnets.google_compute_subnetwork.subnetwork",
            "module.vpc_mgmt.module.vpc.google_compute_network.network",
            "module.vpc_trust.module.subnets.google_compute_subnetwork.subnetwork",
            "module.vpc_trust.module.vpc.google_compute_network.network",
            "module.vpc_untrust.module.subnets.google_compute_subnetwork.subnetwork",
            "module.vpc_untrust.module.vpc.google_compute_network.network"
          ]
        },
        {
          "index_key": "rule2",
          "schema_version": 0,
          "attributes": {
            "all_ports": false,
            "allow_global_access": false,
            "backend_service": "",
            "creation_timestamp": "2023-01-06T17:10:52.285-08:00",
            "description": "",
            "id": "projects/tf-gcp-interview-373822/regions/us-central1/forwardingRules/rule2",
            "ip_address": "34.133.137.161",
            "ip_protocol": "TCP",
            "is_mirroring_collector": false,
            "label_fingerprint": "42WmSpB8rSM=",
            "labels": {},
            "load_balancing_scheme": "EXTERNAL",
            "name": "rule2",
            "network": "",
            "network_tier": "PREMIUM",
            "port_range": "22",
            "ports": [],
            "project": "tf-gcp-interview-373822",
            "region": "us-central1",
            "self_link": "https://www.googleapis.com/compute/v1/projects/tf-gcp-interview-373822/regions/us-central1/forwardingRules/rule2",
            "service_label": "",
            "service_name": "",
            "subnetwork": "",
            "target": "https://www.googleapis.com/compute/v1/projects/tf-gcp-interview-373822/regions/us-central1/targetPools/fw-extlb",
            "timeouts": null
          },
          "sensitive_attributes": [],
          "private": "eyJlMmJmYjczMC1lY2FhLTExZTYtOGY4OC0zNDM2M2JjN2M0YzAiOnsiY3JlYXRlIjo2MDAwMDAwMDAwMDAsImRlbGV0ZSI6NjAwMDAwMDAwMDAwLCJ1cGRhdGUiOjYwMDAwMDAwMDAwMH19",
          "dependencies": [
            "data.google_client_config.main",
            "data.google_compute_zones.main",
            "module.bootstrap.data.google_compute_default_service_account.this",
            "module.bootstrap.google_storage_bucket.this",
            "module.bootstrap.google_storage_bucket_iam_member.member",
            "module.bootstrap.google_storage_bucket_object.config_empty",
            "module.bootstrap.google_storage_bucket_object.content_empty",
            "module.bootstrap.google_storage_bucket_object.file",
            "module.bootstrap.google_storage_bucket_object.license_empty",
            "module.bootstrap.google_storage_bucket_object.software_empty",
            "module.bootstrap.random_string.randomstring",
            "module.iam_service_account.google_service_account.this",
            "module.lb_external.data.google_client_config.this",
            "module.lb_external.google_compute_address.this",
            "module.lb_external.google_compute_http_health_check.this",
            "module.lb_external.google_compute_region_backend_service.this",
            "module.lb_external.google_compute_region_health_check.this",
            "module.lb_external.google_compute_target_pool.this",
            "module.vmseries.data.google_compute_image.vmseries",
            "module.vmseries.data.google_compute_subnetwork.this",
            "module.vmseries.google_compute_address.private",
            "module.vmseries.google_compute_address.public",
            "module.vmseries.google_compute_instance.this",
            "module.vmseries.google_compute_instance_group.this",
            "module.vmseries.null_resource.dependency_getter",
            "module.vpc_mgmt.module.subnets.google_compute_subnetwork.subnetwork",
            "module.vpc_mgmt.module.vpc.google_compute_network.network",
            "module.vpc_trust.module.subnets.google_compute_subnetwork.subnetwork",
            "module.vpc_trust.module.vpc.google_compute_network.network",
            "module.vpc_untrust.module.subnets.google_compute_subnetwork.subnetwork",
            "module.vpc_untrust.module.vpc.google_compute_network.network"
          ]
        }
      ]
    },
    {
      "module": "module.lb_external",
      "mode": "managed",
      "type": "google_compute_http_health_check",
      "name": "this",
      "provider": "provider[\"registry.terraform.io/hashicorp/google\"]",
      "instances": [
        {
          "index_key": 0,
          "schema_version": 0,
          "attributes": {
            "check_interval_sec": 5,
            "creation_timestamp": "2023-01-06T17:09:07.455-08:00",
            "description": "",
            "healthy_threshold": 2,
            "host": "localhost",
            "id": "projects/tf-gcp-interview-373822/global/httpHealthChecks/fw-extlb-us-central1",
            "name": "fw-extlb-us-central1",
            "port": 80,
            "project": "tf-gcp-interview-373822",
            "request_path": "/",
            "self_link": "https://www.googleapis.com/compute/v1/projects/tf-gcp-interview-373822/global/httpHealthChecks/fw-extlb-us-central1",
            "timeout_sec": 5,
            "timeouts": null,
            "unhealthy_threshold": 2
          },
          "sensitive_attributes": [],
          "private": "eyJlMmJmYjczMC1lY2FhLTExZTYtOGY4OC0zNDM2M2JjN2M0YzAiOnsiY3JlYXRlIjoyNDAwMDAwMDAwMDAsImRlbGV0ZSI6MjQwMDAwMDAwMDAwLCJ1cGRhdGUiOjI0MDAwMDAwMDAwMH19",
          "dependencies": [
            "module.lb_external.data.google_client_config.this"
          ]
        }
      ]
    },
    {
      "module": "module.lb_external",
      "mode": "managed",
      "type": "google_compute_target_pool",
      "name": "this",
      "provider": "provider[\"registry.terraform.io/hashicorp/google\"]",
      "instances": [
        {
          "index_key": 0,
          "schema_version": 0,
          "attributes": {
            "backup_pool": "",
            "description": "",
            "failover_ratio": 0,
            "health_checks": [
              "https://www.googleapis.com/compute/v1/projects/tf-gcp-interview-373822/global/httpHealthChecks/fw-extlb-us-central1"
            ],
            "id": "projects/tf-gcp-interview-373822/regions/us-central1/targetPools/fw-extlb",
            "instances": [
              "us-central1-a/vmseries01",
              "us-central1-b/vmseries02"
            ],
            "name": "fw-extlb",
            "project": "tf-gcp-interview-373822",
            "region": "us-central1",
            "self_link": "https://www.googleapis.com/compute/v1/projects/tf-gcp-interview-373822/regions/us-central1/targetPools/fw-extlb",
            "session_affinity": "NONE",
            "timeouts": null
          },
          "sensitive_attributes": [],
          "private": "eyJlMmJmYjczMC1lY2FhLTExZTYtOGY4OC0zNDM2M2JjN2M0YzAiOnsiY3JlYXRlIjoyNDAwMDAwMDAwMDAsImRlbGV0ZSI6MjQwMDAwMDAwMDAwLCJ1cGRhdGUiOjI0MDAwMDAwMDAwMH19",
          "dependencies": [
            "data.google_client_config.main",
            "data.google_compute_zones.main",
            "module.bootstrap.data.google_compute_default_service_account.this",
            "module.bootstrap.google_storage_bucket.this",
            "module.bootstrap.google_storage_bucket_iam_member.member",
            "module.bootstrap.google_storage_bucket_object.config_empty",
            "module.bootstrap.google_storage_bucket_object.content_empty",
            "module.bootstrap.google_storage_bucket_object.file",
            "module.bootstrap.google_storage_bucket_object.license_empty",
            "module.bootstrap.google_storage_bucket_object.software_empty",
            "module.bootstrap.random_string.randomstring",
            "module.iam_service_account.google_service_account.this",
            "module.lb_external.data.google_client_config.this",
            "module.lb_external.google_compute_http_health_check.this",
            "module.vmseries.data.google_compute_image.vmseries",
            "module.vmseries.data.google_compute_subnetwork.this",
            "module.vmseries.google_compute_address.private",
            "module.vmseries.google_compute_address.public",
            "module.vmseries.google_compute_instance.this",
            "module.vmseries.google_compute_instance_group.this",
            "module.vmseries.null_resource.dependency_getter",
            "module.vpc_mgmt.module.subnets.google_compute_subnetwork.subnetwork",
            "module.vpc_mgmt.module.vpc.google_compute_network.network",
            "module.vpc_trust.module.subnets.google_compute_subnetwork.subnetwork",
            "module.vpc_trust.module.vpc.google_compute_network.network",
            "module.vpc_untrust.module.subnets.google_compute_subnetwork.subnetwork",
            "module.vpc_untrust.module.vpc.google_compute_network.network"
          ]
        }
      ]
    },
    {
      "module": "module.lb_internal",
      "mode": "data",
      "type": "google_client_config",
      "name": "this",
      "provider": "provider[\"registry.terraform.io/hashicorp/google\"]",
      "instances": [
        {
          "schema_version": 0,
          "attributes": {
            "access_token": "ya29.c.b0AT7lpjD-jfVPuX8TO4pgJ2dtIIiwqrpxIZtPZ8s86ZxpSzhDC8M4BnY9bxgZyskZllCRJVR_EfHNajGfsalrno3ljkzErHsUknonmUPQjiZ-wMOVXPJP_d_y0DK_kG4O2-HhX3aO8p9XaWkJ1g5qCpvvSuUvbg1rPT8TihPbKMmh_mUKCbS6Q-WcYXIUnwtbJZhdvQxJL4pk4iAII9fd0HVawCm9YJKEwsHu7Mfy4kg............................................................................................................................................................................................................................................................................................................................................................................................................................................................................................................................................................................................................................................................................................................................................................................................................",
            "id": "projects/tf-gcp-interview-373822/regions/us-central1/zones/",
            "project": "tf-gcp-interview-373822",
            "region": "us-central1",
            "zone": ""
          },
          "sensitive_attributes": []
        }
      ]
    },
    {
      "module": "module.lb_internal",
      "mode": "managed",
      "type": "google_compute_forwarding_rule",
      "name": "this",
      "provider": "provider[\"registry.terraform.io/hashicorp/google\"]",
      "instances": [
        {
          "schema_version": 0,
          "attributes": {
            "all_ports": true,
            "allow_global_access": false,
            "backend_service": "https://www.googleapis.com/compute/v1/projects/tf-gcp-interview-373822/regions/us-central1/backendServices/fw-ilb",
            "creation_timestamp": "2023-01-06T17:11:02.993-08:00",
            "description": "",
            "id": "projects/tf-gcp-interview-373822/regions/us-central1/forwardingRules/fw-ilb",
            "ip_address": "192.168.2.10",
            "ip_protocol": "TCP",
            "is_mirroring_collector": false,
            "label_fingerprint": "42WmSpB8rSM=",
            "labels": {},
            "load_balancing_scheme": "INTERNAL",
            "name": "fw-ilb",
            "network": "https://www.googleapis.com/compute/v1/projects/tf-gcp-interview-373822/global/networks/trust-vpc",
            "network_tier": "PREMIUM",
            "port_range": "",
            "ports": [],
            "project": "tf-gcp-interview-373822",
            "region": "us-central1",
            "self_link": "https://www.googleapis.com/compute/v1/projects/tf-gcp-interview-373822/regions/us-central1/forwardingRules/fw-ilb",
            "service_label": "",
            "service_name": "",
            "subnetwork": "https://www.googleapis.com/compute/v1/projects/tf-gcp-interview-373822/regions/us-central1/subnetworks/us-central1-trust",
            "target": "",
            "timeouts": null
          },
          "sensitive_attributes": [],
          "private": "eyJlMmJmYjczMC1lY2FhLTExZTYtOGY4OC0zNDM2M2JjN2M0YzAiOnsiY3JlYXRlIjo2MDAwMDAwMDAwMDAsImRlbGV0ZSI6NjAwMDAwMDAwMDAwLCJ1cGRhdGUiOjYwMDAwMDAwMDAwMH19",
          "dependencies": [
            "data.google_client_config.main",
            "data.google_compute_zones.main",
            "module.bootstrap.data.google_compute_default_service_account.this",
            "module.bootstrap.google_storage_bucket.this",
            "module.bootstrap.google_storage_bucket_iam_member.member",
            "module.bootstrap.google_storage_bucket_object.config_empty",
            "module.bootstrap.google_storage_bucket_object.content_empty",
            "module.bootstrap.google_storage_bucket_object.file",
            "module.bootstrap.google_storage_bucket_object.license_empty",
            "module.bootstrap.google_storage_bucket_object.software_empty",
            "module.bootstrap.random_string.randomstring",
            "module.iam_service_account.google_service_account.this",
            "module.lb_internal.data.google_client_config.this",
            "module.lb_internal.google_compute_health_check.this",
            "module.lb_internal.google_compute_region_backend_service.this",
            "module.vmseries.data.google_compute_image.vmseries",
            "module.vmseries.data.google_compute_subnetwork.this",
            "module.vmseries.google_compute_address.private",
            "module.vmseries.google_compute_address.public",
            "module.vmseries.google_compute_instance.this",
            "module.vmseries.google_compute_instance_group.this",
            "module.vmseries.null_resource.dependency_getter",
            "module.vpc_mgmt.module.subnets.google_compute_subnetwork.subnetwork",
            "module.vpc_mgmt.module.vpc.google_compute_network.network",
            "module.vpc_trust.module.subnets.google_compute_subnetwork.subnetwork",
            "module.vpc_trust.module.vpc.google_compute_network.network",
            "module.vpc_untrust.module.subnets.google_compute_subnetwork.subnetwork",
            "module.vpc_untrust.module.vpc.google_compute_network.network"
          ]
        }
      ]
    },
    {
      "module": "module.lb_internal",
      "mode": "managed",
      "type": "google_compute_health_check",
      "name": "this",
      "provider": "provider[\"registry.terraform.io/hashicorp/google\"]",
      "instances": [
        {
          "schema_version": 0,
          "attributes": {
            "check_interval_sec": 5,
            "creation_timestamp": "2023-01-06T17:08:56.276-08:00",
            "description": "",
            "grpc_health_check": [],
            "healthy_threshold": 2,
            "http2_health_check": [],
            "http_health_check": [],
            "https_health_check": [],
            "id": "projects/tf-gcp-interview-373822/global/healthChecks/fw-ilb-us-central1-check-tcp22",
            "log_config": [
              {
                "enable": false
              }
            ],
            "name": "fw-ilb-us-central1-check-tcp22",
            "project": "tf-gcp-interview-373822",
            "self_link": "https://www.googleapis.com/compute/v1/projects/tf-gcp-interview-373822/global/healthChecks/fw-ilb-us-central1-check-tcp22",
            "ssl_health_check": [],
            "tcp_health_check": [
              {
                "port": 22,
                "port_name": "",
                "port_specification": "",
                "proxy_header": "NONE",
                "request": "",
                "response": ""
              }
            ],
            "timeout_sec": 5,
            "timeouts": null,
            "type": "TCP",
            "unhealthy_threshold": 2
          },
          "sensitive_attributes": [],
          "private": "eyJlMmJmYjczMC1lY2FhLTExZTYtOGY4OC0zNDM2M2JjN2M0YzAiOnsiY3JlYXRlIjoyNDAwMDAwMDAwMDAsImRlbGV0ZSI6MjQwMDAwMDAwMDAwLCJ1cGRhdGUiOjI0MDAwMDAwMDAwMH19",
          "dependencies": [
            "module.lb_internal.data.google_client_config.this"
          ]
        }
      ]
    },
    {
      "module": "module.lb_internal",
      "mode": "managed",
      "type": "google_compute_region_backend_service",
      "name": "this",
      "provider": "provider[\"registry.terraform.io/hashicorp/google\"]",
      "instances": [
        {
          "schema_version": 1,
          "attributes": {
            "affinity_cookie_ttl_sec": 0,
            "backend": [
              {
                "balancing_mode": "CONNECTION",
                "capacity_scaler": 0,
                "description": "",
                "failover": false,
                "group": "https://www.googleapis.com/compute/v1/projects/tf-gcp-interview-373822/zones/us-central1-a/instanceGroups/vmseries01-us-central1-a",
                "max_connections": 0,
                "max_connections_per_endpoint": 0,
                "max_connections_per_instance": 0,
                "max_rate": 0,
                "max_rate_per_endpoint": 0,
                "max_rate_per_instance": 0,
                "max_utilization": 0
              },
              {
                "balancing_mode": "CONNECTION",
                "capacity_scaler": 0,
                "description": "",
                "failover": false,
                "group": "https://www.googleapis.com/compute/v1/projects/tf-gcp-interview-373822/zones/us-central1-b/instanceGroups/vmseries02-us-central1-b",
                "max_connections": 0,
                "max_connections_per_endpoint": 0,
                "max_connections_per_instance": 0,
                "max_rate": 0,
                "max_rate_per_endpoint": 0,
                "max_rate_per_instance": 0,
                "max_utilization": 0
              }
            ],
            "cdn_policy": [],
            "circuit_breakers": [],
            "connection_draining_timeout_sec": 0,
            "consistent_hash": [],
            "creation_timestamp": "2023-01-06T17:10:41.140-08:00",
            "description": "",
            "enable_cdn": false,
            "failover_policy": [],
            "fingerprint": "w3GB6O0jx0w=",
            "health_checks": [
              "https://www.googleapis.com/compute/v1/projects/tf-gcp-interview-373822/global/healthChecks/fw-ilb-us-central1-check-tcp22"
            ],
            "iap": [],
            "id": "projects/tf-gcp-interview-373822/regions/us-central1/backendServices/fw-ilb",
            "load_balancing_scheme": "INTERNAL",
            "locality_lb_policy": "",
            "log_config": [],
            "name": "fw-ilb",
            "network": "https://www.googleapis.com/compute/v1/projects/tf-gcp-interview-373822/global/networks/trust-vpc",
            "outlier_detection": [],
            "port_name": "",
            "project": "tf-gcp-interview-373822",
            "protocol": "TCP",
            "region": "us-central1",
            "self_link": "https://www.googleapis.com/compute/v1/projects/tf-gcp-interview-373822/regions/us-central1/backendServices/fw-ilb",
            "session_affinity": "NONE",
            "timeout_sec": 30,
            "timeouts": null
          },
          "sensitive_attributes": [],
          "private": "eyJlMmJmYjczMC1lY2FhLTExZTYtOGY4OC0zNDM2M2JjN2M0YzAiOnsiY3JlYXRlIjoyNDAwMDAwMDAwMDAsImRlbGV0ZSI6MjQwMDAwMDAwMDAwLCJ1cGRhdGUiOjI0MDAwMDAwMDAwMH0sInNjaGVtYV92ZXJzaW9uIjoiMSJ9",
          "dependencies": [
            "data.google_client_config.main",
            "data.google_compute_zones.main",
            "module.bootstrap.data.google_compute_default_service_account.this",
            "module.bootstrap.google_storage_bucket.this",
            "module.bootstrap.google_storage_bucket_iam_member.member",
            "module.bootstrap.google_storage_bucket_object.config_empty",
            "module.bootstrap.google_storage_bucket_object.content_empty",
            "module.bootstrap.google_storage_bucket_object.file",
            "module.bootstrap.google_storage_bucket_object.license_empty",
            "module.bootstrap.google_storage_bucket_object.software_empty",
            "module.bootstrap.random_string.randomstring",
            "module.iam_service_account.google_service_account.this",
            "module.lb_internal.data.google_client_config.this",
            "module.lb_internal.google_compute_health_check.this",
            "module.vmseries.data.google_compute_image.vmseries",
            "module.vmseries.data.google_compute_subnetwork.this",
            "module.vmseries.google_compute_address.private",
            "module.vmseries.google_compute_address.public",
            "module.vmseries.google_compute_instance.this",
            "module.vmseries.google_compute_instance_group.this",
            "module.vmseries.null_resource.dependency_getter",
            "module.vpc_mgmt.module.subnets.google_compute_subnetwork.subnetwork",
            "module.vpc_mgmt.module.vpc.google_compute_network.network",
            "module.vpc_trust.module.subnets.google_compute_subnetwork.subnetwork",
            "module.vpc_trust.module.vpc.google_compute_network.network",
            "module.vpc_untrust.module.subnets.google_compute_subnetwork.subnetwork",
            "module.vpc_untrust.module.vpc.google_compute_network.network"
          ]
        }
      ]
    },
    {
      "module": "module.peering_trust_spoke1",
      "mode": "managed",
      "type": "google_compute_network_peering",
      "name": "local",
      "provider": "provider[\"registry.terraform.io/hashicorp/google\"]",
      "instances": [
        {
          "schema_version": 0,
          "attributes": {
            "export_custom_routes": true,
            "export_subnet_routes_with_public_ip": true,
            "id": "trust-vpc/trust-to-spoke1",
            "import_custom_routes": false,
            "import_subnet_routes_with_public_ip": false,
            "name": "trust-to-spoke1",
            "network": "projects/tf-gcp-interview-373822/global/networks/trust-vpc",
            "peer_network": "https://www.googleapis.com/compute/v1/projects/tf-gcp-interview-373822/global/networks/spoke1-vpc",
            "state": "ACTIVE",
            "state_details": "[2023-01-06T17:09:35.443-08:00]: Connected.",
            "timeouts": null
          },
          "sensitive_attributes": [],
          "private": "eyJlMmJmYjczMC1lY2FhLTExZTYtOGY4OC0zNDM2M2JjN2M0YzAiOnsiY3JlYXRlIjoyNDAwMDAwMDAwMDAsImRlbGV0ZSI6MjQwMDAwMDAwMDAwLCJ1cGRhdGUiOjI0MDAwMDAwMDAwMH19",
          "dependencies": [
            "module.vpc_spoke1.module.vpc.google_compute_network.network",
            "module.vpc_trust.module.vpc.google_compute_network.network"
          ]
        }
      ]
    },
    {
      "module": "module.peering_trust_spoke1",
      "mode": "managed",
      "type": "google_compute_network_peering",
      "name": "peer",
      "provider": "provider[\"registry.terraform.io/hashicorp/google\"]",
      "instances": [
        {
          "schema_version": 0,
          "attributes": {
            "export_custom_routes": false,
            "export_subnet_routes_with_public_ip": true,
            "id": "spoke1-vpc/spoke1-to-trust",
            "import_custom_routes": true,
            "import_subnet_routes_with_public_ip": false,
            "name": "spoke1-to-trust",
            "network": "projects/tf-gcp-interview-373822/global/networks/spoke1-vpc",
            "peer_network": "https://www.googleapis.com/compute/v1/projects/tf-gcp-interview-373822/global/networks/trust-vpc",
            "state": "ACTIVE",
            "state_details": "[2023-01-06T17:09:35.443-08:00]: Connected.",
            "timeouts": null
          },
          "sensitive_attributes": [],
          "private": "eyJlMmJmYjczMC1lY2FhLTExZTYtOGY4OC0zNDM2M2JjN2M0YzAiOnsiY3JlYXRlIjoyNDAwMDAwMDAwMDAsImRlbGV0ZSI6MjQwMDAwMDAwMDAwLCJ1cGRhdGUiOjI0MDAwMDAwMDAwMH19",
          "dependencies": [
            "module.vpc_spoke1.module.vpc.google_compute_network.network",
            "module.vpc_trust.module.vpc.google_compute_network.network"
          ]
        }
      ]
    },
    {
      "module": "module.peering_trust_spoke2",
      "mode": "managed",
      "type": "google_compute_network_peering",
      "name": "local",
      "provider": "provider[\"registry.terraform.io/hashicorp/google\"]",
      "instances": [
        {
          "schema_version": 0,
          "attributes": {
            "export_custom_routes": true,
            "export_subnet_routes_with_public_ip": true,
            "id": "trust-vpc/trust-to-spoke2",
            "import_custom_routes": false,
            "import_subnet_routes_with_public_ip": false,
            "name": "trust-to-spoke2",
            "network": "projects/tf-gcp-interview-373822/global/networks/trust-vpc",
            "peer_network": "https://www.googleapis.com/compute/v1/projects/tf-gcp-interview-373822/global/networks/spoke2-vpc",
            "state": "ACTIVE",
            "state_details": "[2023-01-06T17:09:55.992-08:00]: Connected.",
            "timeouts": null
          },
          "sensitive_attributes": [],
          "private": "eyJlMmJmYjczMC1lY2FhLTExZTYtOGY4OC0zNDM2M2JjN2M0YzAiOnsiY3JlYXRlIjoyNDAwMDAwMDAwMDAsImRlbGV0ZSI6MjQwMDAwMDAwMDAwLCJ1cGRhdGUiOjI0MDAwMDAwMDAwMH19",
          "dependencies": [
            "module.vpc_spoke2.module.vpc.google_compute_network.network",
            "module.vpc_trust.module.vpc.google_compute_network.network"
          ]
        }
      ]
    },
    {
      "module": "module.peering_trust_spoke2",
      "mode": "managed",
      "type": "google_compute_network_peering",
      "name": "peer",
      "provider": "provider[\"registry.terraform.io/hashicorp/google\"]",
      "instances": [
        {
          "schema_version": 0,
          "attributes": {
            "export_custom_routes": false,
            "export_subnet_routes_with_public_ip": true,
            "id": "spoke2-vpc/spoke2-to-trust",
            "import_custom_routes": true,
            "import_subnet_routes_with_public_ip": false,
            "name": "spoke2-to-trust",
            "network": "projects/tf-gcp-interview-373822/global/networks/spoke2-vpc",
            "peer_network": "https://www.googleapis.com/compute/v1/projects/tf-gcp-interview-373822/global/networks/trust-vpc",
            "state": "ACTIVE",
            "state_details": "[2023-01-06T17:09:55.992-08:00]: Connected.",
            "timeouts": null
          },
          "sensitive_attributes": [],
          "private": "eyJlMmJmYjczMC1lY2FhLTExZTYtOGY4OC0zNDM2M2JjN2M0YzAiOnsiY3JlYXRlIjoyNDAwMDAwMDAwMDAsImRlbGV0ZSI6MjQwMDAwMDAwMDAwLCJ1cGRhdGUiOjI0MDAwMDAwMDAwMH19",
          "dependencies": [
            "module.vpc_spoke2.module.vpc.google_compute_network.network",
            "module.vpc_trust.module.vpc.google_compute_network.network"
          ]
        }
      ]
    },
    {
      "module": "module.spoke1_ilb",
      "mode": "data",
      "type": "google_client_config",
      "name": "this",
      "provider": "provider[\"registry.terraform.io/hashicorp/google\"]",
      "instances": [
        {
          "schema_version": 0,
          "attributes": {
            "access_token": "ya29.c.b0AT7lpjD-jfVPuX8TO4pgJ2dtIIiwqrpxIZtPZ8s86ZxpSzhDC8M4BnY9bxgZyskZllCRJVR_EfHNajGfsalrno3ljkzErHsUknonmUPQjiZ-wMOVXPJP_d_y0DK_kG4O2-HhX3aO8p9XaWkJ1g5qCpvvSuUvbg1rPT8TihPbKMmh_mUKCbS6Q-WcYXIUnwtbJZhdvQxJL4pk4iAII9fd0HVawCm9YJKEwsHu7Mfy4kg............................................................................................................................................................................................................................................................................................................................................................................................................................................................................................................................................................................................................................................................................................................................................................................................................",
            "id": "projects/tf-gcp-interview-373822/regions/us-central1/zones/",
            "project": "tf-gcp-interview-373822",
            "region": "us-central1",
            "zone": ""
          },
          "sensitive_attributes": []
        }
      ]
    },
    {
      "module": "module.spoke1_ilb",
      "mode": "managed",
      "type": "google_compute_forwarding_rule",
      "name": "this",
      "provider": "provider[\"registry.terraform.io/hashicorp/google\"]",
      "instances": [
        {
          "schema_version": 0,
          "attributes": {
            "all_ports": false,
            "allow_global_access": false,
            "backend_service": "https://www.googleapis.com/compute/v1/projects/tf-gcp-interview-373822/regions/us-central1/backendServices/spoke1-ilb",
            "creation_timestamp": "2023-01-06T17:10:28.727-08:00",
            "description": "",
            "id": "projects/tf-gcp-interview-373822/regions/us-central1/forwardingRules/spoke1-ilb",
            "ip_address": "10.1.0.10",
            "ip_protocol": "TCP",
            "is_mirroring_collector": false,
            "label_fingerprint": "42WmSpB8rSM=",
            "labels": {},
            "load_balancing_scheme": "INTERNAL",
            "name": "spoke1-ilb",
            "network": "https://www.googleapis.com/compute/v1/projects/tf-gcp-interview-373822/global/networks/spoke1-vpc",
            "network_tier": "PREMIUM",
            "port_range": "",
            "ports": [
              "80"
            ],
            "project": "tf-gcp-interview-373822",
            "region": "us-central1",
            "self_link": "https://www.googleapis.com/compute/v1/projects/tf-gcp-interview-373822/regions/us-central1/forwardingRules/spoke1-ilb",
            "service_label": "",
            "service_name": "",
            "subnetwork": "https://www.googleapis.com/compute/v1/projects/tf-gcp-interview-373822/regions/us-central1/subnetworks/us-central1-spoke1",
            "target": "",
            "timeouts": null
          },
          "sensitive_attributes": [],
          "private": "eyJlMmJmYjczMC1lY2FhLTExZTYtOGY4OC0zNDM2M2JjN2M0YzAiOnsiY3JlYXRlIjo2MDAwMDAwMDAwMDAsImRlbGV0ZSI6NjAwMDAwMDAwMDAwLCJ1cGRhdGUiOjYwMDAwMDAwMDAwMH19",
          "dependencies": [
            "data.google_client_config.main",
            "data.google_compute_zones.main",
            "google_compute_instance.spoke1_vm",
            "google_compute_instance_group.spoke1_ig",
            "module.spoke1_ilb.data.google_client_config.this",
            "module.spoke1_ilb.google_compute_health_check.this",
            "module.spoke1_ilb.google_compute_region_backend_service.this",
            "module.vpc_spoke1.module.subnets.google_compute_subnetwork.subnetwork",
            "module.vpc_spoke1.module.vpc.google_compute_network.network"
          ]
        }
      ]
    },
    {
      "module": "module.spoke1_ilb",
      "mode": "managed",
      "type": "google_compute_health_check",
      "name": "this",
      "provider": "provider[\"registry.terraform.io/hashicorp/google\"]",
      "instances": [
        {
          "schema_version": 0,
          "attributes": {
            "check_interval_sec": 5,
            "creation_timestamp": "2023-01-06T17:09:07.361-08:00",
            "description": "",
            "grpc_health_check": [],
            "healthy_threshold": 2,
            "http2_health_check": [],
            "http_health_check": [],
            "https_health_check": [],
            "id": "projects/tf-gcp-interview-373822/global/healthChecks/spoke1-ilb-us-central1-check-tcp80",
            "log_config": [
              {
                "enable": false
              }
            ],
            "name": "spoke1-ilb-us-central1-check-tcp80",
            "project": "tf-gcp-interview-373822",
            "self_link": "https://www.googleapis.com/compute/v1/projects/tf-gcp-interview-373822/global/healthChecks/spoke1-ilb-us-central1-check-tcp80",
            "ssl_health_check": [],
            "tcp_health_check": [
              {
                "port": 80,
                "port_name": "",
                "port_specification": "",
                "proxy_header": "NONE",
                "request": "",
                "response": ""
              }
            ],
            "timeout_sec": 5,
            "timeouts": null,
            "type": "TCP",
            "unhealthy_threshold": 2
          },
          "sensitive_attributes": [],
          "private": "eyJlMmJmYjczMC1lY2FhLTExZTYtOGY4OC0zNDM2M2JjN2M0YzAiOnsiY3JlYXRlIjoyNDAwMDAwMDAwMDAsImRlbGV0ZSI6MjQwMDAwMDAwMDAwLCJ1cGRhdGUiOjI0MDAwMDAwMDAwMH19",
          "dependencies": [
            "module.spoke1_ilb.data.google_client_config.this"
          ]
        }
      ]
    },
    {
      "module": "module.spoke1_ilb",
      "mode": "managed",
      "type": "google_compute_region_backend_service",
      "name": "this",
      "provider": "provider[\"registry.terraform.io/hashicorp/google\"]",
      "instances": [
        {
          "schema_version": 1,
          "attributes": {
            "affinity_cookie_ttl_sec": 0,
            "backend": [
              {
                "balancing_mode": "CONNECTION",
                "capacity_scaler": 0,
                "description": "",
                "failover": false,
                "group": "https://www.googleapis.com/compute/v1/projects/tf-gcp-interview-373822/zones/us-central1-a/instanceGroups/spoke1-ig",
                "max_connections": 0,
                "max_connections_per_endpoint": 0,
                "max_connections_per_instance": 0,
                "max_rate": 0,
                "max_rate_per_endpoint": 0,
                "max_rate_per_instance": 0,
                "max_utilization": 0
              }
            ],
            "cdn_policy": [],
            "circuit_breakers": [],
            "connection_draining_timeout_sec": 0,
            "consistent_hash": [],
            "creation_timestamp": "2023-01-06T17:10:17.223-08:00",
            "description": "",
            "enable_cdn": false,
            "failover_policy": [],
            "fingerprint": "voXn9QFQu2o=",
            "health_checks": [
              "https://www.googleapis.com/compute/v1/projects/tf-gcp-interview-373822/global/healthChecks/spoke1-ilb-us-central1-check-tcp80"
            ],
            "iap": [],
            "id": "projects/tf-gcp-interview-373822/regions/us-central1/backendServices/spoke1-ilb",
            "load_balancing_scheme": "INTERNAL",
            "locality_lb_policy": "",
            "log_config": [],
            "name": "spoke1-ilb",
            "network": "https://www.googleapis.com/compute/v1/projects/tf-gcp-interview-373822/global/networks/spoke1-vpc",
            "outlier_detection": [],
            "port_name": "",
            "project": "tf-gcp-interview-373822",
            "protocol": "TCP",
            "region": "us-central1",
            "self_link": "https://www.googleapis.com/compute/v1/projects/tf-gcp-interview-373822/regions/us-central1/backendServices/spoke1-ilb",
            "session_affinity": "NONE",
            "timeout_sec": 1,
            "timeouts": null
          },
          "sensitive_attributes": [],
          "private": "eyJlMmJmYjczMC1lY2FhLTExZTYtOGY4OC0zNDM2M2JjN2M0YzAiOnsiY3JlYXRlIjoyNDAwMDAwMDAwMDAsImRlbGV0ZSI6MjQwMDAwMDAwMDAwLCJ1cGRhdGUiOjI0MDAwMDAwMDAwMH0sInNjaGVtYV92ZXJzaW9uIjoiMSJ9",
          "dependencies": [
            "data.google_client_config.main",
            "data.google_compute_zones.main",
            "google_compute_instance.spoke1_vm",
            "google_compute_instance_group.spoke1_ig",
            "module.spoke1_ilb.data.google_client_config.this",
            "module.spoke1_ilb.google_compute_health_check.this",
            "module.vpc_spoke1.module.subnets.google_compute_subnetwork.subnetwork",
            "module.vpc_spoke1.module.vpc.google_compute_network.network"
          ]
        }
      ]
    },
    {
      "module": "module.vmseries[\"vmseries01\"]",
      "mode": "data",
      "type": "google_compute_image",
      "name": "vmseries",
      "provider": "provider[\"registry.terraform.io/hashicorp/google\"]",
      "instances": [
        {
          "index_key": 0,
          "schema_version": 0,
          "attributes": {
            "archive_size_bytes": 10410054528,
            "creation_timestamp": "2021-06-07T13:41:40.635-07:00",
            "description": "VM-Series BUNDLE2 - PAN-OS 10.1.0",
            "disk_size_gb": 60,
            "family": "vmseries-101",
            "filter": null,
            "id": "projects/paloaltonetworksgcp-public/global/images/vmseries-flex-bundle2-1010",
            "image_encryption_key_sha256": "",
            "image_id": "4433282288550361707",
            "label_fingerprint": "42WmSpB8rSM=",
            "labels": {},
            "licenses": [
              "https://www.googleapis.com/compute/v1/projects/paloaltonetworksgcp-public/global/licenses/vmseries-flex-bundle2"
            ],
            "name": "vmseries-flex-bundle2-1010",
            "project": "paloaltonetworksgcp-public",
            "self_link": "https://www.googleapis.com/compute/v1/projects/paloaltonetworksgcp-public/global/images/vmseries-flex-bundle2-1010",
            "source_disk": "https://www.googleapis.com/compute/v1/projects/panw-vm-mp-staging-public/zones/us-west1-a/disks/basedisk-10-1-0",
            "source_disk_encryption_key_sha256": "",
            "source_disk_id": "8917835509784629546",
            "source_image_id": "",
            "status": "READY"
          },
          "sensitive_attributes": []
        }
      ]
    },
    {
      "module": "module.vmseries[\"vmseries01\"]",
      "mode": "data",
      "type": "google_compute_subnetwork",
      "name": "this",
      "provider": "provider[\"registry.terraform.io/hashicorp/google\"]",
      "instances": [
        {
          "index_key": "0",
          "schema_version": 0,
          "attributes": {
            "description": "",
            "gateway_address": "192.168.1.1",
            "id": "projects/tf-gcp-interview-373822/regions/us-central1/subnetworks/us-central1-untrust",
            "ip_cidr_range": "192.168.1.0/28",
            "name": "us-central1-untrust",
            "network": "https://www.googleapis.com/compute/v1/projects/tf-gcp-interview-373822/global/networks/untrust-vpc",
            "private_ip_google_access": false,
            "project": "tf-gcp-interview-373822",
            "region": "us-central1",
            "secondary_ip_range": [],
            "self_link": "https://www.googleapis.com/compute/v1/projects/tf-gcp-interview-373822/regions/us-central1/subnetworks/us-central1-untrust"
          },
          "sensitive_attributes": []
        },
        {
          "index_key": "1",
          "schema_version": 0,
          "attributes": {
            "description": "",
            "gateway_address": "192.168.0.1",
            "id": "projects/tf-gcp-interview-373822/regions/us-central1/subnetworks/us-central1-mgmt",
            "ip_cidr_range": "192.168.0.0/25",
            "name": "us-central1-mgmt",
            "network": "https://www.googleapis.com/compute/v1/projects/tf-gcp-interview-373822/global/networks/mgmt-vpc",
            "private_ip_google_access": false,
            "project": "tf-gcp-interview-373822",
            "region": "us-central1",
            "secondary_ip_range": [],
            "self_link": "https://www.googleapis.com/compute/v1/projects/tf-gcp-interview-373822/regions/us-central1/subnetworks/us-central1-mgmt"
          },
          "sensitive_attributes": []
        },
        {
          "index_key": "2",
          "schema_version": 0,
          "attributes": {
            "description": "",
            "gateway_address": "192.168.2.1",
            "id": "projects/tf-gcp-interview-373822/regions/us-central1/subnetworks/us-central1-trust",
            "ip_cidr_range": "192.168.2.0/28",
            "name": "us-central1-trust",
            "network": "https://www.googleapis.com/compute/v1/projects/tf-gcp-interview-373822/global/networks/trust-vpc",
            "private_ip_google_access": false,
            "project": "tf-gcp-interview-373822",
            "region": "us-central1",
            "secondary_ip_range": [],
            "self_link": "https://www.googleapis.com/compute/v1/projects/tf-gcp-interview-373822/regions/us-central1/subnetworks/us-central1-trust"
          },
          "sensitive_attributes": []
        }
      ]
    },
    {
      "module": "module.vmseries[\"vmseries01\"]",
      "mode": "managed",
      "type": "google_compute_address",
      "name": "private",
      "provider": "provider[\"registry.terraform.io/hashicorp/google\"]",
      "instances": [
        {
          "index_key": "0",
          "schema_version": 0,
          "attributes": {
            "address": "192.168.1.2",
            "address_type": "INTERNAL",
            "creation_timestamp": "2023-01-06T17:09:43.339-08:00",
            "description": "",
            "id": "projects/tf-gcp-interview-373822/regions/us-central1/addresses/vmseries01-0-private",
            "name": "vmseries01-0-private",
            "network": "",
            "network_tier": "PREMIUM",
            "prefix_length": 0,
            "project": "tf-gcp-interview-373822",
            "purpose": "GCE_ENDPOINT",
            "region": "us-central1",
            "self_link": "https://www.googleapis.com/compute/v1/projects/tf-gcp-interview-373822/regions/us-central1/addresses/vmseries01-0-private",
            "subnetwork": "https://www.googleapis.com/compute/v1/projects/tf-gcp-interview-373822/regions/us-central1/subnetworks/us-central1-untrust",
            "timeouts": null,
            "users": [
              "https://www.googleapis.com/compute/v1/projects/tf-gcp-interview-373822/zones/us-central1-a/instances/vmseries01"
            ]
          },
          "sensitive_attributes": [],
          "private": "eyJlMmJmYjczMC1lY2FhLTExZTYtOGY4OC0zNDM2M2JjN2M0YzAiOnsiY3JlYXRlIjoyNDAwMDAwMDAwMDAsImRlbGV0ZSI6MjQwMDAwMDAwMDAwfX0=",
          "dependencies": [
            "data.google_client_config.main",
            "data.google_compute_zones.main",
            "module.bootstrap.data.google_compute_default_service_account.this",
            "module.bootstrap.google_storage_bucket.this",
            "module.bootstrap.google_storage_bucket_iam_member.member",
            "module.bootstrap.google_storage_bucket_object.config_empty",
            "module.bootstrap.google_storage_bucket_object.content_empty",
            "module.bootstrap.google_storage_bucket_object.file",
            "module.bootstrap.google_storage_bucket_object.license_empty",
            "module.bootstrap.google_storage_bucket_object.software_empty",
            "module.bootstrap.random_string.randomstring",
            "module.iam_service_account.google_service_account.this",
            "module.vmseries.data.google_compute_subnetwork.this",
            "module.vpc_mgmt.module.subnets.google_compute_subnetwork.subnetwork",
            "module.vpc_mgmt.module.vpc.google_compute_network.network",
            "module.vpc_trust.module.subnets.google_compute_subnetwork.subnetwork",
            "module.vpc_trust.module.vpc.google_compute_network.network",
            "module.vpc_untrust.module.subnets.google_compute_subnetwork.subnetwork",
            "module.vpc_untrust.module.vpc.google_compute_network.network"
          ]
        },
        {
          "index_key": "1",
          "schema_version": 0,
          "attributes": {
            "address": "192.168.0.3",
            "address_type": "INTERNAL",
            "creation_timestamp": "2023-01-06T17:09:54.607-08:00",
            "description": "",
            "id": "projects/tf-gcp-interview-373822/regions/us-central1/addresses/vmseries01-1-private",
            "name": "vmseries01-1-private",
            "network": "",
            "network_tier": "PREMIUM",
            "prefix_length": 0,
            "project": "tf-gcp-interview-373822",
            "purpose": "GCE_ENDPOINT",
            "region": "us-central1",
            "self_link": "https://www.googleapis.com/compute/v1/projects/tf-gcp-interview-373822/regions/us-central1/addresses/vmseries01-1-private",
            "subnetwork": "https://www.googleapis.com/compute/v1/projects/tf-gcp-interview-373822/regions/us-central1/subnetworks/us-central1-mgmt",
            "timeouts": null,
            "users": [
              "https://www.googleapis.com/compute/v1/projects/tf-gcp-interview-373822/zones/us-central1-a/instances/vmseries01"
            ]
          },
          "sensitive_attributes": [],
          "private": "eyJlMmJmYjczMC1lY2FhLTExZTYtOGY4OC0zNDM2M2JjN2M0YzAiOnsiY3JlYXRlIjoyNDAwMDAwMDAwMDAsImRlbGV0ZSI6MjQwMDAwMDAwMDAwfX0=",
          "dependencies": [
            "data.google_client_config.main",
            "data.google_compute_zones.main",
            "module.bootstrap.data.google_compute_default_service_account.this",
            "module.bootstrap.google_storage_bucket.this",
            "module.bootstrap.google_storage_bucket_iam_member.member",
            "module.bootstrap.google_storage_bucket_object.config_empty",
            "module.bootstrap.google_storage_bucket_object.content_empty",
            "module.bootstrap.google_storage_bucket_object.file",
            "module.bootstrap.google_storage_bucket_object.license_empty",
            "module.bootstrap.google_storage_bucket_object.software_empty",
            "module.bootstrap.random_string.randomstring",
            "module.iam_service_account.google_service_account.this",
            "module.vmseries.data.google_compute_subnetwork.this",
            "module.vpc_mgmt.module.subnets.google_compute_subnetwork.subnetwork",
            "module.vpc_mgmt.module.vpc.google_compute_network.network",
            "module.vpc_trust.module.subnets.google_compute_subnetwork.subnetwork",
            "module.vpc_trust.module.vpc.google_compute_network.network",
            "module.vpc_untrust.module.subnets.google_compute_subnetwork.subnetwork",
            "module.vpc_untrust.module.vpc.google_compute_network.network"
          ]
        },
        {
          "index_key": "2",
          "schema_version": 0,
          "attributes": {
            "address": "192.168.2.3",
            "address_type": "INTERNAL",
            "creation_timestamp": "2023-01-06T17:10:04.300-08:00",
            "description": "",
            "id": "projects/tf-gcp-interview-373822/regions/us-central1/addresses/vmseries01-2-private",
            "name": "vmseries01-2-private",
            "network": "",
            "network_tier": "PREMIUM",
            "prefix_length": 0,
            "project": "tf-gcp-interview-373822",
            "purpose": "GCE_ENDPOINT",
            "region": "us-central1",
            "self_link": "https://www.googleapis.com/compute/v1/projects/tf-gcp-interview-373822/regions/us-central1/addresses/vmseries01-2-private",
            "subnetwork": "https://www.googleapis.com/compute/v1/projects/tf-gcp-interview-373822/regions/us-central1/subnetworks/us-central1-trust",
            "timeouts": null,
            "users": [
              "https://www.googleapis.com/compute/v1/projects/tf-gcp-interview-373822/zones/us-central1-a/instances/vmseries01"
            ]
          },
          "sensitive_attributes": [],
          "private": "eyJlMmJmYjczMC1lY2FhLTExZTYtOGY4OC0zNDM2M2JjN2M0YzAiOnsiY3JlYXRlIjoyNDAwMDAwMDAwMDAsImRlbGV0ZSI6MjQwMDAwMDAwMDAwfX0=",
          "dependencies": [
            "data.google_client_config.main",
            "data.google_compute_zones.main",
            "module.bootstrap.data.google_compute_default_service_account.this",
            "module.bootstrap.google_storage_bucket.this",
            "module.bootstrap.google_storage_bucket_iam_member.member",
            "module.bootstrap.google_storage_bucket_object.config_empty",
            "module.bootstrap.google_storage_bucket_object.content_empty",
            "module.bootstrap.google_storage_bucket_object.file",
            "module.bootstrap.google_storage_bucket_object.license_empty",
            "module.bootstrap.google_storage_bucket_object.software_empty",
            "module.bootstrap.random_string.randomstring",
            "module.iam_service_account.google_service_account.this",
            "module.vmseries.data.google_compute_subnetwork.this",
            "module.vpc_mgmt.module.subnets.google_compute_subnetwork.subnetwork",
            "module.vpc_mgmt.module.vpc.google_compute_network.network",
            "module.vpc_trust.module.subnets.google_compute_subnetwork.subnetwork",
            "module.vpc_trust.module.vpc.google_compute_network.network",
            "module.vpc_untrust.module.subnets.google_compute_subnetwork.subnetwork",
            "module.vpc_untrust.module.vpc.google_compute_network.network"
          ]
        }
      ]
    },
    {
      "module": "module.vmseries[\"vmseries01\"]",
      "mode": "managed",
      "type": "google_compute_address",
      "name": "public",
      "provider": "provider[\"registry.terraform.io/hashicorp/google\"]",
      "instances": [
        {
          "index_key": "0",
          "schema_version": 0,
          "attributes": {
            "address": "34.172.142.135",
            "address_type": "EXTERNAL",
            "creation_timestamp": "2023-01-06T17:10:05.237-08:00",
            "description": "",
            "id": "projects/tf-gcp-interview-373822/regions/us-central1/addresses/vmseries01-0-public",
            "name": "vmseries01-0-public",
            "network": "",
            "network_tier": "PREMIUM",
            "prefix_length": 0,
            "project": "tf-gcp-interview-373822",
            "purpose": "",
            "region": "us-central1",
            "self_link": "https://www.googleapis.com/compute/v1/projects/tf-gcp-interview-373822/regions/us-central1/addresses/vmseries01-0-public",
            "subnetwork": "",
            "timeouts": null,
            "users": [
              "https://www.googleapis.com/compute/v1/projects/tf-gcp-interview-373822/zones/us-central1-a/instances/vmseries01"
            ]
          },
          "sensitive_attributes": [],
          "private": "eyJlMmJmYjczMC1lY2FhLTExZTYtOGY4OC0zNDM2M2JjN2M0YzAiOnsiY3JlYXRlIjoyNDAwMDAwMDAwMDAsImRlbGV0ZSI6MjQwMDAwMDAwMDAwfX0=",
          "dependencies": [
            "data.google_client_config.main",
            "data.google_compute_zones.main",
            "module.bootstrap.data.google_compute_default_service_account.this",
            "module.bootstrap.google_storage_bucket.this",
            "module.bootstrap.google_storage_bucket_iam_member.member",
            "module.bootstrap.google_storage_bucket_object.config_empty",
            "module.bootstrap.google_storage_bucket_object.content_empty",
            "module.bootstrap.google_storage_bucket_object.file",
            "module.bootstrap.google_storage_bucket_object.license_empty",
            "module.bootstrap.google_storage_bucket_object.software_empty",
            "module.bootstrap.random_string.randomstring",
            "module.iam_service_account.google_service_account.this",
            "module.vmseries.data.google_compute_subnetwork.this",
            "module.vpc_mgmt.module.subnets.google_compute_subnetwork.subnetwork",
            "module.vpc_mgmt.module.vpc.google_compute_network.network",
            "module.vpc_trust.module.subnets.google_compute_subnetwork.subnetwork",
            "module.vpc_trust.module.vpc.google_compute_network.network",
            "module.vpc_untrust.module.subnets.google_compute_subnetwork.subnetwork",
            "module.vpc_untrust.module.vpc.google_compute_network.network"
          ]
        },
        {
          "index_key": "1",
          "schema_version": 0,
          "attributes": {
            "address": "34.66.185.26",
            "address_type": "EXTERNAL",
            "creation_timestamp": "2023-01-06T17:10:04.705-08:00",
            "description": "",
            "id": "projects/tf-gcp-interview-373822/regions/us-central1/addresses/vmseries01-1-public",
            "name": "vmseries01-1-public",
            "network": "",
            "network_tier": "PREMIUM",
            "prefix_length": 0,
            "project": "tf-gcp-interview-373822",
            "purpose": "",
            "region": "us-central1",
            "self_link": "https://www.googleapis.com/compute/v1/projects/tf-gcp-interview-373822/regions/us-central1/addresses/vmseries01-1-public",
            "subnetwork": "",
            "timeouts": null,
            "users": [
              "https://www.googleapis.com/compute/v1/projects/tf-gcp-interview-373822/zones/us-central1-a/instances/vmseries01"
            ]
          },
          "sensitive_attributes": [],
          "private": "eyJlMmJmYjczMC1lY2FhLTExZTYtOGY4OC0zNDM2M2JjN2M0YzAiOnsiY3JlYXRlIjoyNDAwMDAwMDAwMDAsImRlbGV0ZSI6MjQwMDAwMDAwMDAwfX0=",
          "dependencies": [
            "data.google_client_config.main",
            "data.google_compute_zones.main",
            "module.bootstrap.data.google_compute_default_service_account.this",
            "module.bootstrap.google_storage_bucket.this",
            "module.bootstrap.google_storage_bucket_iam_member.member",
            "module.bootstrap.google_storage_bucket_object.config_empty",
            "module.bootstrap.google_storage_bucket_object.content_empty",
            "module.bootstrap.google_storage_bucket_object.file",
            "module.bootstrap.google_storage_bucket_object.license_empty",
            "module.bootstrap.google_storage_bucket_object.software_empty",
            "module.bootstrap.random_string.randomstring",
            "module.iam_service_account.google_service_account.this",
            "module.vmseries.data.google_compute_subnetwork.this",
            "module.vpc_mgmt.module.subnets.google_compute_subnetwork.subnetwork",
            "module.vpc_mgmt.module.vpc.google_compute_network.network",
            "module.vpc_trust.module.subnets.google_compute_subnetwork.subnetwork",
            "module.vpc_trust.module.vpc.google_compute_network.network",
            "module.vpc_untrust.module.subnets.google_compute_subnetwork.subnetwork",
            "module.vpc_untrust.module.vpc.google_compute_network.network"
          ]
        }
      ]
    },
    {
      "module": "module.vmseries[\"vmseries01\"]",
      "mode": "managed",
      "type": "google_compute_instance",
      "name": "this",
      "provider": "provider[\"registry.terraform.io/hashicorp/google\"]",
      "instances": [
        {
          "schema_version": 6,
          "attributes": {
            "advanced_machine_features": [],
            "allow_stopping_for_update": true,
            "attached_disk": [],
            "boot_disk": [
              {
                "auto_delete": true,
                "device_name": "persistent-disk-0",
                "disk_encryption_key_raw": "",
                "disk_encryption_key_sha256": "",
                "initialize_params": [
                  {
                    "image": "https://www.googleapis.com/compute/v1/projects/paloaltonetworksgcp-public/global/images/vmseries-flex-bundle2-1010",
                    "labels": {},
                    "size": 60,
                    "type": "pd-standard"
                  }
                ],
                "kms_key_self_link": "",
                "mode": "READ_WRITE",
                "source": "https://www.googleapis.com/compute/v1/projects/tf-gcp-interview-373822/zones/us-central1-a/disks/vmseries01"
              }
            ],
            "can_ip_forward": true,
            "confidential_instance_config": [],
            "cpu_platform": "Intel Broadwell",
            "current_status": "RUNNING",
            "deletion_protection": false,
            "description": "",
            "desired_status": null,
            "enable_display": false,
            "guest_accelerator": [],
            "hostname": "",
            "id": "projects/tf-gcp-interview-373822/zones/us-central1-a/instances/vmseries01",
            "instance_id": "6243220385112094871",
            "label_fingerprint": "42WmSpB8rSM=",
            "labels": {},
            "machine_type": "n1-standard-4",
            "metadata": {
              "mgmt-interface-swap": "enable",
              "serial-port-enable": "true",
              "ssh-keys": "admin:ssh-rsa AAAAB3NzaC1yc2EAAAADAQABAAABgQCzi8XYyaTn9iTzQ3wRzUDj/oLbs1fYyNI5W2yPq0NPogmwZb54iSeKoaFYgp5jIqVP5oa/j4vOxpoe30ajmUsbpvHbyrbcPnqKZGWcU7nVKwK7vUOzcGHGRgdxYKhO5oXGo3qVzXlzyf/t0pMArIRw+1rwkrpI/OV9t6D4cv2x8TB2Z7voEqS7zl3aqbl+OTj/hd3euyLUI/j4RMXltEstxpqJwEu1taoSQCjDiEfgkiG27pMaFiTNEi9ppg1cX0wp3/lAOyomm57/56UyyuJioE6zJY/OyyhoKIiqu5JsV7c6euXrv0UqFIs/OrXiZOvYR6jaOAPlx5d+FWqwdUpPoOxvbbUYwo3vtoyBaIEL2F6VYLC2OBmghK3yQ5AvbbWfDaeTwngkkcXKfC9Fj1Bbnibw+CFCnwIUrMdwyKEkWb9MRhiPpu7xpa0oro9vZwSyl65z8nt7xM9IjHDgFuFZ46FvHAdR2jA8m92yL44lgviSsIF1BLFECSq9IjexQH8= gcp-demo\n",
              "vmseries-bootstrap-gce-storagebucket": "paloaltonetworks-firewall-bootstrap-xwglrfghjp"
            },
            "metadata_fingerprint": "9TuunsmCk5A=",
            "metadata_startup_script": "",
            "min_cpu_platform": "Intel Broadwell",
            "name": "vmseries01",
            "network_interface": [
              {
                "access_config": [
                  {
                    "nat_ip": "34.172.142.135",
                    "network_tier": "PREMIUM",
                    "public_ptr_domain_name": ""
                  }
                ],
                "alias_ip_range": [],
                "ipv6_access_config": [],
                "ipv6_access_type": "",
                "name": "nic0",
                "network": "https://www.googleapis.com/compute/v1/projects/tf-gcp-interview-373822/global/networks/untrust-vpc",
                "network_ip": "192.168.1.2",
                "nic_type": "",
                "stack_type": "IPV4_ONLY",
                "subnetwork": "https://www.googleapis.com/compute/v1/projects/tf-gcp-interview-373822/regions/us-central1/subnetworks/us-central1-untrust",
                "subnetwork_project": "tf-gcp-interview-373822"
              },
              {
                "access_config": [
                  {
                    "nat_ip": "34.66.185.26",
                    "network_tier": "PREMIUM",
                    "public_ptr_domain_name": ""
                  }
                ],
                "alias_ip_range": [],
                "ipv6_access_config": [],
                "ipv6_access_type": "",
                "name": "nic1",
                "network": "https://www.googleapis.com/compute/v1/projects/tf-gcp-interview-373822/global/networks/mgmt-vpc",
                "network_ip": "192.168.0.3",
                "nic_type": "",
                "stack_type": "IPV4_ONLY",
                "subnetwork": "https://www.googleapis.com/compute/v1/projects/tf-gcp-interview-373822/regions/us-central1/subnetworks/us-central1-mgmt",
                "subnetwork_project": "tf-gcp-interview-373822"
              },
              {
                "access_config": [],
                "alias_ip_range": [],
                "ipv6_access_config": [],
                "ipv6_access_type": "",
                "name": "nic2",
                "network": "https://www.googleapis.com/compute/v1/projects/tf-gcp-interview-373822/global/networks/trust-vpc",
                "network_ip": "192.168.2.3",
                "nic_type": "",
                "stack_type": "IPV4_ONLY",
                "subnetwork": "https://www.googleapis.com/compute/v1/projects/tf-gcp-interview-373822/regions/us-central1/subnetworks/us-central1-trust",
                "subnetwork_project": "tf-gcp-interview-373822"
              }
            ],
            "project": "tf-gcp-interview-373822",
            "reservation_affinity": [],
            "resource_policies": [],
            "scheduling": [
              {
                "automatic_restart": true,
                "min_node_cpus": 0,
                "node_affinities": [],
                "on_host_maintenance": "MIGRATE",
                "preemptible": false
              }
            ],
            "scratch_disk": [],
            "self_link": "https://www.googleapis.com/compute/v1/projects/tf-gcp-interview-373822/zones/us-central1-a/instances/vmseries01",
            "service_account": [
              {
                "email": "999098630472-compute@developer.gserviceaccount.com",
                "scopes": [
                  "https://www.googleapis.com/auth/cloud.useraccounts.readonly",
                  "https://www.googleapis.com/auth/compute.readonly",
                  "https://www.googleapis.com/auth/devstorage.read_only",
                  "https://www.googleapis.com/auth/logging.write",
                  "https://www.googleapis.com/auth/monitoring.write"
                ]
              }
            ],
            "shielded_instance_config": [],
            "tags": [],
            "tags_fingerprint": "42WmSpB8rSM=",
            "timeouts": null,
            "zone": "us-central1-a"
          },
          "sensitive_attributes": [],
          "private": "eyJlMmJmYjczMC1lY2FhLTExZTYtOGY4OC0zNDM2M2JjN2M0YzAiOnsiY3JlYXRlIjoxMjAwMDAwMDAwMDAwLCJkZWxldGUiOjEyMDAwMDAwMDAwMDAsInVwZGF0ZSI6MTIwMDAwMDAwMDAwMH0sInNjaGVtYV92ZXJzaW9uIjoiNiJ9",
          "dependencies": [
            "data.google_client_config.main",
            "data.google_compute_zones.main",
            "module.bootstrap.data.google_compute_default_service_account.this",
            "module.bootstrap.google_storage_bucket.this",
            "module.bootstrap.google_storage_bucket_iam_member.member",
            "module.bootstrap.google_storage_bucket_object.config_empty",
            "module.bootstrap.google_storage_bucket_object.content_empty",
            "module.bootstrap.google_storage_bucket_object.file",
            "module.bootstrap.google_storage_bucket_object.license_empty",
            "module.bootstrap.google_storage_bucket_object.software_empty",
            "module.bootstrap.random_string.randomstring",
            "module.iam_service_account.google_service_account.this",
            "module.vmseries.data.google_compute_image.vmseries",
            "module.vmseries.data.google_compute_subnetwork.this",
            "module.vmseries.google_compute_address.private",
            "module.vmseries.google_compute_address.public",
            "module.vmseries.null_resource.dependency_getter",
            "module.vpc_mgmt.module.subnets.google_compute_subnetwork.subnetwork",
            "module.vpc_mgmt.module.vpc.google_compute_network.network",
            "module.vpc_trust.module.subnets.google_compute_subnetwork.subnetwork",
            "module.vpc_trust.module.vpc.google_compute_network.network",
            "module.vpc_untrust.module.subnets.google_compute_subnetwork.subnetwork",
            "module.vpc_untrust.module.vpc.google_compute_network.network"
          ]
        }
      ]
    },
    {
      "module": "module.vmseries[\"vmseries01\"]",
      "mode": "managed",
      "type": "google_compute_instance_group",
      "name": "this",
      "provider": "provider[\"registry.terraform.io/hashicorp/google\"]",
      "instances": [
        {
          "index_key": 0,
          "schema_version": 2,
          "attributes": {
            "description": "",
            "id": "projects/tf-gcp-interview-373822/zones/us-central1-a/instanceGroups/vmseries01-us-central1-a",
            "instances": [
              "https://www.googleapis.com/compute/v1/projects/tf-gcp-interview-373822/zones/us-central1-a/instances/vmseries01"
            ],
            "name": "vmseries01-us-central1-a",
            "named_port": [],
            "network": "https://www.googleapis.com/compute/v1/projects/tf-gcp-interview-373822/global/networks/untrust-vpc",
            "project": "tf-gcp-interview-373822",
            "self_link": "https://www.googleapis.com/compute/v1/projects/tf-gcp-interview-373822/zones/us-central1-a/instanceGroups/vmseries01-us-central1-a",
            "size": 1,
            "timeouts": null,
            "zone": "us-central1-a"
          },
          "sensitive_attributes": [],
          "private": "eyJlMmJmYjczMC1lY2FhLTExZTYtOGY4OC0zNDM2M2JjN2M0YzAiOnsiY3JlYXRlIjozNjAwMDAwMDAwMDAsImRlbGV0ZSI6MzYwMDAwMDAwMDAwLCJ1cGRhdGUiOjM2MDAwMDAwMDAwMH0sInNjaGVtYV92ZXJzaW9uIjoiMiJ9",
          "dependencies": [
            "data.google_client_config.main",
            "data.google_compute_zones.main",
            "module.bootstrap.data.google_compute_default_service_account.this",
            "module.bootstrap.google_storage_bucket.this",
            "module.bootstrap.google_storage_bucket_iam_member.member",
            "module.bootstrap.google_storage_bucket_object.config_empty",
            "module.bootstrap.google_storage_bucket_object.content_empty",
            "module.bootstrap.google_storage_bucket_object.file",
            "module.bootstrap.google_storage_bucket_object.license_empty",
            "module.bootstrap.google_storage_bucket_object.software_empty",
            "module.bootstrap.random_string.randomstring",
            "module.iam_service_account.google_service_account.this",
            "module.vmseries.data.google_compute_image.vmseries",
            "module.vmseries.data.google_compute_subnetwork.this",
            "module.vmseries.google_compute_address.private",
            "module.vmseries.google_compute_address.public",
            "module.vmseries.google_compute_instance.this",
            "module.vmseries.null_resource.dependency_getter",
            "module.vpc_mgmt.module.subnets.google_compute_subnetwork.subnetwork",
            "module.vpc_mgmt.module.vpc.google_compute_network.network",
            "module.vpc_trust.module.subnets.google_compute_subnetwork.subnetwork",
            "module.vpc_trust.module.vpc.google_compute_network.network",
            "module.vpc_untrust.module.subnets.google_compute_subnetwork.subnetwork",
            "module.vpc_untrust.module.vpc.google_compute_network.network"
          ]
        }
      ]
    },
    {
      "module": "module.vmseries[\"vmseries01\"]",
      "mode": "managed",
      "type": "null_resource",
      "name": "dependency_getter",
      "provider": "provider[\"registry.terraform.io/hashicorp/null\"]",
      "instances": [
        {
          "schema_version": 0,
          "attributes": {
            "id": "9073166136693447537",
            "triggers": null
          },
          "sensitive_attributes": [],
          "dependencies": [
            "data.google_client_config.main",
            "data.google_compute_zones.main",
            "module.bootstrap.data.google_compute_default_service_account.this",
            "module.bootstrap.google_storage_bucket.this",
            "module.bootstrap.google_storage_bucket_iam_member.member",
            "module.bootstrap.google_storage_bucket_object.config_empty",
            "module.bootstrap.google_storage_bucket_object.content_empty",
            "module.bootstrap.google_storage_bucket_object.file",
            "module.bootstrap.google_storage_bucket_object.license_empty",
            "module.bootstrap.google_storage_bucket_object.software_empty",
            "module.bootstrap.random_string.randomstring",
            "module.iam_service_account.google_service_account.this"
          ]
        }
      ]
    },
    {
      "module": "module.vmseries[\"vmseries02\"]",
      "mode": "data",
      "type": "google_compute_image",
      "name": "vmseries",
      "provider": "provider[\"registry.terraform.io/hashicorp/google\"]",
      "instances": [
        {
          "index_key": 0,
          "schema_version": 0,
          "attributes": {
            "archive_size_bytes": 10410054528,
            "creation_timestamp": "2021-06-07T13:41:40.635-07:00",
            "description": "VM-Series BUNDLE2 - PAN-OS 10.1.0",
            "disk_size_gb": 60,
            "family": "vmseries-101",
            "filter": null,
            "id": "projects/paloaltonetworksgcp-public/global/images/vmseries-flex-bundle2-1010",
            "image_encryption_key_sha256": "",
            "image_id": "4433282288550361707",
            "label_fingerprint": "42WmSpB8rSM=",
            "labels": {},
            "licenses": [
              "https://www.googleapis.com/compute/v1/projects/paloaltonetworksgcp-public/global/licenses/vmseries-flex-bundle2"
            ],
            "name": "vmseries-flex-bundle2-1010",
            "project": "paloaltonetworksgcp-public",
            "self_link": "https://www.googleapis.com/compute/v1/projects/paloaltonetworksgcp-public/global/images/vmseries-flex-bundle2-1010",
            "source_disk": "https://www.googleapis.com/compute/v1/projects/panw-vm-mp-staging-public/zones/us-west1-a/disks/basedisk-10-1-0",
            "source_disk_encryption_key_sha256": "",
            "source_disk_id": "8917835509784629546",
            "source_image_id": "",
            "status": "READY"
          },
          "sensitive_attributes": []
        }
      ]
    },
    {
      "module": "module.vmseries[\"vmseries02\"]",
      "mode": "data",
      "type": "google_compute_subnetwork",
      "name": "this",
      "provider": "provider[\"registry.terraform.io/hashicorp/google\"]",
      "instances": [
        {
          "index_key": "0",
          "schema_version": 0,
          "attributes": {
            "description": "",
            "gateway_address": "192.168.1.1",
            "id": "projects/tf-gcp-interview-373822/regions/us-central1/subnetworks/us-central1-untrust",
            "ip_cidr_range": "192.168.1.0/28",
            "name": "us-central1-untrust",
            "network": "https://www.googleapis.com/compute/v1/projects/tf-gcp-interview-373822/global/networks/untrust-vpc",
            "private_ip_google_access": false,
            "project": "tf-gcp-interview-373822",
            "region": "us-central1",
            "secondary_ip_range": [],
            "self_link": "https://www.googleapis.com/compute/v1/projects/tf-gcp-interview-373822/regions/us-central1/subnetworks/us-central1-untrust"
          },
          "sensitive_attributes": []
        },
        {
          "index_key": "1",
          "schema_version": 0,
          "attributes": {
            "description": "",
            "gateway_address": "192.168.0.1",
            "id": "projects/tf-gcp-interview-373822/regions/us-central1/subnetworks/us-central1-mgmt",
            "ip_cidr_range": "192.168.0.0/25",
            "name": "us-central1-mgmt",
            "network": "https://www.googleapis.com/compute/v1/projects/tf-gcp-interview-373822/global/networks/mgmt-vpc",
            "private_ip_google_access": false,
            "project": "tf-gcp-interview-373822",
            "region": "us-central1",
            "secondary_ip_range": [],
            "self_link": "https://www.googleapis.com/compute/v1/projects/tf-gcp-interview-373822/regions/us-central1/subnetworks/us-central1-mgmt"
          },
          "sensitive_attributes": []
        },
        {
          "index_key": "2",
          "schema_version": 0,
          "attributes": {
            "description": "",
            "gateway_address": "192.168.2.1",
            "id": "projects/tf-gcp-interview-373822/regions/us-central1/subnetworks/us-central1-trust",
            "ip_cidr_range": "192.168.2.0/28",
            "name": "us-central1-trust",
            "network": "https://www.googleapis.com/compute/v1/projects/tf-gcp-interview-373822/global/networks/trust-vpc",
            "private_ip_google_access": false,
            "project": "tf-gcp-interview-373822",
            "region": "us-central1",
            "secondary_ip_range": [],
            "self_link": "https://www.googleapis.com/compute/v1/projects/tf-gcp-interview-373822/regions/us-central1/subnetworks/us-central1-trust"
          },
          "sensitive_attributes": []
        }
      ]
    },
    {
      "module": "module.vmseries[\"vmseries02\"]",
      "mode": "managed",
      "type": "google_compute_address",
      "name": "private",
      "provider": "provider[\"registry.terraform.io/hashicorp/google\"]",
      "instances": [
        {
          "index_key": "0",
          "schema_version": 0,
          "attributes": {
            "address": "192.168.1.3",
            "address_type": "INTERNAL",
            "creation_timestamp": "2023-01-06T17:09:54.412-08:00",
            "description": "",
            "id": "projects/tf-gcp-interview-373822/regions/us-central1/addresses/vmseries02-0-private",
            "name": "vmseries02-0-private",
            "network": "",
            "network_tier": "PREMIUM",
            "prefix_length": 0,
            "project": "tf-gcp-interview-373822",
            "purpose": "GCE_ENDPOINT",
            "region": "us-central1",
            "self_link": "https://www.googleapis.com/compute/v1/projects/tf-gcp-interview-373822/regions/us-central1/addresses/vmseries02-0-private",
            "subnetwork": "https://www.googleapis.com/compute/v1/projects/tf-gcp-interview-373822/regions/us-central1/subnetworks/us-central1-untrust",
            "timeouts": null,
            "users": [
              "https://www.googleapis.com/compute/v1/projects/tf-gcp-interview-373822/zones/us-central1-b/instances/vmseries02"
            ]
          },
          "sensitive_attributes": [],
          "private": "eyJlMmJmYjczMC1lY2FhLTExZTYtOGY4OC0zNDM2M2JjN2M0YzAiOnsiY3JlYXRlIjoyNDAwMDAwMDAwMDAsImRlbGV0ZSI6MjQwMDAwMDAwMDAwfX0=",
          "dependencies": [
            "data.google_client_config.main",
            "data.google_compute_zones.main",
            "module.bootstrap.data.google_compute_default_service_account.this",
            "module.bootstrap.google_storage_bucket.this",
            "module.bootstrap.google_storage_bucket_iam_member.member",
            "module.bootstrap.google_storage_bucket_object.config_empty",
            "module.bootstrap.google_storage_bucket_object.content_empty",
            "module.bootstrap.google_storage_bucket_object.file",
            "module.bootstrap.google_storage_bucket_object.license_empty",
            "module.bootstrap.google_storage_bucket_object.software_empty",
            "module.bootstrap.random_string.randomstring",
            "module.iam_service_account.google_service_account.this",
            "module.vmseries.data.google_compute_subnetwork.this",
            "module.vpc_mgmt.module.subnets.google_compute_subnetwork.subnetwork",
            "module.vpc_mgmt.module.vpc.google_compute_network.network",
            "module.vpc_trust.module.subnets.google_compute_subnetwork.subnetwork",
            "module.vpc_trust.module.vpc.google_compute_network.network",
            "module.vpc_untrust.module.subnets.google_compute_subnetwork.subnetwork",
            "module.vpc_untrust.module.vpc.google_compute_network.network"
          ]
        },
        {
          "index_key": "1",
          "schema_version": 0,
          "attributes": {
            "address": "192.168.0.2",
            "address_type": "INTERNAL",
            "creation_timestamp": "2023-01-06T17:09:54.423-08:00",
            "description": "",
            "id": "projects/tf-gcp-interview-373822/regions/us-central1/addresses/vmseries02-1-private",
            "name": "vmseries02-1-private",
            "network": "",
            "network_tier": "PREMIUM",
            "prefix_length": 0,
            "project": "tf-gcp-interview-373822",
            "purpose": "GCE_ENDPOINT",
            "region": "us-central1",
            "self_link": "https://www.googleapis.com/compute/v1/projects/tf-gcp-interview-373822/regions/us-central1/addresses/vmseries02-1-private",
            "subnetwork": "https://www.googleapis.com/compute/v1/projects/tf-gcp-interview-373822/regions/us-central1/subnetworks/us-central1-mgmt",
            "timeouts": null,
            "users": [
              "https://www.googleapis.com/compute/v1/projects/tf-gcp-interview-373822/zones/us-central1-b/instances/vmseries02"
            ]
          },
          "sensitive_attributes": [],
          "private": "eyJlMmJmYjczMC1lY2FhLTExZTYtOGY4OC0zNDM2M2JjN2M0YzAiOnsiY3JlYXRlIjoyNDAwMDAwMDAwMDAsImRlbGV0ZSI6MjQwMDAwMDAwMDAwfX0=",
          "dependencies": [
            "data.google_client_config.main",
            "data.google_compute_zones.main",
            "module.bootstrap.data.google_compute_default_service_account.this",
            "module.bootstrap.google_storage_bucket.this",
            "module.bootstrap.google_storage_bucket_iam_member.member",
            "module.bootstrap.google_storage_bucket_object.config_empty",
            "module.bootstrap.google_storage_bucket_object.content_empty",
            "module.bootstrap.google_storage_bucket_object.file",
            "module.bootstrap.google_storage_bucket_object.license_empty",
            "module.bootstrap.google_storage_bucket_object.software_empty",
            "module.bootstrap.random_string.randomstring",
            "module.iam_service_account.google_service_account.this",
            "module.vmseries.data.google_compute_subnetwork.this",
            "module.vpc_mgmt.module.subnets.google_compute_subnetwork.subnetwork",
            "module.vpc_mgmt.module.vpc.google_compute_network.network",
            "module.vpc_trust.module.subnets.google_compute_subnetwork.subnetwork",
            "module.vpc_trust.module.vpc.google_compute_network.network",
            "module.vpc_untrust.module.subnets.google_compute_subnetwork.subnetwork",
            "module.vpc_untrust.module.vpc.google_compute_network.network"
          ]
        },
        {
          "index_key": "2",
          "schema_version": 0,
          "attributes": {
            "address": "192.168.2.2",
            "address_type": "INTERNAL",
            "creation_timestamp": "2023-01-06T17:09:53.725-08:00",
            "description": "",
            "id": "projects/tf-gcp-interview-373822/regions/us-central1/addresses/vmseries02-2-private",
            "name": "vmseries02-2-private",
            "network": "",
            "network_tier": "PREMIUM",
            "prefix_length": 0,
            "project": "tf-gcp-interview-373822",
            "purpose": "GCE_ENDPOINT",
            "region": "us-central1",
            "self_link": "https://www.googleapis.com/compute/v1/projects/tf-gcp-interview-373822/regions/us-central1/addresses/vmseries02-2-private",
            "subnetwork": "https://www.googleapis.com/compute/v1/projects/tf-gcp-interview-373822/regions/us-central1/subnetworks/us-central1-trust",
            "timeouts": null,
            "users": [
              "https://www.googleapis.com/compute/v1/projects/tf-gcp-interview-373822/zones/us-central1-b/instances/vmseries02"
            ]
          },
          "sensitive_attributes": [],
          "private": "eyJlMmJmYjczMC1lY2FhLTExZTYtOGY4OC0zNDM2M2JjN2M0YzAiOnsiY3JlYXRlIjoyNDAwMDAwMDAwMDAsImRlbGV0ZSI6MjQwMDAwMDAwMDAwfX0=",
          "dependencies": [
            "data.google_client_config.main",
            "data.google_compute_zones.main",
            "module.bootstrap.data.google_compute_default_service_account.this",
            "module.bootstrap.google_storage_bucket.this",
            "module.bootstrap.google_storage_bucket_iam_member.member",
            "module.bootstrap.google_storage_bucket_object.config_empty",
            "module.bootstrap.google_storage_bucket_object.content_empty",
            "module.bootstrap.google_storage_bucket_object.file",
            "module.bootstrap.google_storage_bucket_object.license_empty",
            "module.bootstrap.google_storage_bucket_object.software_empty",
            "module.bootstrap.random_string.randomstring",
            "module.iam_service_account.google_service_account.this",
            "module.vmseries.data.google_compute_subnetwork.this",
            "module.vpc_mgmt.module.subnets.google_compute_subnetwork.subnetwork",
            "module.vpc_mgmt.module.vpc.google_compute_network.network",
            "module.vpc_trust.module.subnets.google_compute_subnetwork.subnetwork",
            "module.vpc_trust.module.vpc.google_compute_network.network",
            "module.vpc_untrust.module.subnets.google_compute_subnetwork.subnetwork",
            "module.vpc_untrust.module.vpc.google_compute_network.network"
          ]
        }
      ]
    },
    {
      "module": "module.vmseries[\"vmseries02\"]",
      "mode": "managed",
      "type": "google_compute_address",
      "name": "public",
      "provider": "provider[\"registry.terraform.io/hashicorp/google\"]",
      "instances": [
        {
          "index_key": "0",
          "schema_version": 0,
          "attributes": {
            "address": "34.69.217.236",
            "address_type": "EXTERNAL",
            "creation_timestamp": "2023-01-06T17:10:05.205-08:00",
            "description": "",
            "id": "projects/tf-gcp-interview-373822/regions/us-central1/addresses/vmseries02-0-public",
            "name": "vmseries02-0-public",
            "network": "",
            "network_tier": "PREMIUM",
            "prefix_length": 0,
            "project": "tf-gcp-interview-373822",
            "purpose": "",
            "region": "us-central1",
            "self_link": "https://www.googleapis.com/compute/v1/projects/tf-gcp-interview-373822/regions/us-central1/addresses/vmseries02-0-public",
            "subnetwork": "",
            "timeouts": null,
            "users": [
              "https://www.googleapis.com/compute/v1/projects/tf-gcp-interview-373822/zones/us-central1-b/instances/vmseries02"
            ]
          },
          "sensitive_attributes": [],
          "private": "eyJlMmJmYjczMC1lY2FhLTExZTYtOGY4OC0zNDM2M2JjN2M0YzAiOnsiY3JlYXRlIjoyNDAwMDAwMDAwMDAsImRlbGV0ZSI6MjQwMDAwMDAwMDAwfX0=",
          "dependencies": [
            "data.google_client_config.main",
            "data.google_compute_zones.main",
            "module.bootstrap.data.google_compute_default_service_account.this",
            "module.bootstrap.google_storage_bucket.this",
            "module.bootstrap.google_storage_bucket_iam_member.member",
            "module.bootstrap.google_storage_bucket_object.config_empty",
            "module.bootstrap.google_storage_bucket_object.content_empty",
            "module.bootstrap.google_storage_bucket_object.file",
            "module.bootstrap.google_storage_bucket_object.license_empty",
            "module.bootstrap.google_storage_bucket_object.software_empty",
            "module.bootstrap.random_string.randomstring",
            "module.iam_service_account.google_service_account.this",
            "module.vmseries.data.google_compute_subnetwork.this",
            "module.vpc_mgmt.module.subnets.google_compute_subnetwork.subnetwork",
            "module.vpc_mgmt.module.vpc.google_compute_network.network",
            "module.vpc_trust.module.subnets.google_compute_subnetwork.subnetwork",
            "module.vpc_trust.module.vpc.google_compute_network.network",
            "module.vpc_untrust.module.subnets.google_compute_subnetwork.subnetwork",
            "module.vpc_untrust.module.vpc.google_compute_network.network"
          ]
        },
        {
          "index_key": "1",
          "schema_version": 0,
          "attributes": {
            "address": "34.134.61.247",
            "address_type": "EXTERNAL",
            "creation_timestamp": "2023-01-06T17:10:05.219-08:00",
            "description": "",
            "id": "projects/tf-gcp-interview-373822/regions/us-central1/addresses/vmseries02-1-public",
            "name": "vmseries02-1-public",
            "network": "",
            "network_tier": "PREMIUM",
            "prefix_length": 0,
            "project": "tf-gcp-interview-373822",
            "purpose": "",
            "region": "us-central1",
            "self_link": "https://www.googleapis.com/compute/v1/projects/tf-gcp-interview-373822/regions/us-central1/addresses/vmseries02-1-public",
            "subnetwork": "",
            "timeouts": null,
            "users": [
              "https://www.googleapis.com/compute/v1/projects/tf-gcp-interview-373822/zones/us-central1-b/instances/vmseries02"
            ]
          },
          "sensitive_attributes": [],
          "private": "eyJlMmJmYjczMC1lY2FhLTExZTYtOGY4OC0zNDM2M2JjN2M0YzAiOnsiY3JlYXRlIjoyNDAwMDAwMDAwMDAsImRlbGV0ZSI6MjQwMDAwMDAwMDAwfX0=",
          "dependencies": [
            "data.google_client_config.main",
            "data.google_compute_zones.main",
            "module.bootstrap.data.google_compute_default_service_account.this",
            "module.bootstrap.google_storage_bucket.this",
            "module.bootstrap.google_storage_bucket_iam_member.member",
            "module.bootstrap.google_storage_bucket_object.config_empty",
            "module.bootstrap.google_storage_bucket_object.content_empty",
            "module.bootstrap.google_storage_bucket_object.file",
            "module.bootstrap.google_storage_bucket_object.license_empty",
            "module.bootstrap.google_storage_bucket_object.software_empty",
            "module.bootstrap.random_string.randomstring",
            "module.iam_service_account.google_service_account.this",
            "module.vmseries.data.google_compute_subnetwork.this",
            "module.vpc_mgmt.module.subnets.google_compute_subnetwork.subnetwork",
            "module.vpc_mgmt.module.vpc.google_compute_network.network",
            "module.vpc_trust.module.subnets.google_compute_subnetwork.subnetwork",
            "module.vpc_trust.module.vpc.google_compute_network.network",
            "module.vpc_untrust.module.subnets.google_compute_subnetwork.subnetwork",
            "module.vpc_untrust.module.vpc.google_compute_network.network"
          ]
        }
      ]
    },
    {
      "module": "module.vmseries[\"vmseries02\"]",
      "mode": "managed",
      "type": "google_compute_instance",
      "name": "this",
      "provider": "provider[\"registry.terraform.io/hashicorp/google\"]",
      "instances": [
        {
          "schema_version": 6,
          "attributes": {
            "advanced_machine_features": [],
            "allow_stopping_for_update": true,
            "attached_disk": [],
            "boot_disk": [
              {
                "auto_delete": true,
                "device_name": "persistent-disk-0",
                "disk_encryption_key_raw": "",
                "disk_encryption_key_sha256": "",
                "initialize_params": [
                  {
                    "image": "https://www.googleapis.com/compute/v1/projects/paloaltonetworksgcp-public/global/images/vmseries-flex-bundle2-1010",
                    "labels": {},
                    "size": 60,
                    "type": "pd-standard"
                  }
                ],
                "kms_key_self_link": "",
                "mode": "READ_WRITE",
                "source": "https://www.googleapis.com/compute/v1/projects/tf-gcp-interview-373822/zones/us-central1-b/disks/vmseries02"
              }
            ],
            "can_ip_forward": true,
            "confidential_instance_config": [],
            "cpu_platform": "Intel Broadwell",
            "current_status": "RUNNING",
            "deletion_protection": false,
            "description": "",
            "desired_status": null,
            "enable_display": false,
            "guest_accelerator": [],
            "hostname": "",
            "id": "projects/tf-gcp-interview-373822/zones/us-central1-b/instances/vmseries02",
            "instance_id": "1417579956654143639",
            "label_fingerprint": "42WmSpB8rSM=",
            "labels": {},
            "machine_type": "n1-standard-4",
            "metadata": {
              "mgmt-interface-swap": "enable",
              "serial-port-enable": "true",
              "ssh-keys": "admin:ssh-rsa AAAAB3NzaC1yc2EAAAADAQABAAABgQCzi8XYyaTn9iTzQ3wRzUDj/oLbs1fYyNI5W2yPq0NPogmwZb54iSeKoaFYgp5jIqVP5oa/j4vOxpoe30ajmUsbpvHbyrbcPnqKZGWcU7nVKwK7vUOzcGHGRgdxYKhO5oXGo3qVzXlzyf/t0pMArIRw+1rwkrpI/OV9t6D4cv2x8TB2Z7voEqS7zl3aqbl+OTj/hd3euyLUI/j4RMXltEstxpqJwEu1taoSQCjDiEfgkiG27pMaFiTNEi9ppg1cX0wp3/lAOyomm57/56UyyuJioE6zJY/OyyhoKIiqu5JsV7c6euXrv0UqFIs/OrXiZOvYR6jaOAPlx5d+FWqwdUpPoOxvbbUYwo3vtoyBaIEL2F6VYLC2OBmghK3yQ5AvbbWfDaeTwngkkcXKfC9Fj1Bbnibw+CFCnwIUrMdwyKEkWb9MRhiPpu7xpa0oro9vZwSyl65z8nt7xM9IjHDgFuFZ46FvHAdR2jA8m92yL44lgviSsIF1BLFECSq9IjexQH8= gcp-demo\n",
              "vmseries-bootstrap-gce-storagebucket": "paloaltonetworks-firewall-bootstrap-xwglrfghjp"
            },
            "metadata_fingerprint": "9TuunsmCk5A=",
            "metadata_startup_script": "",
            "min_cpu_platform": "Intel Broadwell",
            "name": "vmseries02",
            "network_interface": [
              {
                "access_config": [
                  {
                    "nat_ip": "34.69.217.236",
                    "network_tier": "PREMIUM",
                    "public_ptr_domain_name": ""
                  }
                ],
                "alias_ip_range": [],
                "ipv6_access_config": [],
                "ipv6_access_type": "",
                "name": "nic0",
                "network": "https://www.googleapis.com/compute/v1/projects/tf-gcp-interview-373822/global/networks/untrust-vpc",
                "network_ip": "192.168.1.3",
                "nic_type": "",
                "stack_type": "IPV4_ONLY",
                "subnetwork": "https://www.googleapis.com/compute/v1/projects/tf-gcp-interview-373822/regions/us-central1/subnetworks/us-central1-untrust",
                "subnetwork_project": "tf-gcp-interview-373822"
              },
              {
                "access_config": [
                  {
                    "nat_ip": "34.134.61.247",
                    "network_tier": "PREMIUM",
                    "public_ptr_domain_name": ""
                  }
                ],
                "alias_ip_range": [],
                "ipv6_access_config": [],
                "ipv6_access_type": "",
                "name": "nic1",
                "network": "https://www.googleapis.com/compute/v1/projects/tf-gcp-interview-373822/global/networks/mgmt-vpc",
                "network_ip": "192.168.0.2",
                "nic_type": "",
                "stack_type": "IPV4_ONLY",
                "subnetwork": "https://www.googleapis.com/compute/v1/projects/tf-gcp-interview-373822/regions/us-central1/subnetworks/us-central1-mgmt",
                "subnetwork_project": "tf-gcp-interview-373822"
              },
              {
                "access_config": [],
                "alias_ip_range": [],
                "ipv6_access_config": [],
                "ipv6_access_type": "",
                "name": "nic2",
                "network": "https://www.googleapis.com/compute/v1/projects/tf-gcp-interview-373822/global/networks/trust-vpc",
                "network_ip": "192.168.2.2",
                "nic_type": "",
                "stack_type": "IPV4_ONLY",
                "subnetwork": "https://www.googleapis.com/compute/v1/projects/tf-gcp-interview-373822/regions/us-central1/subnetworks/us-central1-trust",
                "subnetwork_project": "tf-gcp-interview-373822"
              }
            ],
            "project": "tf-gcp-interview-373822",
            "reservation_affinity": [],
            "resource_policies": [],
            "scheduling": [
              {
                "automatic_restart": true,
                "min_node_cpus": 0,
                "node_affinities": [],
                "on_host_maintenance": "MIGRATE",
                "preemptible": false
              }
            ],
            "scratch_disk": [],
            "self_link": "https://www.googleapis.com/compute/v1/projects/tf-gcp-interview-373822/zones/us-central1-b/instances/vmseries02",
            "service_account": [
              {
                "email": "999098630472-compute@developer.gserviceaccount.com",
                "scopes": [
                  "https://www.googleapis.com/auth/cloud.useraccounts.readonly",
                  "https://www.googleapis.com/auth/compute.readonly",
                  "https://www.googleapis.com/auth/devstorage.read_only",
                  "https://www.googleapis.com/auth/logging.write",
                  "https://www.googleapis.com/auth/monitoring.write"
                ]
              }
            ],
            "shielded_instance_config": [],
            "tags": [],
            "tags_fingerprint": "42WmSpB8rSM=",
            "timeouts": null,
            "zone": "us-central1-b"
          },
          "sensitive_attributes": [],
          "private": "eyJlMmJmYjczMC1lY2FhLTExZTYtOGY4OC0zNDM2M2JjN2M0YzAiOnsiY3JlYXRlIjoxMjAwMDAwMDAwMDAwLCJkZWxldGUiOjEyMDAwMDAwMDAwMDAsInVwZGF0ZSI6MTIwMDAwMDAwMDAwMH0sInNjaGVtYV92ZXJzaW9uIjoiNiJ9",
          "dependencies": [
            "data.google_client_config.main",
            "data.google_compute_zones.main",
            "module.bootstrap.data.google_compute_default_service_account.this",
            "module.bootstrap.google_storage_bucket.this",
            "module.bootstrap.google_storage_bucket_iam_member.member",
            "module.bootstrap.google_storage_bucket_object.config_empty",
            "module.bootstrap.google_storage_bucket_object.content_empty",
            "module.bootstrap.google_storage_bucket_object.file",
            "module.bootstrap.google_storage_bucket_object.license_empty",
            "module.bootstrap.google_storage_bucket_object.software_empty",
            "module.bootstrap.random_string.randomstring",
            "module.iam_service_account.google_service_account.this",
            "module.vmseries.data.google_compute_image.vmseries",
            "module.vmseries.data.google_compute_subnetwork.this",
            "module.vmseries.google_compute_address.private",
            "module.vmseries.google_compute_address.public",
            "module.vmseries.null_resource.dependency_getter",
            "module.vpc_mgmt.module.subnets.google_compute_subnetwork.subnetwork",
            "module.vpc_mgmt.module.vpc.google_compute_network.network",
            "module.vpc_trust.module.subnets.google_compute_subnetwork.subnetwork",
            "module.vpc_trust.module.vpc.google_compute_network.network",
            "module.vpc_untrust.module.subnets.google_compute_subnetwork.subnetwork",
            "module.vpc_untrust.module.vpc.google_compute_network.network"
          ]
        }
      ]
    },
    {
      "module": "module.vmseries[\"vmseries02\"]",
      "mode": "managed",
      "type": "google_compute_instance_group",
      "name": "this",
      "provider": "provider[\"registry.terraform.io/hashicorp/google\"]",
      "instances": [
        {
          "index_key": 0,
          "schema_version": 2,
          "attributes": {
            "description": "",
            "id": "projects/tf-gcp-interview-373822/zones/us-central1-b/instanceGroups/vmseries02-us-central1-b",
            "instances": [
              "https://www.googleapis.com/compute/v1/projects/tf-gcp-interview-373822/zones/us-central1-b/instances/vmseries02"
            ],
            "name": "vmseries02-us-central1-b",
            "named_port": [],
            "network": "https://www.googleapis.com/compute/v1/projects/tf-gcp-interview-373822/global/networks/untrust-vpc",
            "project": "tf-gcp-interview-373822",
            "self_link": "https://www.googleapis.com/compute/v1/projects/tf-gcp-interview-373822/zones/us-central1-b/instanceGroups/vmseries02-us-central1-b",
            "size": 1,
            "timeouts": null,
            "zone": "us-central1-b"
          },
          "sensitive_attributes": [],
          "private": "eyJlMmJmYjczMC1lY2FhLTExZTYtOGY4OC0zNDM2M2JjN2M0YzAiOnsiY3JlYXRlIjozNjAwMDAwMDAwMDAsImRlbGV0ZSI6MzYwMDAwMDAwMDAwLCJ1cGRhdGUiOjM2MDAwMDAwMDAwMH0sInNjaGVtYV92ZXJzaW9uIjoiMiJ9",
          "dependencies": [
            "data.google_client_config.main",
            "data.google_compute_zones.main",
            "module.bootstrap.data.google_compute_default_service_account.this",
            "module.bootstrap.google_storage_bucket.this",
            "module.bootstrap.google_storage_bucket_iam_member.member",
            "module.bootstrap.google_storage_bucket_object.config_empty",
            "module.bootstrap.google_storage_bucket_object.content_empty",
            "module.bootstrap.google_storage_bucket_object.file",
            "module.bootstrap.google_storage_bucket_object.license_empty",
            "module.bootstrap.google_storage_bucket_object.software_empty",
            "module.bootstrap.random_string.randomstring",
            "module.iam_service_account.google_service_account.this",
            "module.vmseries.data.google_compute_image.vmseries",
            "module.vmseries.data.google_compute_subnetwork.this",
            "module.vmseries.google_compute_address.private",
            "module.vmseries.google_compute_address.public",
            "module.vmseries.google_compute_instance.this",
            "module.vmseries.null_resource.dependency_getter",
            "module.vpc_mgmt.module.subnets.google_compute_subnetwork.subnetwork",
            "module.vpc_mgmt.module.vpc.google_compute_network.network",
            "module.vpc_trust.module.subnets.google_compute_subnetwork.subnetwork",
            "module.vpc_trust.module.vpc.google_compute_network.network",
            "module.vpc_untrust.module.subnets.google_compute_subnetwork.subnetwork",
            "module.vpc_untrust.module.vpc.google_compute_network.network"
          ]
        }
      ]
    },
    {
      "module": "module.vmseries[\"vmseries02\"]",
      "mode": "managed",
      "type": "null_resource",
      "name": "dependency_getter",
      "provider": "provider[\"registry.terraform.io/hashicorp/null\"]",
      "instances": [
        {
          "schema_version": 0,
          "attributes": {
            "id": "4277563024886786132",
            "triggers": null
          },
          "sensitive_attributes": [],
          "dependencies": [
            "data.google_client_config.main",
            "data.google_compute_zones.main",
            "module.bootstrap.data.google_compute_default_service_account.this",
            "module.bootstrap.google_storage_bucket.this",
            "module.bootstrap.google_storage_bucket_iam_member.member",
            "module.bootstrap.google_storage_bucket_object.config_empty",
            "module.bootstrap.google_storage_bucket_object.content_empty",
            "module.bootstrap.google_storage_bucket_object.file",
            "module.bootstrap.google_storage_bucket_object.license_empty",
            "module.bootstrap.google_storage_bucket_object.software_empty",
            "module.bootstrap.random_string.randomstring",
            "module.iam_service_account.google_service_account.this"
          ]
        }
      ]
    },
    {
      "module": "module.vpc_mgmt.module.firewall_rules",
      "mode": "managed",
      "type": "google_compute_firewall",
      "name": "rules",
      "provider": "provider[\"registry.terraform.io/hashicorp/google\"]",
      "instances": [
        {
          "index_key": "vmseries-mgmt",
          "schema_version": 1,
          "attributes": {
            "allow": [
              {
                "ports": [
                  "22",
                  "443",
                  "8200"
                ],
                "protocol": "tcp"
              }
            ],
            "creation_timestamp": "2023-01-06T17:09:16.290-08:00",
            "deny": [],
            "description": "Allow ingress access to VM-Series management interface",
            "destination_ranges": [],
            "direction": "INGRESS",
            "disabled": false,
            "enable_logging": null,
            "id": "projects/tf-gcp-interview-373822/global/firewalls/vmseries-mgmt",
            "log_config": [],
            "name": "vmseries-mgmt",
            "network": "https://www.googleapis.com/compute/v1/projects/tf-gcp-interview-373822/global/networks/mgmt-vpc",
            "priority": 100,
            "project": "tf-gcp-interview-373822",
            "self_link": "https://www.googleapis.com/compute/v1/projects/tf-gcp-interview-373822/global/firewalls/vmseries-mgmt",
            "source_ranges": [
              "0.0.0.0/0"
            ],
            "source_service_accounts": [],
            "source_tags": [],
            "target_service_accounts": [],
            "target_tags": [],
            "timeouts": null
          },
          "sensitive_attributes": [],
          "private": "eyJlMmJmYjczMC1lY2FhLTExZTYtOGY4OC0zNDM2M2JjN2M0YzAiOnsiY3JlYXRlIjoyNDAwMDAwMDAwMDAsImRlbGV0ZSI6MjQwMDAwMDAwMDAwLCJ1cGRhdGUiOjI0MDAwMDAwMDAwMH0sInNjaGVtYV92ZXJzaW9uIjoiMSJ9",
          "dependencies": [
            "module.vpc_mgmt.module.vpc.google_compute_network.network"
          ]
        }
      ]
    },
    {
      "module": "module.vpc_mgmt.module.subnets",
      "mode": "managed",
      "type": "google_compute_subnetwork",
      "name": "subnetwork",
      "provider": "provider[\"registry.terraform.io/hashicorp/google\"]",
      "instances": [
        {
          "index_key": "us-central1/us-central1-mgmt",
          "schema_version": 0,
          "attributes": {
            "creation_timestamp": "2023-01-06T17:09:16.130-08:00",
            "description": "",
            "external_ipv6_prefix": "",
            "fingerprint": null,
            "gateway_address": "192.168.0.1",
            "id": "projects/tf-gcp-interview-373822/regions/us-central1/subnetworks/us-central1-mgmt",
            "ip_cidr_range": "192.168.0.0/25",
            "ipv6_access_type": "",
            "ipv6_cidr_range": "",
            "log_config": [],
            "name": "us-central1-mgmt",
            "network": "https://www.googleapis.com/compute/v1/projects/tf-gcp-interview-373822/global/networks/mgmt-vpc",
            "private_ip_google_access": false,
            "private_ipv6_google_access": "DISABLE_GOOGLE_ACCESS",
            "project": "tf-gcp-interview-373822",
            "purpose": "PRIVATE",
            "region": "us-central1",
            "role": "",
            "secondary_ip_range": [],
            "self_link": "https://www.googleapis.com/compute/v1/projects/tf-gcp-interview-373822/regions/us-central1/subnetworks/us-central1-mgmt",
            "stack_type": "IPV4_ONLY",
            "timeouts": null
          },
          "sensitive_attributes": [],
          "private": "eyJlMmJmYjczMC1lY2FhLTExZTYtOGY4OC0zNDM2M2JjN2M0YzAiOnsiY3JlYXRlIjozNjAwMDAwMDAwMDAsImRlbGV0ZSI6MzYwMDAwMDAwMDAwLCJ1cGRhdGUiOjM2MDAwMDAwMDAwMH19",
          "dependencies": [
            "module.vpc_mgmt.module.vpc.google_compute_network.network"
          ]
        }
      ]
    },
    {
      "module": "module.vpc_mgmt.module.vpc",
      "mode": "managed",
      "type": "google_compute_network",
      "name": "network",
      "provider": "provider[\"registry.terraform.io/hashicorp/google\"]",
      "instances": [
        {
          "schema_version": 0,
          "attributes": {
            "auto_create_subnetworks": false,
            "delete_default_routes_on_create": false,
            "description": "",
            "gateway_ipv4": "",
            "id": "projects/tf-gcp-interview-373822/global/networks/mgmt-vpc",
            "mtu": 0,
            "name": "mgmt-vpc",
            "project": "tf-gcp-interview-373822",
            "routing_mode": "GLOBAL",
            "self_link": "https://www.googleapis.com/compute/v1/projects/tf-gcp-interview-373822/global/networks/mgmt-vpc",
            "timeouts": null
          },
          "sensitive_attributes": [],
          "private": "eyJlMmJmYjczMC1lY2FhLTExZTYtOGY4OC0zNDM2M2JjN2M0YzAiOnsiY3JlYXRlIjoyNDAwMDAwMDAwMDAsImRlbGV0ZSI6MjQwMDAwMDAwMDAwLCJ1cGRhdGUiOjI0MDAwMDAwMDAwMH19"
        }
      ]
    },
    {
      "module": "module.vpc_spoke1.module.firewall_rules",
      "mode": "managed",
      "type": "google_compute_firewall",
      "name": "rules",
      "provider": "provider[\"registry.terraform.io/hashicorp/google\"]",
      "instances": [
        {
          "index_key": "allow-all-spoke1",
          "schema_version": 1,
          "attributes": {
            "allow": [
              {
                "ports": [],
                "protocol": "all"
              }
            ],
            "creation_timestamp": "2023-01-06T17:09:29.575-08:00",
            "deny": [],
            "description": "",
            "destination_ranges": [],
            "direction": "INGRESS",
            "disabled": false,
            "enable_logging": null,
            "id": "projects/tf-gcp-interview-373822/global/firewalls/allow-all-spoke1",
            "log_config": [],
            "name": "allow-all-spoke1",
            "network": "https://www.googleapis.com/compute/v1/projects/tf-gcp-interview-373822/global/networks/spoke1-vpc",
            "priority": 100,
            "project": "tf-gcp-interview-373822",
            "self_link": "https://www.googleapis.com/compute/v1/projects/tf-gcp-interview-373822/global/firewalls/allow-all-spoke1",
            "source_ranges": [
              "0.0.0.0/0"
            ],
            "source_service_accounts": [],
            "source_tags": [],
            "target_service_accounts": [],
            "target_tags": [],
            "timeouts": null
          },
          "sensitive_attributes": [],
          "private": "eyJlMmJmYjczMC1lY2FhLTExZTYtOGY4OC0zNDM2M2JjN2M0YzAiOnsiY3JlYXRlIjoyNDAwMDAwMDAwMDAsImRlbGV0ZSI6MjQwMDAwMDAwMDAwLCJ1cGRhdGUiOjI0MDAwMDAwMDAwMH0sInNjaGVtYV92ZXJzaW9uIjoiMSJ9",
          "dependencies": [
            "module.vpc_spoke1.module.vpc.google_compute_network.network"
          ]
        }
      ]
    },
    {
      "module": "module.vpc_spoke1.module.routes",
      "mode": "managed",
      "type": "google_compute_route",
      "name": "route",
      "provider": "provider[\"registry.terraform.io/hashicorp/google\"]",
      "instances": [
        {
          "index_key": "spoke1-to-ilbnh",
          "schema_version": 0,
          "attributes": {
            "description": "Default route to VM-Series NGFW",
            "dest_range": "0.0.0.0/0",
            "id": "projects/tf-gcp-interview-373822/global/routes/spoke1-to-ilbnh",
            "name": "spoke1-to-ilbnh",
            "network": "https://www.googleapis.com/compute/v1/projects/tf-gcp-interview-373822/global/networks/spoke1-vpc",
            "next_hop_gateway": "",
            "next_hop_ilb": "192.168.2.10",
            "next_hop_instance": "",
            "next_hop_instance_zone": null,
            "next_hop_ip": "",
            "next_hop_network": "",
            "next_hop_vpn_tunnel": "",
            "priority": 1000,
            "project": "tf-gcp-interview-373822",
            "self_link": "https://www.googleapis.com/compute/v1/projects/tf-gcp-interview-373822/global/routes/spoke1-to-ilbnh",
            "tags": [],
            "timeouts": null
          },
          "sensitive_attributes": [],
          "private": "eyJlMmJmYjczMC1lY2FhLTExZTYtOGY4OC0zNDM2M2JjN2M0YzAiOnsiY3JlYXRlIjoyNDAwMDAwMDAwMDAsImRlbGV0ZSI6MjQwMDAwMDAwMDAwfX0=",
          "dependencies": [
            "module.vpc_spoke1.module.subnets.google_compute_subnetwork.subnetwork",
            "module.vpc_spoke1.module.vpc.google_compute_network.network"
          ]
        }
      ]
    },
    {
      "module": "module.vpc_spoke1.module.subnets",
      "mode": "managed",
      "type": "google_compute_subnetwork",
      "name": "subnetwork",
      "provider": "provider[\"registry.terraform.io/hashicorp/google\"]",
      "instances": [
        {
          "index_key": "us-central1/us-central1-spoke1",
          "schema_version": 0,
          "attributes": {
            "creation_timestamp": "2023-01-06T17:09:29.706-08:00",
            "description": "",
            "external_ipv6_prefix": "",
            "fingerprint": null,
            "gateway_address": "10.1.0.1",
            "id": "projects/tf-gcp-interview-373822/regions/us-central1/subnetworks/us-central1-spoke1",
            "ip_cidr_range": "10.1.0.0/25",
            "ipv6_access_type": "",
            "ipv6_cidr_range": "",
            "log_config": [],
            "name": "us-central1-spoke1",
            "network": "https://www.googleapis.com/compute/v1/projects/tf-gcp-interview-373822/global/networks/spoke1-vpc",
            "private_ip_google_access": false,
            "private_ipv6_google_access": "DISABLE_GOOGLE_ACCESS",
            "project": "tf-gcp-interview-373822",
            "purpose": "PRIVATE",
            "region": "us-central1",
            "role": "",
            "secondary_ip_range": [],
            "self_link": "https://www.googleapis.com/compute/v1/projects/tf-gcp-interview-373822/regions/us-central1/subnetworks/us-central1-spoke1",
            "stack_type": "IPV4_ONLY",
            "timeouts": null
          },
          "sensitive_attributes": [],
          "private": "eyJlMmJmYjczMC1lY2FhLTExZTYtOGY4OC0zNDM2M2JjN2M0YzAiOnsiY3JlYXRlIjozNjAwMDAwMDAwMDAsImRlbGV0ZSI6MzYwMDAwMDAwMDAwLCJ1cGRhdGUiOjM2MDAwMDAwMDAwMH19",
          "dependencies": [
            "module.vpc_spoke1.module.vpc.google_compute_network.network"
          ]
        }
      ]
    },
    {
      "module": "module.vpc_spoke1.module.vpc",
      "mode": "managed",
      "type": "google_compute_network",
      "name": "network",
      "provider": "provider[\"registry.terraform.io/hashicorp/google\"]",
      "instances": [
        {
          "schema_version": 0,
          "attributes": {
            "auto_create_subnetworks": false,
            "delete_default_routes_on_create": true,
            "description": "",
            "gateway_ipv4": "",
            "id": "projects/tf-gcp-interview-373822/global/networks/spoke1-vpc",
            "mtu": 0,
            "name": "spoke1-vpc",
            "project": "tf-gcp-interview-373822",
            "routing_mode": "GLOBAL",
            "self_link": "https://www.googleapis.com/compute/v1/projects/tf-gcp-interview-373822/global/networks/spoke1-vpc",
            "timeouts": null
          },
          "sensitive_attributes": [],
          "private": "eyJlMmJmYjczMC1lY2FhLTExZTYtOGY4OC0zNDM2M2JjN2M0YzAiOnsiY3JlYXRlIjoyNDAwMDAwMDAwMDAsImRlbGV0ZSI6MjQwMDAwMDAwMDAwLCJ1cGRhdGUiOjI0MDAwMDAwMDAwMH19"
        }
      ]
    },
    {
      "module": "module.vpc_spoke2.module.firewall_rules",
      "mode": "managed",
      "type": "google_compute_firewall",
      "name": "rules",
      "provider": "provider[\"registry.terraform.io/hashicorp/google\"]",
      "instances": [
        {
          "index_key": "allow-all-spoke2",
          "schema_version": 1,
          "attributes": {
            "allow": [
              {
                "ports": [],
                "protocol": "all"
              }
            ],
            "creation_timestamp": "2023-01-06T17:09:29.827-08:00",
            "deny": [],
            "description": "",
            "destination_ranges": [],
            "direction": "INGRESS",
            "disabled": false,
            "enable_logging": null,
            "id": "projects/tf-gcp-interview-373822/global/firewalls/allow-all-spoke2",
            "log_config": [],
            "name": "allow-all-spoke2",
            "network": "https://www.googleapis.com/compute/v1/projects/tf-gcp-interview-373822/global/networks/spoke2-vpc",
            "priority": 100,
            "project": "tf-gcp-interview-373822",
            "self_link": "https://www.googleapis.com/compute/v1/projects/tf-gcp-interview-373822/global/firewalls/allow-all-spoke2",
            "source_ranges": [
              "0.0.0.0/0"
            ],
            "source_service_accounts": [],
            "source_tags": [],
            "target_service_accounts": [],
            "target_tags": [],
            "timeouts": null
          },
          "sensitive_attributes": [],
          "private": "eyJlMmJmYjczMC1lY2FhLTExZTYtOGY4OC0zNDM2M2JjN2M0YzAiOnsiY3JlYXRlIjoyNDAwMDAwMDAwMDAsImRlbGV0ZSI6MjQwMDAwMDAwMDAwLCJ1cGRhdGUiOjI0MDAwMDAwMDAwMH0sInNjaGVtYV92ZXJzaW9uIjoiMSJ9",
          "dependencies": [
            "module.vpc_spoke2.module.vpc.google_compute_network.network"
          ]
        }
      ]
    },
    {
      "module": "module.vpc_spoke2.module.routes",
      "mode": "managed",
      "type": "google_compute_route",
      "name": "route",
      "provider": "provider[\"registry.terraform.io/hashicorp/google\"]",
      "instances": [
        {
          "index_key": "spoke2-to-ilbnh",
          "schema_version": 0,
          "attributes": {
            "description": "Default route to VM-Series NGFW",
            "dest_range": "0.0.0.0/0",
            "id": "projects/tf-gcp-interview-373822/global/routes/spoke2-to-ilbnh",
            "name": "spoke2-to-ilbnh",
            "network": "https://www.googleapis.com/compute/v1/projects/tf-gcp-interview-373822/global/networks/spoke2-vpc",
            "next_hop_gateway": "",
            "next_hop_ilb": "192.168.2.10",
            "next_hop_instance": "",
            "next_hop_instance_zone": null,
            "next_hop_ip": "",
            "next_hop_network": "",
            "next_hop_vpn_tunnel": "",
            "priority": 1000,
            "project": "tf-gcp-interview-373822",
            "self_link": "https://www.googleapis.com/compute/v1/projects/tf-gcp-interview-373822/global/routes/spoke2-to-ilbnh",
            "tags": [],
            "timeouts": null
          },
          "sensitive_attributes": [],
          "private": "eyJlMmJmYjczMC1lY2FhLTExZTYtOGY4OC0zNDM2M2JjN2M0YzAiOnsiY3JlYXRlIjoyNDAwMDAwMDAwMDAsImRlbGV0ZSI6MjQwMDAwMDAwMDAwfX0=",
          "dependencies": [
            "module.vpc_spoke2.module.subnets.google_compute_subnetwork.subnetwork",
            "module.vpc_spoke2.module.vpc.google_compute_network.network"
          ]
        }
      ]
    },
    {
      "module": "module.vpc_spoke2.module.subnets",
      "mode": "managed",
      "type": "google_compute_subnetwork",
      "name": "subnetwork",
      "provider": "provider[\"registry.terraform.io/hashicorp/google\"]",
      "instances": [
        {
          "index_key": "us-central1/us-central1-spoke2",
          "schema_version": 0,
          "attributes": {
            "creation_timestamp": "2023-01-06T17:09:29.928-08:00",
            "description": "",
            "external_ipv6_prefix": "",
            "fingerprint": null,
            "gateway_address": "10.2.0.1",
            "id": "projects/tf-gcp-interview-373822/regions/us-central1/subnetworks/us-central1-spoke2",
            "ip_cidr_range": "10.2.0.0/25",
            "ipv6_access_type": "",
            "ipv6_cidr_range": "",
            "log_config": [],
            "name": "us-central1-spoke2",
            "network": "https://www.googleapis.com/compute/v1/projects/tf-gcp-interview-373822/global/networks/spoke2-vpc",
            "private_ip_google_access": false,
            "private_ipv6_google_access": "DISABLE_GOOGLE_ACCESS",
            "project": "tf-gcp-interview-373822",
            "purpose": "PRIVATE",
            "region": "us-central1",
            "role": "",
            "secondary_ip_range": [],
            "self_link": "https://www.googleapis.com/compute/v1/projects/tf-gcp-interview-373822/regions/us-central1/subnetworks/us-central1-spoke2",
            "stack_type": "IPV4_ONLY",
            "timeouts": null
          },
          "sensitive_attributes": [],
          "private": "eyJlMmJmYjczMC1lY2FhLTExZTYtOGY4OC0zNDM2M2JjN2M0YzAiOnsiY3JlYXRlIjozNjAwMDAwMDAwMDAsImRlbGV0ZSI6MzYwMDAwMDAwMDAwLCJ1cGRhdGUiOjM2MDAwMDAwMDAwMH19",
          "dependencies": [
            "module.vpc_spoke2.module.vpc.google_compute_network.network"
          ]
        }
      ]
    },
    {
      "module": "module.vpc_spoke2.module.vpc",
      "mode": "managed",
      "type": "google_compute_network",
      "name": "network",
      "provider": "provider[\"registry.terraform.io/hashicorp/google\"]",
      "instances": [
        {
          "schema_version": 0,
          "attributes": {
            "auto_create_subnetworks": false,
            "delete_default_routes_on_create": true,
            "description": "",
            "gateway_ipv4": "",
            "id": "projects/tf-gcp-interview-373822/global/networks/spoke2-vpc",
            "mtu": 0,
            "name": "spoke2-vpc",
            "project": "tf-gcp-interview-373822",
            "routing_mode": "GLOBAL",
            "self_link": "https://www.googleapis.com/compute/v1/projects/tf-gcp-interview-373822/global/networks/spoke2-vpc",
            "timeouts": null
          },
          "sensitive_attributes": [],
          "private": "eyJlMmJmYjczMC1lY2FhLTExZTYtOGY4OC0zNDM2M2JjN2M0YzAiOnsiY3JlYXRlIjoyNDAwMDAwMDAwMDAsImRlbGV0ZSI6MjQwMDAwMDAwMDAwLCJ1cGRhdGUiOjI0MDAwMDAwMDAwMH19"
        }
      ]
    },
    {
      "module": "module.vpc_trust.module.firewall_rules",
      "mode": "managed",
      "type": "google_compute_firewall",
      "name": "rules",
      "provider": "provider[\"registry.terraform.io/hashicorp/google\"]",
      "instances": [
        {
          "index_key": "allow-all-trust",
          "schema_version": 1,
          "attributes": {
            "allow": [
              {
                "ports": [],
                "protocol": "all"
              }
            ],
            "creation_timestamp": "2023-01-06T17:09:30.409-08:00",
            "deny": [],
            "description": "",
            "destination_ranges": [],
            "direction": "INGRESS",
            "disabled": false,
            "enable_logging": null,
            "id": "projects/tf-gcp-interview-373822/global/firewalls/allow-all-trust",
            "log_config": [],
            "name": "allow-all-trust",
            "network": "https://www.googleapis.com/compute/v1/projects/tf-gcp-interview-373822/global/networks/trust-vpc",
            "priority": 100,
            "project": "tf-gcp-interview-373822",
            "self_link": "https://www.googleapis.com/compute/v1/projects/tf-gcp-interview-373822/global/firewalls/allow-all-trust",
            "source_ranges": [
              "0.0.0.0/0"
            ],
            "source_service_accounts": [],
            "source_tags": [],
            "target_service_accounts": [],
            "target_tags": [],
            "timeouts": null
          },
          "sensitive_attributes": [],
          "private": "eyJlMmJmYjczMC1lY2FhLTExZTYtOGY4OC0zNDM2M2JjN2M0YzAiOnsiY3JlYXRlIjoyNDAwMDAwMDAwMDAsImRlbGV0ZSI6MjQwMDAwMDAwMDAwLCJ1cGRhdGUiOjI0MDAwMDAwMDAwMH0sInNjaGVtYV92ZXJzaW9uIjoiMSJ9",
          "dependencies": [
            "module.vpc_trust.module.vpc.google_compute_network.network"
          ]
        }
      ]
    },
    {
      "module": "module.vpc_trust.module.subnets",
      "mode": "managed",
      "type": "google_compute_subnetwork",
      "name": "subnetwork",
      "provider": "provider[\"registry.terraform.io/hashicorp/google\"]",
      "instances": [
        {
          "index_key": "us-central1/us-central1-trust",
          "schema_version": 0,
          "attributes": {
            "creation_timestamp": "2023-01-06T17:09:30.625-08:00",
            "description": "",
            "external_ipv6_prefix": "",
            "fingerprint": null,
            "gateway_address": "192.168.2.1",
            "id": "projects/tf-gcp-interview-373822/regions/us-central1/subnetworks/us-central1-trust",
            "ip_cidr_range": "192.168.2.0/28",
            "ipv6_access_type": "",
            "ipv6_cidr_range": "",
            "log_config": [],
            "name": "us-central1-trust",
            "network": "https://www.googleapis.com/compute/v1/projects/tf-gcp-interview-373822/global/networks/trust-vpc",
            "private_ip_google_access": false,
            "private_ipv6_google_access": "DISABLE_GOOGLE_ACCESS",
            "project": "tf-gcp-interview-373822",
            "purpose": "PRIVATE",
            "region": "us-central1",
            "role": "",
            "secondary_ip_range": [],
            "self_link": "https://www.googleapis.com/compute/v1/projects/tf-gcp-interview-373822/regions/us-central1/subnetworks/us-central1-trust",
            "stack_type": "IPV4_ONLY",
            "timeouts": null
          },
          "sensitive_attributes": [],
          "private": "eyJlMmJmYjczMC1lY2FhLTExZTYtOGY4OC0zNDM2M2JjN2M0YzAiOnsiY3JlYXRlIjozNjAwMDAwMDAwMDAsImRlbGV0ZSI6MzYwMDAwMDAwMDAwLCJ1cGRhdGUiOjM2MDAwMDAwMDAwMH19",
          "dependencies": [
            "module.vpc_trust.module.vpc.google_compute_network.network"
          ]
        }
      ]
    },
    {
      "module": "module.vpc_trust.module.vpc",
      "mode": "managed",
      "type": "google_compute_network",
      "name": "network",
      "provider": "provider[\"registry.terraform.io/hashicorp/google\"]",
      "instances": [
        {
          "schema_version": 0,
          "attributes": {
            "auto_create_subnetworks": false,
            "delete_default_routes_on_create": true,
            "description": "",
            "gateway_ipv4": "",
            "id": "projects/tf-gcp-interview-373822/global/networks/trust-vpc",
            "mtu": 0,
            "name": "trust-vpc",
            "project": "tf-gcp-interview-373822",
            "routing_mode": "GLOBAL",
            "self_link": "https://www.googleapis.com/compute/v1/projects/tf-gcp-interview-373822/global/networks/trust-vpc",
            "timeouts": null
          },
          "sensitive_attributes": [],
          "private": "eyJlMmJmYjczMC1lY2FhLTExZTYtOGY4OC0zNDM2M2JjN2M0YzAiOnsiY3JlYXRlIjoyNDAwMDAwMDAwMDAsImRlbGV0ZSI6MjQwMDAwMDAwMDAwLCJ1cGRhdGUiOjI0MDAwMDAwMDAwMH19"
        }
      ]
    },
    {
      "module": "module.vpc_untrust.module.firewall_rules",
      "mode": "managed",
      "type": "google_compute_firewall",
      "name": "rules",
      "provider": "provider[\"registry.terraform.io/hashicorp/google\"]",
      "instances": [
        {
          "index_key": "allow-all-untrust",
          "schema_version": 1,
          "attributes": {
            "allow": [
              {
                "ports": [],
                "protocol": "all"
              }
            ],
            "creation_timestamp": "2023-01-06T17:09:18.879-08:00",
            "deny": [],
            "description": "",
            "destination_ranges": [],
            "direction": "INGRESS",
            "disabled": false,
            "enable_logging": null,
            "id": "projects/tf-gcp-interview-373822/global/firewalls/allow-all-untrust",
            "log_config": [],
            "name": "allow-all-untrust",
            "network": "https://www.googleapis.com/compute/v1/projects/tf-gcp-interview-373822/global/networks/untrust-vpc",
            "priority": 100,
            "project": "tf-gcp-interview-373822",
            "self_link": "https://www.googleapis.com/compute/v1/projects/tf-gcp-interview-373822/global/firewalls/allow-all-untrust",
            "source_ranges": [
              "0.0.0.0/0"
            ],
            "source_service_accounts": [],
            "source_tags": [],
            "target_service_accounts": [],
            "target_tags": [],
            "timeouts": null
          },
          "sensitive_attributes": [],
          "private": "eyJlMmJmYjczMC1lY2FhLTExZTYtOGY4OC0zNDM2M2JjN2M0YzAiOnsiY3JlYXRlIjoyNDAwMDAwMDAwMDAsImRlbGV0ZSI6MjQwMDAwMDAwMDAwLCJ1cGRhdGUiOjI0MDAwMDAwMDAwMH0sInNjaGVtYV92ZXJzaW9uIjoiMSJ9",
          "dependencies": [
            "module.vpc_untrust.module.vpc.google_compute_network.network"
          ]
        }
      ]
    },
    {
      "module": "module.vpc_untrust.module.subnets",
      "mode": "managed",
      "type": "google_compute_subnetwork",
      "name": "subnetwork",
      "provider": "provider[\"registry.terraform.io/hashicorp/google\"]",
      "instances": [
        {
          "index_key": "us-central1/us-central1-untrust",
          "schema_version": 0,
          "attributes": {
            "creation_timestamp": "2023-01-06T17:09:18.826-08:00",
            "description": "",
            "external_ipv6_prefix": "",
            "fingerprint": null,
            "gateway_address": "192.168.1.1",
            "id": "projects/tf-gcp-interview-373822/regions/us-central1/subnetworks/us-central1-untrust",
            "ip_cidr_range": "192.168.1.0/28",
            "ipv6_access_type": "",
            "ipv6_cidr_range": "",
            "log_config": [],
            "name": "us-central1-untrust",
            "network": "https://www.googleapis.com/compute/v1/projects/tf-gcp-interview-373822/global/networks/untrust-vpc",
            "private_ip_google_access": false,
            "private_ipv6_google_access": "DISABLE_GOOGLE_ACCESS",
            "project": "tf-gcp-interview-373822",
            "purpose": "PRIVATE",
            "region": "us-central1",
            "role": "",
            "secondary_ip_range": [],
            "self_link": "https://www.googleapis.com/compute/v1/projects/tf-gcp-interview-373822/regions/us-central1/subnetworks/us-central1-untrust",
            "stack_type": "IPV4_ONLY",
            "timeouts": null
          },
          "sensitive_attributes": [],
          "private": "eyJlMmJmYjczMC1lY2FhLTExZTYtOGY4OC0zNDM2M2JjN2M0YzAiOnsiY3JlYXRlIjozNjAwMDAwMDAwMDAsImRlbGV0ZSI6MzYwMDAwMDAwMDAwLCJ1cGRhdGUiOjM2MDAwMDAwMDAwMH19",
          "dependencies": [
            "module.vpc_untrust.module.vpc.google_compute_network.network"
          ]
        }
      ]
    },
    {
      "module": "module.vpc_untrust.module.vpc",
      "mode": "managed",
      "type": "google_compute_network",
      "name": "network",
      "provider": "provider[\"registry.terraform.io/hashicorp/google\"]",
      "instances": [
        {
          "schema_version": 0,
          "attributes": {
            "auto_create_subnetworks": false,
            "delete_default_routes_on_create": false,
            "description": "",
            "gateway_ipv4": "",
            "id": "projects/tf-gcp-interview-373822/global/networks/untrust-vpc",
            "mtu": 0,
            "name": "untrust-vpc",
            "project": "tf-gcp-interview-373822",
            "routing_mode": "GLOBAL",
            "self_link": "https://www.googleapis.com/compute/v1/projects/tf-gcp-interview-373822/global/networks/untrust-vpc",
            "timeouts": null
          },
          "sensitive_attributes": [],
          "private": "eyJlMmJmYjczMC1lY2FhLTExZTYtOGY4OC0zNDM2M2JjN2M0YzAiOnsiY3JlYXRlIjoyNDAwMDAwMDAwMDAsImRlbGV0ZSI6MjQwMDAwMDAwMDAwLCJ1cGRhdGUiOjI0MDAwMDAwMDAwMH19"
        }
      ]
    }
  ],
  "check_results": null
}
